{
  "version": 4,
  "terraform_version": "1.2.6",
  "serial": 171,
  "lineage": "a6a2d4e7-94f4-6f79-9c5b-184ecd2acf7f",
  "outputs": {},
  "resources": [
    {
      "mode": "data",
      "type": "nutanix_clusters",
      "name": "clusters",
      "provider": "provider[\"registry.terraform.io/nutanix/nutanix\"]",
      "instances": [
        {
          "schema_version": 0,
          "attributes": {
            "api_version": "3.1",
            "entities": [
              {
                "analysis_vm_efficiency_map": {
                  "bully_vm_num": "0",
                  "constrained_vm_num": "0",
                  "dead_vm_num": "0",
                  "inefficient_vm_num": "0",
                  "overprovisioned_vm_num": "0"
                },
                "api_version": "",
                "authorized_public_key_list": [],
                "build": {
                  "build_type": "release",
                  "commit_date": "",
                  "commit_id": "1b36e17dfc9b2542fb42bf59d8796e24249c5195",
                  "full_version": "el7.3-release-euphrates-5.20.3-stable-1b36e17dfc9b2542fb42bf59d8796e24249c5195",
                  "short_commit_id": "1b36e1",
                  "version": "5.20.3"
                },
                "ca_certificate_list": [],
                "categories": [],
                "certification_signing_info": {},
                "client_auth": {},
                "cluster_arch": "X86_64",
                "domain_server_credentials": {},
                "domain_server_name": "",
                "domain_server_nameserver": "",
                "enabled_feature_list": [
                  "PASSWORD_REMOTE_LOGIN_ENABLED",
                  "SHADOW_CLONES_ENABLED"
                ],
                "encryption_status": "NOT_SUPPORTED",
                "external_data_services_ip": "10.38.8.200",
                "external_ip": "10.38.8.199",
                "external_subnet": "10.38.8.192/255.255.255.192",
                "gpu_driver_version": "",
                "http_proxy_list": [],
                "http_proxy_whitelist": [],
                "internal_subnet": "192.168.5.0/255.255.255.128",
                "is_available": true,
                "management_server_list": [],
                "masquerading_ip": "",
                "masquerading_port": 0,
                "metadata": {
                  "creation_time": "2022-09-20 11:29:21 +0000 UTC",
                  "last_update_time": "2022-09-20 11:29:21 +0000 UTC",
                  "name": "",
                  "spec_hash": "00000000000000000000000000000000000000000000000000",
                  "spec_version": "0",
                  "uuid": "0005e919-6ce0-fb83-57df-ac1f6b6cf232"
                },
                "name": "PHX-SPOC008-4",
                "name_server_ip_list": [
                  "10.42.194.10"
                ],
                "nfs_subnet_whitelist": [],
                "nodes": [
                  {
                    "ip": "10.38.8.197",
                    "type": "AHV",
                    "version": "el7.nutanix.20201105.2244"
                  },
                  {
                    "ip": "127.0.0.1",
                    "type": "AHV",
                    "version": ""
                  }
                ],
                "ntp_server_ip_list": [
                  "10.42.194.10"
                ],
                "operation_mode": "NORMAL",
                "owner_reference": {},
                "project_reference": {},
                "service_list": [
                  "AOS"
                ],
                "smtp_server_address": {
                  "fqdn": "smtp.sendgrid.net",
                  "ip": "",
                  "ipv6": "",
                  "port": "587"
                },
                "smtp_server_credentials": {
                  "password": "",
                  "username": "apikey"
                },
                "smtp_server_email_address": "noreply@nutanix.com",
                "smtp_server_proxy_type_list": [],
                "smtp_server_type": "STARTTLS",
                "software_map_ncc": {
                  "software_type": "NCC",
                  "status": "INSTALLED",
                  "version": "ncc-4.3.0.1"
                },
                "software_map_nos": {
                  "software_type": "NOS",
                  "status": "INSTALLED",
                  "version": "5.20.3"
                },
                "ssl_key_expire_datetime": "",
                "ssl_key_name": "",
                "ssl_key_signing_info": {},
                "ssl_key_type": "",
                "state": "COMPLETE",
                "supported_information_verbosity": "BASIC_PLUS_CORE_DUMP",
                "timezone": "UTC"
              },
              {
                "analysis_vm_efficiency_map": {},
                "api_version": "",
                "authorized_public_key_list": [],
                "build": {
                  "build_type": "release",
                  "commit_date": "2022-05-06T12:14:07Z",
                  "commit_id": "e7131217629fdf9648d499c716861c2d07640de9",
                  "full_version": "el7.3-release-fraser-6.1-stable-pc-2-e7131217629fdf9648d499c716861c2d07640de9",
                  "short_commit_id": "e71312",
                  "version": "pc"
                },
                "ca_certificate_list": [],
                "categories": [],
                "certification_signing_info": {},
                "client_auth": {},
                "cluster_arch": "X86_64",
                "domain_server_credentials": {},
                "domain_server_name": "",
                "domain_server_nameserver": "",
                "enabled_feature_list": [
                  "PASSWORD_REMOTE_LOGIN_ENABLED",
                  "SHADOW_CLONES_ENABLED"
                ],
                "encryption_status": "NOT_SUPPORTED",
                "external_data_services_ip": "",
                "external_ip": "",
                "external_subnet": "10.38.8.192/255.255.255.192",
                "gpu_driver_version": "",
                "http_proxy_list": [],
                "http_proxy_whitelist": [],
                "internal_subnet": "10.38.8.192/255.255.255.192",
                "is_available": true,
                "management_server_list": [],
                "masquerading_ip": "",
                "masquerading_port": 0,
                "metadata": {
                  "creation_time": "2022-09-20 11:27:45 +0000 UTC",
                  "last_update_time": "2022-09-20 11:27:45 +0000 UTC",
                  "name": "",
                  "spec_hash": "00000000000000000000000000000000000000000000000000",
                  "spec_version": "1",
                  "uuid": "319f420b-f184-4d53-a650-2b27bf57cc0c"
                },
                "name": "Unnamed",
                "name_server_ip_list": [
                  "10.42.194.10"
                ],
                "nfs_subnet_whitelist": [],
                "nodes": [],
                "ntp_server_ip_list": [
                  "10.42.194.10"
                ],
                "operation_mode": "NORMAL",
                "owner_reference": {},
                "project_reference": {},
                "service_list": [
                  "PRISM_CENTRAL"
                ],
                "smtp_server_address": {},
                "smtp_server_credentials": {},
                "smtp_server_email_address": "",
                "smtp_server_proxy_type_list": [],
                "smtp_server_type": "",
                "software_map_ncc": {
                  "software_type": "NCC",
                  "status": "INSTALLED",
                  "version": "ncc-4.6.0"
                },
                "software_map_nos": {
                  "software_type": "NOS",
                  "status": "INSTALLED",
                  "version": "6.1"
                },
                "ssl_key_expire_datetime": "",
                "ssl_key_name": "",
                "ssl_key_signing_info": {},
                "ssl_key_type": "",
                "state": "COMPLETE",
                "supported_information_verbosity": "",
                "timezone": "America/Los_Angeles"
              }
            ],
            "id": "terraform-20220920212255822200000001"
          },
          "sensitive_attributes": []
        }
      ]
    },
    {
      "mode": "data",
      "type": "nutanix_subnet",
      "name": "Primary",
      "provider": "provider[\"registry.terraform.io/nutanix/nutanix\"]",
      "instances": [
        {
          "schema_version": 0,
          "attributes": {
            "additional_filter": null,
            "api_version": "",
            "availability_zone_reference": {},
            "categories": [],
            "cluster_name": "PHX-SPOC008-4",
            "cluster_uuid": "0005e919-6ce0-fb83-57df-ac1f6b6cf232",
            "default_gateway_ip": "",
            "description": "Rx-Automation Generated Network",
            "dhcp_domain_name_server_list": [],
            "dhcp_domain_search_list": [],
            "dhcp_options": {},
            "dhcp_server_address": {},
            "dhcp_server_address_port": 0,
            "enable_nat": false,
            "id": "dec93391-161f-4dfc-b514-8b2190f9c496",
            "ip_config_pool_list_ranges": [],
            "is_external": false,
            "message_list": null,
            "metadata": {
              "creation_time": "2022-09-20 19:50:22 +0000 UTC",
              "last_update_time": "2022-09-20 19:50:22 +0000 UTC",
              "name": "",
              "spec_hash": "00000000000000000000000000000000000000000000000000",
              "spec_version": "0",
              "uuid": "dec93391-161f-4dfc-b514-8b2190f9c496"
            },
            "name": "Primary",
            "network_function_chain_reference": {},
            "owner_reference": {},
            "prefix_length": 0,
            "project_reference": {},
            "state": "COMPLETE",
            "subnet_id": null,
            "subnet_ip": "",
            "subnet_name": "Primary",
            "subnet_type": "VLAN",
            "vlan_id": 0,
            "vpc_reference": {},
            "vswitch_name": "br0"
          },
          "sensitive_attributes": []
        }
      ]
    },
    {
      "mode": "managed",
      "type": "nutanix_image",
      "name": "TH_TF_CentOS7",
      "provider": "provider[\"registry.terraform.io/nutanix/nutanix\"]",
      "instances": [
        {
          "schema_version": 1,
          "attributes": {
            "api_version": "3.1",
            "architecture": null,
            "availability_zone_reference": {},
            "categories": [],
            "checksum": {},
            "cluster_name": null,
            "cluster_references": [],
            "cluster_uuid": null,
            "current_cluster_reference_list": [
              {
                "kind": "cluster",
                "name": "",
                "uuid": "0005e919-6ce0-fb83-57df-ac1f6b6cf232"
              }
            ],
            "description": "TH_TF_CentOS7 qcow image",
            "id": "0f6a16e3-194a-4b75-8918-fc75a678fc0d",
            "image_type": "DISK_IMAGE",
            "metadata": {
              "creation_time": "2022-09-20 21:22:47 +0000 UTC",
              "last_update_time": "2022-09-20 21:23:51 +0000 UTC",
              "name": "",
              "spec_hash": "00000000000000000000000000000000000000000000000000",
              "spec_version": "1",
              "uuid": "0f6a16e3-194a-4b75-8918-fc75a678fc0d"
            },
            "name": "TH_TF_CentOS7",
            "owner_reference": {
              "kind": "user",
              "name": "admin",
              "uuid": "00000000-0000-0000-0000-000000000000"
            },
            "project_reference": null,
            "retrieval_uri_list": [
              "https://127.0.0.1:9440/api/nutanix/v3/images/0f6a16e3-194a-4b75-8918-fc75a678fc0d/file"
            ],
            "size_bytes": -2147483648,
            "source_path": null,
            "source_uri": "http://10.42.194.11/workshop_staging/CentOS7.qcow2",
            "state": "COMPLETE",
            "timeouts": null,
            "version": {}
          },
          "sensitive_attributes": [],
          "private": "eyJlMmJmYjczMC1lY2FhLTExZTYtOGY4OC0zNDM2M2JjN2M0YzAiOnsiY3JlYXRlIjozNjAwMDAwMDAwMDAwLCJkZWxldGUiOjM2MDAwMDAwMDAwMDAsInVwZGF0ZSI6MzYwMDAwMDAwMDAwMH0sInNjaGVtYV92ZXJzaW9uIjoiMSJ9"
        }
      ]
    },
    {
      "module": "module.vms_in_security_policy",
      "mode": "data",
      "type": "nutanix_category_key",
      "name": "AppTierKey",
      "provider": "provider[\"registry.terraform.io/nutanix/nutanix\"]",
      "instances": [
        {
          "schema_version": 0,
          "attributes": {
            "api_version": "",
            "description": "Application tier.",
            "id": "AppTier",
            "name": "AppTier",
            "system_defined": true,
            "values": [
              "Default"
            ]
          },
          "sensitive_attributes": []
        }
      ]
    },
    {
      "module": "module.vms_in_security_policy",
      "mode": "data",
      "type": "nutanix_category_key",
      "name": "AppTypeKey",
      "provider": "provider[\"registry.terraform.io/nutanix/nutanix\"]",
      "instances": [
        {
          "schema_version": 0,
          "attributes": {
            "api_version": "",
            "description": "Application type.",
            "id": "AppType",
            "name": "AppType",
            "system_defined": true,
            "values": [
              "Default",
              "Hadoop",
              "Oracle_DB",
              "Microsoft_SQL",
              "Apache_Spark",
              "Exchange",
              "Kubernetes",
              "Git_Server",
              "Inventory",
              "Employee_Payroll"
            ]
          },
          "sensitive_attributes": []
        }
      ]
    },
    {
      "module": "module.vms_in_security_policy",
      "mode": "managed",
      "type": "nutanix_category_value",
      "name": "TH_TF_Secure_AppTier_Desktop",
      "provider": "provider[\"registry.terraform.io/nutanix/nutanix\"]",
      "instances": [
        {
          "schema_version": 0,
          "attributes": {
            "api_version": "",
            "description": "",
            "id": "TH_TF_Secure_AppTier_Desktop",
            "name": "AppTier",
            "system_defined": false,
            "value": "TH_TF_Secure_AppTier_Desktop"
          },
          "sensitive_attributes": [],
          "private": "bnVsbA==",
          "dependencies": [
            "module.vms_in_security_policy.data.nutanix_category_key.AppTierKey"
          ]
        }
      ]
    },
    {
      "module": "module.vms_in_security_policy",
      "mode": "managed",
      "type": "nutanix_category_value",
      "name": "TH_TF_Secure_AppType_Desktop",
      "provider": "provider[\"registry.terraform.io/nutanix/nutanix\"]",
      "instances": [
        {
          "schema_version": 0,
          "attributes": {
            "api_version": "",
            "description": "",
            "id": "TH_TF_Secure_AppType_Desktop",
            "name": "AppType",
            "system_defined": false,
            "value": "TH_TF_Secure_AppType_Desktop"
          },
          "sensitive_attributes": [],
          "private": "bnVsbA==",
          "dependencies": [
            "module.vms_in_security_policy.data.nutanix_category_key.AppTypeKey"
          ]
        }
      ]
    },
    {
      "module": "module.vms_in_security_policy",
      "mode": "managed",
      "type": "nutanix_network_security_rule",
      "name": "TH_TF_Secure_Desktops",
      "provider": "provider[\"registry.terraform.io/nutanix/nutanix\"]",
      "instances": [
        {
          "schema_version": 1,
          "attributes": {
            "ad_rule_action": null,
            "ad_rule_inbound_allow_list": null,
            "ad_rule_outbound_allow_list": null,
            "ad_rule_target_group_default_internal_policy": null,
            "ad_rule_target_group_filter_kind_list": [],
            "ad_rule_target_group_filter_params": [],
            "ad_rule_target_group_filter_type": null,
            "ad_rule_target_group_peer_specification_type": null,
            "allow_ipv6_traffic": null,
            "api_version": "3.1",
            "app_rule_action": "MONITOR",
            "app_rule_inbound_allow_list": [
              {
                "address_group_inclusion_list": [],
                "expiration_time": "",
                "filter_kind_list": [],
                "filter_params": [],
                "filter_type": "",
                "icmp_type_code_list": [],
                "ip_subnet": "0.0.0.0",
                "ip_subnet_prefix_length": "0",
                "network_function_chain_reference": {},
                "peer_specification_type": "IP_SUBNET",
                "protocol": "TCP",
                "service_group_list": [],
                "tcp_port_range_list": [
                  {
                    "end_port": 80,
                    "start_port": 80
                  },
                  {
                    "end_port": 443,
                    "start_port": 443
                  }
                ],
                "udp_port_range_list": []
              }
            ],
            "app_rule_outbound_allow_list": [
              {
                "address_group_inclusion_list": [],
                "expiration_time": "",
                "filter_kind_list": [],
                "filter_params": [],
                "filter_type": "",
                "icmp_type_code_list": [],
                "ip_subnet": "0.0.0.0",
                "ip_subnet_prefix_length": "0",
                "network_function_chain_reference": {},
                "peer_specification_type": "IP_SUBNET",
                "protocol": "TCP",
                "service_group_list": [],
                "tcp_port_range_list": [
                  {
                    "end_port": 80,
                    "start_port": 80
                  },
                  {
                    "end_port": 443,
                    "start_port": 443
                  }
                ],
                "udp_port_range_list": []
              }
            ],
            "app_rule_target_group_default_internal_policy": "DENY_ALL",
            "app_rule_target_group_filter_kind_list": [
              "vm"
            ],
            "app_rule_target_group_filter_params": [
              {
                "name": "AppTier",
                "values": [
                  "TH_TF_Secure_AppTier_Desktop"
                ]
              },
              {
                "name": "AppType",
                "values": [
                  "TH_TF_Secure_AppType_Desktop"
                ]
              }
            ],
            "app_rule_target_group_filter_type": "CATEGORIES_MATCH_ALL",
            "app_rule_target_group_peer_specification_type": "FILTER",
            "categories": [],
            "description": "TH Terraform created Rule to Secure Desktops",
            "id": "9ed862e9-0bc4-4344-896d-3178948b0b99",
            "is_policy_hitlog_enabled": null,
            "isolation_rule_action": null,
            "isolation_rule_first_entity_filter_kind_list": [],
            "isolation_rule_first_entity_filter_params": [],
            "isolation_rule_first_entity_filter_type": null,
            "isolation_rule_second_entity_filter_kind_list": [],
            "isolation_rule_second_entity_filter_params": [],
            "isolation_rule_second_entity_filter_type": null,
            "metadata": {
              "creation_time": "2022-09-20 21:22:48 +0000 UTC",
              "last_update_time": "2022-09-20 21:22:48 +0000 UTC",
              "name": "",
              "spec_hash": "00000000000000000000000000000000000000000000000000",
              "spec_version": "0",
              "uuid": "9ed862e9-0bc4-4344-896d-3178948b0b99"
            },
            "name": "TH_TF_Secure_Desktops",
            "owner_reference": {
              "kind": "user",
              "name": "admin",
              "uuid": "00000000-0000-0000-0000-000000000000"
            },
            "project_reference": {},
            "timeouts": null
          },
          "sensitive_attributes": [],
          "private": "eyJlMmJmYjczMC1lY2FhLTExZTYtOGY4OC0zNDM2M2JjN2M0YzAiOnsiY3JlYXRlIjozNjAwMDAwMDAwMDAwLCJkZWxldGUiOjM2MDAwMDAwMDAwMDAsInVwZGF0ZSI6MzYwMDAwMDAwMDAwMH0sInNjaGVtYV92ZXJzaW9uIjoiMSJ9",
          "dependencies": [
            "module.vms_in_security_policy.data.nutanix_category_key.AppTierKey",
            "module.vms_in_security_policy.data.nutanix_category_key.AppTypeKey",
            "module.vms_in_security_policy.nutanix_category_value.TH_TF_Secure_AppTier_Desktop",
            "module.vms_in_security_policy.nutanix_category_value.TH_TF_Secure_AppType_Desktop"
          ]
        }
      ]
    },
    {
      "module": "module.vms_in_security_policy",
      "mode": "managed",
      "type": "nutanix_virtual_machine",
      "name": "TH_TF_Security_Policy_vm",
      "provider": "provider[\"registry.terraform.io/nutanix/nutanix\"]",
      "instances": [
        {
          "index_key": 0,
          "schema_version": 1,
          "attributes": {
            "api_version": "3.1",
            "availability_zone_reference": {},
            "boot_device_disk_address": {},
            "boot_device_mac_address": "",
            "boot_device_order_list": [],
            "boot_type": "",
            "categories": [
              {
                "name": "AppTier",
                "value": "TH_TF_Secure_AppTier_Desktop"
              },
              {
                "name": "AppType",
                "value": "TH_TF_Secure_AppType_Desktop"
              }
            ],
            "cloud_init_cdrom_uuid": "",
            "cluster_name": "PHX-SPOC008-4",
            "cluster_uuid": "0005e919-6ce0-fb83-57df-ac1f6b6cf232",
            "description": "Tony Hughes Terraform Security Policy VM",
            "disk_list": [
              {
                "data_source_reference": {
                  "kind": "image",
                  "uuid": "0f6a16e3-194a-4b75-8918-fc75a678fc0d"
                },
                "device_properties": [
                  {
                    "device_type": "DISK",
                    "disk_address": {
                      "adapter_type": "SCSI",
                      "device_index": "0"
                    }
                  }
                ],
                "disk_size_bytes": -2147483648,
                "disk_size_mib": 10240,
                "storage_config": [
                  {
                    "flash_mode": "",
                    "storage_container_reference": [
                      {
                        "kind": "storage_container",
                        "name": "SelfServiceContainer",
                        "url": "",
                        "uuid": "332f6d10-0780-464f-a953-ff0bb3392203"
                      }
                    ]
                  }
                ],
                "uuid": "db51be2b-a4be-43cc-bd1b-9bdeb27516d9",
                "volume_group_reference": {}
              }
            ],
            "enable_cpu_passthrough": false,
            "enable_script_exec": false,
            "gpu_list": [],
            "guest_customization_cloud_init_custom_key_values": {},
            "guest_customization_cloud_init_meta_data": "",
            "guest_customization_cloud_init_user_data": "",
            "guest_customization_is_overridable": false,
            "guest_customization_sysprep": {},
            "guest_customization_sysprep_custom_key_values": {},
            "guest_os_id": "",
            "hardware_clock_timezone": "UTC",
            "host_reference": {
              "kind": "host",
              "name": "10.38.8.197",
              "uuid": "1b9a52dd-deca-4557-8ccf-567e6d2ad1b6"
            },
            "hypervisor_type": null,
            "id": "78913e37-ac2d-44d7-890e-acf23c8499be",
            "is_vcpu_hard_pinned": false,
            "machine_type": "PC",
            "memory_size_mib": 4096,
            "metadata": {
              "creation_time": "2022-09-20 21:24:00 +0000 UTC",
              "last_update_time": "2022-09-20 21:24:00 +0000 UTC",
              "name": "",
              "spec_hash": "",
              "spec_version": "0",
              "uuid": "78913e37-ac2d-44d7-890e-acf23c8499be"
            },
            "name": "TH_TF_Security_Policy_vm_0",
            "ngt_credentials": {},
            "ngt_enabled_capability_list": [],
            "nic_list": [
              {
                "ip_endpoint_list": [],
                "is_connected": "true",
                "mac_address": "50:6b:8d:d8:2b:3a",
                "model": "",
                "network_function_chain_reference": {},
                "network_function_nic_type": "",
                "nic_type": "NORMAL_NIC",
                "num_queues": 0,
                "subnet_name": "Primary",
                "subnet_uuid": "dec93391-161f-4dfc-b514-8b2190f9c496",
                "uuid": "e9a29519-2d23-42fe-8675-96163ddcc68c"
              }
            ],
            "nic_list_status": [
              {
                "floating_ip": "",
                "ip_endpoint_list": [
                  {
                    "ip": "10.38.8.234",
                    "type": "LEARNED"
                  }
                ],
                "is_connected": "true",
                "mac_address": "50:6b:8d:d8:2b:3a",
                "model": "",
                "network_function_chain_reference": {},
                "network_function_nic_type": "",
                "nic_type": "NORMAL_NIC",
                "num_queues": 0,
                "subnet_name": "Primary",
                "subnet_uuid": "dec93391-161f-4dfc-b514-8b2190f9c496",
                "uuid": "e9a29519-2d23-42fe-8675-96163ddcc68c"
              }
            ],
            "num_sockets": 1,
            "num_vcpus_per_socket": 2,
            "num_vnuma_nodes": 0,
            "nutanix_guest_tools": {},
            "owner_reference": {
              "kind": "user",
              "name": "admin",
              "uuid": "00000000-0000-0000-0000-000000000000"
            },
            "parent_reference": {},
            "power_state": "ON",
            "power_state_mechanism": "HARD",
            "project_reference": {
              "kind": "project",
              "name": "_internal",
              "uuid": "7460c314-2b6f-4fef-9dc6-895c5f05ad70"
            },
            "serial_port_list": [],
            "should_fail_on_script_failure": false,
            "state": "COMPLETE",
            "timeouts": null,
            "use_hot_add": true,
            "vga_console_enabled": true
          },
          "sensitive_attributes": [],
          "private": "eyJlMmJmYjczMC1lY2FhLTExZTYtOGY4OC0zNDM2M2JjN2M0YzAiOnsiY3JlYXRlIjozNjAwMDAwMDAwMDAwLCJkZWxldGUiOjM2MDAwMDAwMDAwMDAsInVwZGF0ZSI6MzYwMDAwMDAwMDAwMH0sInNjaGVtYV92ZXJzaW9uIjoiMSJ9",
          "dependencies": [
            "data.nutanix_clusters.clusters",
            "data.nutanix_subnet.Primary",
            "module.vms_in_security_policy.data.nutanix_category_key.AppTierKey",
            "module.vms_in_security_policy.data.nutanix_category_key.AppTypeKey",
            "module.vms_in_security_policy.nutanix_category_value.TH_TF_Secure_AppTier_Desktop",
            "module.vms_in_security_policy.nutanix_category_value.TH_TF_Secure_AppType_Desktop",
            "nutanix_image.TH_TF_CentOS7"
          ]
        },
        {
          "index_key": 1,
          "schema_version": 1,
          "attributes": {
            "api_version": "3.1",
            "availability_zone_reference": {},
            "boot_device_disk_address": {},
            "boot_device_mac_address": "",
            "boot_device_order_list": [],
            "boot_type": "",
            "categories": [
              {
                "name": "AppTier",
                "value": "TH_TF_Secure_AppTier_Desktop"
              },
              {
                "name": "AppType",
                "value": "TH_TF_Secure_AppType_Desktop"
              }
            ],
            "cloud_init_cdrom_uuid": "",
            "cluster_name": "PHX-SPOC008-4",
            "cluster_uuid": "0005e919-6ce0-fb83-57df-ac1f6b6cf232",
            "description": "Tony Hughes Terraform Security Policy VM",
            "disk_list": [
              {
                "data_source_reference": {
                  "kind": "image",
                  "uuid": "0f6a16e3-194a-4b75-8918-fc75a678fc0d"
                },
                "device_properties": [
                  {
                    "device_type": "DISK",
                    "disk_address": {
                      "adapter_type": "SCSI",
                      "device_index": "0"
                    }
                  }
                ],
                "disk_size_bytes": -2147483648,
                "disk_size_mib": 10240,
                "storage_config": [
                  {
                    "flash_mode": "",
                    "storage_container_reference": [
                      {
                        "kind": "storage_container",
                        "name": "SelfServiceContainer",
                        "url": "",
                        "uuid": "332f6d10-0780-464f-a953-ff0bb3392203"
                      }
                    ]
                  }
                ],
                "uuid": "a8bdee19-5417-49ec-a8e3-34fb12eecaa9",
                "volume_group_reference": {}
              }
            ],
            "enable_cpu_passthrough": false,
            "enable_script_exec": false,
            "gpu_list": [],
            "guest_customization_cloud_init_custom_key_values": {},
            "guest_customization_cloud_init_meta_data": "",
            "guest_customization_cloud_init_user_data": "",
            "guest_customization_is_overridable": false,
            "guest_customization_sysprep": {},
            "guest_customization_sysprep_custom_key_values": {},
            "guest_os_id": "",
            "hardware_clock_timezone": "UTC",
            "host_reference": {
              "kind": "host",
              "uuid": "1b9a52dd-deca-4557-8ccf-567e6d2ad1b6"
            },
            "hypervisor_type": null,
            "id": "420df365-892a-4bc2-8447-c23e25e2a78d",
            "is_vcpu_hard_pinned": false,
            "machine_type": "PC",
            "memory_size_mib": 4096,
            "metadata": {
              "creation_time": "2022-09-20 21:24:01 +0000 UTC",
              "last_update_time": "2022-09-20 21:24:01 +0000 UTC",
              "name": "",
              "spec_hash": "",
              "spec_version": "0",
              "uuid": "420df365-892a-4bc2-8447-c23e25e2a78d"
            },
            "name": "TH_TF_Security_Policy_vm_1",
            "ngt_credentials": {},
            "ngt_enabled_capability_list": [],
            "nic_list": [
              {
                "ip_endpoint_list": [],
                "is_connected": "true",
                "mac_address": "50:6b:8d:ac:c4:61",
                "model": "",
                "network_function_chain_reference": {},
                "network_function_nic_type": "",
                "nic_type": "NORMAL_NIC",
                "num_queues": 0,
                "subnet_name": "Primary",
                "subnet_uuid": "dec93391-161f-4dfc-b514-8b2190f9c496",
                "uuid": "4daa5391-eb78-452f-9498-d33531514d85"
              }
            ],
            "nic_list_status": [
              {
                "floating_ip": "",
                "ip_endpoint_list": [
                  {
                    "ip": "10.38.8.235",
                    "type": "LEARNED"
                  }
                ],
                "is_connected": "true",
                "mac_address": "50:6b:8d:ac:c4:61",
                "model": "",
                "network_function_chain_reference": {},
                "network_function_nic_type": "",
                "nic_type": "NORMAL_NIC",
                "num_queues": 0,
                "subnet_name": "Primary",
                "subnet_uuid": "dec93391-161f-4dfc-b514-8b2190f9c496",
                "uuid": "4daa5391-eb78-452f-9498-d33531514d85"
              }
            ],
            "num_sockets": 1,
            "num_vcpus_per_socket": 2,
            "num_vnuma_nodes": 0,
            "nutanix_guest_tools": {},
            "owner_reference": {
              "kind": "user",
              "name": "admin",
              "uuid": "00000000-0000-0000-0000-000000000000"
            },
            "parent_reference": {},
            "power_state": "ON",
            "power_state_mechanism": "HARD",
            "project_reference": {
              "kind": "project",
              "name": "_internal",
              "uuid": "7460c314-2b6f-4fef-9dc6-895c5f05ad70"
            },
            "serial_port_list": [],
            "should_fail_on_script_failure": false,
            "state": "COMPLETE",
            "timeouts": null,
            "use_hot_add": true,
            "vga_console_enabled": true
          },
          "sensitive_attributes": [],
          "private": "eyJlMmJmYjczMC1lY2FhLTExZTYtOGY4OC0zNDM2M2JjN2M0YzAiOnsiY3JlYXRlIjozNjAwMDAwMDAwMDAwLCJkZWxldGUiOjM2MDAwMDAwMDAwMDAsInVwZGF0ZSI6MzYwMDAwMDAwMDAwMH0sInNjaGVtYV92ZXJzaW9uIjoiMSJ9",
          "dependencies": [
            "data.nutanix_clusters.clusters",
            "data.nutanix_subnet.Primary",
            "module.vms_in_security_policy.data.nutanix_category_key.AppTierKey",
            "module.vms_in_security_policy.data.nutanix_category_key.AppTypeKey",
            "module.vms_in_security_policy.nutanix_category_value.TH_TF_Secure_AppTier_Desktop",
            "module.vms_in_security_policy.nutanix_category_value.TH_TF_Secure_AppType_Desktop",
            "nutanix_image.TH_TF_CentOS7"
          ]
        },
        {
          "index_key": 2,
          "schema_version": 1,
          "attributes": {
            "api_version": "3.1",
            "availability_zone_reference": {},
            "boot_device_disk_address": {},
            "boot_device_mac_address": "",
            "boot_device_order_list": [],
            "boot_type": "",
            "categories": [
              {
                "name": "AppTier",
                "value": "TH_TF_Secure_AppTier_Desktop"
              },
              {
                "name": "AppType",
                "value": "TH_TF_Secure_AppType_Desktop"
              }
            ],
            "cloud_init_cdrom_uuid": "",
            "cluster_name": "PHX-SPOC008-4",
            "cluster_uuid": "0005e919-6ce0-fb83-57df-ac1f6b6cf232",
            "description": "Tony Hughes Terraform Security Policy VM",
            "disk_list": [
              {
                "data_source_reference": {
                  "kind": "image",
                  "uuid": "0f6a16e3-194a-4b75-8918-fc75a678fc0d"
                },
                "device_properties": [
                  {
                    "device_type": "DISK",
                    "disk_address": {
                      "adapter_type": "SCSI",
                      "device_index": "0"
                    }
                  }
                ],
                "disk_size_bytes": -2147483648,
                "disk_size_mib": 10240,
                "storage_config": [
                  {
                    "flash_mode": "",
                    "storage_container_reference": [
                      {
                        "kind": "storage_container",
                        "name": "SelfServiceContainer",
                        "url": "",
                        "uuid": "332f6d10-0780-464f-a953-ff0bb3392203"
                      }
                    ]
                  }
                ],
                "uuid": "77aac3c6-02fe-4920-9e9c-a68d6539e861",
                "volume_group_reference": {}
              }
            ],
            "enable_cpu_passthrough": false,
            "enable_script_exec": false,
            "gpu_list": [],
            "guest_customization_cloud_init_custom_key_values": {},
            "guest_customization_cloud_init_meta_data": "",
            "guest_customization_cloud_init_user_data": "",
            "guest_customization_is_overridable": false,
            "guest_customization_sysprep": {},
            "guest_customization_sysprep_custom_key_values": {},
            "guest_os_id": "",
            "hardware_clock_timezone": "UTC",
            "host_reference": {
              "kind": "host",
              "name": "10.38.8.197",
              "uuid": "1b9a52dd-deca-4557-8ccf-567e6d2ad1b6"
            },
            "hypervisor_type": null,
            "id": "1f55e87c-1fed-469d-9a4b-6301fc6ca673",
            "is_vcpu_hard_pinned": false,
            "machine_type": "PC",
            "memory_size_mib": 4096,
            "metadata": {
              "creation_time": "2022-09-20 21:24:05 +0000 UTC",
              "last_update_time": "2022-09-20 21:24:05 +0000 UTC",
              "name": "",
              "spec_hash": "",
              "spec_version": "0",
              "uuid": "1f55e87c-1fed-469d-9a4b-6301fc6ca673"
            },
            "name": "TH_TF_Security_Policy_vm_2",
            "ngt_credentials": {},
            "ngt_enabled_capability_list": [],
            "nic_list": [
              {
                "ip_endpoint_list": [],
                "is_connected": "true",
                "mac_address": "50:6b:8d:ce:06:68",
                "model": "",
                "network_function_chain_reference": {},
                "network_function_nic_type": "",
                "nic_type": "NORMAL_NIC",
                "num_queues": 0,
                "subnet_name": "Primary",
                "subnet_uuid": "dec93391-161f-4dfc-b514-8b2190f9c496",
                "uuid": "506c1ddf-1621-4722-8ddc-306cc2cbb616"
              }
            ],
            "nic_list_status": [
              {
                "floating_ip": "",
                "ip_endpoint_list": [
                  {
                    "ip": "10.38.8.242",
                    "type": "LEARNED"
                  }
                ],
                "is_connected": "true",
                "mac_address": "50:6b:8d:ce:06:68",
                "model": "",
                "network_function_chain_reference": {},
                "network_function_nic_type": "",
                "nic_type": "NORMAL_NIC",
                "num_queues": 0,
                "subnet_name": "Primary",
                "subnet_uuid": "dec93391-161f-4dfc-b514-8b2190f9c496",
                "uuid": "506c1ddf-1621-4722-8ddc-306cc2cbb616"
              }
            ],
            "num_sockets": 1,
            "num_vcpus_per_socket": 2,
            "num_vnuma_nodes": 0,
            "nutanix_guest_tools": {},
            "owner_reference": {
              "kind": "user",
              "name": "admin",
              "uuid": "00000000-0000-0000-0000-000000000000"
            },
            "parent_reference": {},
            "power_state": "ON",
            "power_state_mechanism": "HARD",
            "project_reference": {
              "kind": "project",
              "name": "_internal",
              "uuid": "7460c314-2b6f-4fef-9dc6-895c5f05ad70"
            },
            "serial_port_list": [],
            "should_fail_on_script_failure": false,
            "state": "COMPLETE",
            "timeouts": null,
            "use_hot_add": true,
            "vga_console_enabled": true
          },
          "sensitive_attributes": [],
          "private": "eyJlMmJmYjczMC1lY2FhLTExZTYtOGY4OC0zNDM2M2JjN2M0YzAiOnsiY3JlYXRlIjozNjAwMDAwMDAwMDAwLCJkZWxldGUiOjM2MDAwMDAwMDAwMDAsInVwZGF0ZSI6MzYwMDAwMDAwMDAwMH0sInNjaGVtYV92ZXJzaW9uIjoiMSJ9",
          "dependencies": [
            "data.nutanix_clusters.clusters",
            "data.nutanix_subnet.Primary",
            "module.vms_in_security_policy.data.nutanix_category_key.AppTierKey",
            "module.vms_in_security_policy.data.nutanix_category_key.AppTypeKey",
            "module.vms_in_security_policy.nutanix_category_value.TH_TF_Secure_AppTier_Desktop",
            "module.vms_in_security_policy.nutanix_category_value.TH_TF_Secure_AppType_Desktop",
            "nutanix_image.TH_TF_CentOS7"
          ]
        },
        {
          "index_key": 3,
          "schema_version": 1,
          "attributes": {
            "api_version": "3.1",
            "availability_zone_reference": {},
            "boot_device_disk_address": {},
            "boot_device_mac_address": "",
            "boot_device_order_list": [],
            "boot_type": "",
            "categories": [
              {
                "name": "AppTier",
                "value": "TH_TF_Secure_AppTier_Desktop"
              },
              {
                "name": "AppType",
                "value": "TH_TF_Secure_AppType_Desktop"
              }
            ],
            "cloud_init_cdrom_uuid": "",
            "cluster_name": "PHX-SPOC008-4",
            "cluster_uuid": "0005e919-6ce0-fb83-57df-ac1f6b6cf232",
            "description": "Tony Hughes Terraform Security Policy VM",
            "disk_list": [
              {
                "data_source_reference": {
                  "kind": "image",
                  "uuid": "0f6a16e3-194a-4b75-8918-fc75a678fc0d"
                },
                "device_properties": [
                  {
                    "device_type": "DISK",
                    "disk_address": {
                      "adapter_type": "SCSI",
                      "device_index": "0"
                    }
                  }
                ],
                "disk_size_bytes": -2147483648,
                "disk_size_mib": 10240,
                "storage_config": [
                  {
                    "flash_mode": "",
                    "storage_container_reference": [
                      {
                        "kind": "storage_container",
                        "name": "SelfServiceContainer",
                        "url": "",
                        "uuid": "332f6d10-0780-464f-a953-ff0bb3392203"
                      }
                    ]
                  }
                ],
                "uuid": "4c0dd07c-9ffb-47d7-b800-f03f1427378c",
                "volume_group_reference": {}
              }
            ],
            "enable_cpu_passthrough": false,
            "enable_script_exec": false,
            "gpu_list": [],
            "guest_customization_cloud_init_custom_key_values": {},
            "guest_customization_cloud_init_meta_data": "",
            "guest_customization_cloud_init_user_data": "",
            "guest_customization_is_overridable": false,
            "guest_customization_sysprep": {},
            "guest_customization_sysprep_custom_key_values": {},
            "guest_os_id": "",
            "hardware_clock_timezone": "UTC",
            "host_reference": {
              "kind": "host",
              "name": "10.38.8.197",
              "uuid": "1b9a52dd-deca-4557-8ccf-567e6d2ad1b6"
            },
            "hypervisor_type": null,
            "id": "f04b2c00-bdfc-4012-b0a4-df7d29b9a022",
            "is_vcpu_hard_pinned": false,
            "machine_type": "PC",
            "memory_size_mib": 4096,
            "metadata": {
              "creation_time": "2022-09-20 21:24:03 +0000 UTC",
              "last_update_time": "2022-09-20 21:24:03 +0000 UTC",
              "name": "",
              "spec_hash": "",
              "spec_version": "0",
              "uuid": "f04b2c00-bdfc-4012-b0a4-df7d29b9a022"
            },
            "name": "TH_TF_Security_Policy_vm_3",
            "ngt_credentials": {},
            "ngt_enabled_capability_list": [],
            "nic_list": [
              {
                "ip_endpoint_list": [],
                "is_connected": "true",
                "mac_address": "50:6b:8d:bc:83:01",
                "model": "",
                "network_function_chain_reference": {},
                "network_function_nic_type": "",
                "nic_type": "NORMAL_NIC",
                "num_queues": 0,
                "subnet_name": "Primary",
                "subnet_uuid": "dec93391-161f-4dfc-b514-8b2190f9c496",
                "uuid": "d8f87dd6-1a64-4a83-a091-f7dc4d8afadd"
              }
            ],
            "nic_list_status": [
              {
                "floating_ip": "",
                "ip_endpoint_list": [
                  {
                    "ip": "10.38.8.240",
                    "type": "LEARNED"
                  }
                ],
                "is_connected": "true",
                "mac_address": "50:6b:8d:bc:83:01",
                "model": "",
                "network_function_chain_reference": {},
                "network_function_nic_type": "",
                "nic_type": "NORMAL_NIC",
                "num_queues": 0,
                "subnet_name": "Primary",
                "subnet_uuid": "dec93391-161f-4dfc-b514-8b2190f9c496",
                "uuid": "d8f87dd6-1a64-4a83-a091-f7dc4d8afadd"
              }
            ],
            "num_sockets": 1,
            "num_vcpus_per_socket": 2,
            "num_vnuma_nodes": 0,
            "nutanix_guest_tools": {},
            "owner_reference": {
              "kind": "user",
              "name": "admin",
              "uuid": "00000000-0000-0000-0000-000000000000"
            },
            "parent_reference": {},
            "power_state": "ON",
            "power_state_mechanism": "HARD",
            "project_reference": {
              "kind": "project",
              "name": "_internal",
              "uuid": "7460c314-2b6f-4fef-9dc6-895c5f05ad70"
            },
            "serial_port_list": [],
            "should_fail_on_script_failure": false,
            "state": "COMPLETE",
            "timeouts": null,
            "use_hot_add": true,
            "vga_console_enabled": true
          },
          "sensitive_attributes": [],
          "private": "eyJlMmJmYjczMC1lY2FhLTExZTYtOGY4OC0zNDM2M2JjN2M0YzAiOnsiY3JlYXRlIjozNjAwMDAwMDAwMDAwLCJkZWxldGUiOjM2MDAwMDAwMDAwMDAsInVwZGF0ZSI6MzYwMDAwMDAwMDAwMH0sInNjaGVtYV92ZXJzaW9uIjoiMSJ9",
          "dependencies": [
            "data.nutanix_clusters.clusters",
            "data.nutanix_subnet.Primary",
            "module.vms_in_security_policy.data.nutanix_category_key.AppTierKey",
            "module.vms_in_security_policy.data.nutanix_category_key.AppTypeKey",
            "module.vms_in_security_policy.nutanix_category_value.TH_TF_Secure_AppTier_Desktop",
            "module.vms_in_security_policy.nutanix_category_value.TH_TF_Secure_AppType_Desktop",
            "nutanix_image.TH_TF_CentOS7"
          ]
        },
        {
          "index_key": 4,
          "schema_version": 1,
          "attributes": {
            "api_version": "3.1",
            "availability_zone_reference": {},
            "boot_device_disk_address": {},
            "boot_device_mac_address": "",
            "boot_device_order_list": [],
            "boot_type": "",
            "categories": [
              {
                "name": "AppTier",
                "value": "TH_TF_Secure_AppTier_Desktop"
              },
              {
                "name": "AppType",
                "value": "TH_TF_Secure_AppType_Desktop"
              }
            ],
            "cloud_init_cdrom_uuid": "",
            "cluster_name": "PHX-SPOC008-4",
            "cluster_uuid": "0005e919-6ce0-fb83-57df-ac1f6b6cf232",
            "description": "Tony Hughes Terraform Security Policy VM",
            "disk_list": [
              {
                "data_source_reference": {
                  "kind": "image",
                  "uuid": "0f6a16e3-194a-4b75-8918-fc75a678fc0d"
                },
                "device_properties": [
                  {
                    "device_type": "DISK",
                    "disk_address": {
                      "adapter_type": "SCSI",
                      "device_index": "0"
                    }
                  }
                ],
                "disk_size_bytes": -2147483648,
                "disk_size_mib": 10240,
                "storage_config": [
                  {
                    "flash_mode": "",
                    "storage_container_reference": [
                      {
                        "kind": "storage_container",
                        "name": "SelfServiceContainer",
                        "url": "",
                        "uuid": "332f6d10-0780-464f-a953-ff0bb3392203"
                      }
                    ]
                  }
                ],
                "uuid": "1d73ae18-83d8-42c7-a5fd-eeba90f89a44",
                "volume_group_reference": {}
              }
            ],
            "enable_cpu_passthrough": false,
            "enable_script_exec": false,
            "gpu_list": [],
            "guest_customization_cloud_init_custom_key_values": {},
            "guest_customization_cloud_init_meta_data": "",
            "guest_customization_cloud_init_user_data": "",
            "guest_customization_is_overridable": false,
            "guest_customization_sysprep": {},
            "guest_customization_sysprep_custom_key_values": {},
            "guest_os_id": "",
            "hardware_clock_timezone": "UTC",
            "host_reference": {
              "kind": "host",
              "name": "10.38.8.197",
              "uuid": "1b9a52dd-deca-4557-8ccf-567e6d2ad1b6"
            },
            "hypervisor_type": null,
            "id": "47b4b436-e09d-4de6-bba5-17fa25949b20",
            "is_vcpu_hard_pinned": false,
            "machine_type": "PC",
            "memory_size_mib": 4096,
            "metadata": {
              "creation_time": "2022-09-20 21:24:03 +0000 UTC",
              "last_update_time": "2022-09-20 21:24:03 +0000 UTC",
              "name": "",
              "spec_hash": "",
              "spec_version": "0",
              "uuid": "47b4b436-e09d-4de6-bba5-17fa25949b20"
            },
            "name": "TH_TF_Security_Policy_vm_4",
            "ngt_credentials": {},
            "ngt_enabled_capability_list": [],
            "nic_list": [
              {
                "ip_endpoint_list": [],
                "is_connected": "true",
                "mac_address": "50:6b:8d:b5:76:0c",
                "model": "",
                "network_function_chain_reference": {},
                "network_function_nic_type": "",
                "nic_type": "NORMAL_NIC",
                "num_queues": 0,
                "subnet_name": "Primary",
                "subnet_uuid": "dec93391-161f-4dfc-b514-8b2190f9c496",
                "uuid": "417afe7b-9227-496b-a4f1-738918d1e1a2"
              }
            ],
            "nic_list_status": [
              {
                "floating_ip": "",
                "ip_endpoint_list": [
                  {
                    "ip": "10.38.8.238",
                    "type": "LEARNED"
                  }
                ],
                "is_connected": "true",
                "mac_address": "50:6b:8d:b5:76:0c",
                "model": "",
                "network_function_chain_reference": {},
                "network_function_nic_type": "",
                "nic_type": "NORMAL_NIC",
                "num_queues": 0,
                "subnet_name": "Primary",
                "subnet_uuid": "dec93391-161f-4dfc-b514-8b2190f9c496",
                "uuid": "417afe7b-9227-496b-a4f1-738918d1e1a2"
              }
            ],
            "num_sockets": 1,
            "num_vcpus_per_socket": 2,
            "num_vnuma_nodes": 0,
            "nutanix_guest_tools": {},
            "owner_reference": {
              "kind": "user",
              "name": "admin",
              "uuid": "00000000-0000-0000-0000-000000000000"
            },
            "parent_reference": {},
            "power_state": "ON",
            "power_state_mechanism": "HARD",
            "project_reference": {
              "kind": "project",
              "name": "_internal",
              "uuid": "7460c314-2b6f-4fef-9dc6-895c5f05ad70"
            },
            "serial_port_list": [],
            "should_fail_on_script_failure": false,
            "state": "COMPLETE",
            "timeouts": null,
            "use_hot_add": true,
            "vga_console_enabled": true
          },
          "sensitive_attributes": [],
          "private": "eyJlMmJmYjczMC1lY2FhLTExZTYtOGY4OC0zNDM2M2JjN2M0YzAiOnsiY3JlYXRlIjozNjAwMDAwMDAwMDAwLCJkZWxldGUiOjM2MDAwMDAwMDAwMDAsInVwZGF0ZSI6MzYwMDAwMDAwMDAwMH0sInNjaGVtYV92ZXJzaW9uIjoiMSJ9",
          "dependencies": [
            "data.nutanix_clusters.clusters",
            "data.nutanix_subnet.Primary",
            "module.vms_in_security_policy.data.nutanix_category_key.AppTierKey",
            "module.vms_in_security_policy.data.nutanix_category_key.AppTypeKey",
            "module.vms_in_security_policy.nutanix_category_value.TH_TF_Secure_AppTier_Desktop",
            "module.vms_in_security_policy.nutanix_category_value.TH_TF_Secure_AppType_Desktop",
            "nutanix_image.TH_TF_CentOS7"
          ]
        },
        {
          "index_key": 5,
          "schema_version": 1,
          "attributes": {
            "api_version": "3.1",
            "availability_zone_reference": {},
            "boot_device_disk_address": {},
            "boot_device_mac_address": "",
            "boot_device_order_list": [],
            "boot_type": "",
            "categories": [
              {
                "name": "AppTier",
                "value": "TH_TF_Secure_AppTier_Desktop"
              },
              {
                "name": "AppType",
                "value": "TH_TF_Secure_AppType_Desktop"
              }
            ],
            "cloud_init_cdrom_uuid": "",
            "cluster_name": "PHX-SPOC008-4",
            "cluster_uuid": "0005e919-6ce0-fb83-57df-ac1f6b6cf232",
            "description": "Tony Hughes Terraform Security Policy VM",
            "disk_list": [
              {
                "data_source_reference": {
                  "kind": "image",
                  "uuid": "0f6a16e3-194a-4b75-8918-fc75a678fc0d"
                },
                "device_properties": [
                  {
                    "device_type": "DISK",
                    "disk_address": {
                      "adapter_type": "SCSI",
                      "device_index": "0"
                    }
                  }
                ],
                "disk_size_bytes": -2147483648,
                "disk_size_mib": 10240,
                "storage_config": [
                  {
                    "flash_mode": "",
                    "storage_container_reference": [
                      {
                        "kind": "storage_container",
                        "name": "SelfServiceContainer",
                        "url": "",
                        "uuid": "332f6d10-0780-464f-a953-ff0bb3392203"
                      }
                    ]
                  }
                ],
                "uuid": "9a779477-e0ed-4ced-a6b7-a55ef7301a49",
                "volume_group_reference": {}
              }
            ],
            "enable_cpu_passthrough": false,
            "enable_script_exec": false,
            "gpu_list": [],
            "guest_customization_cloud_init_custom_key_values": {},
            "guest_customization_cloud_init_meta_data": "",
            "guest_customization_cloud_init_user_data": "",
            "guest_customization_is_overridable": false,
            "guest_customization_sysprep": {},
            "guest_customization_sysprep_custom_key_values": {},
            "guest_os_id": "",
            "hardware_clock_timezone": "UTC",
            "host_reference": {
              "kind": "host",
              "uuid": "1b9a52dd-deca-4557-8ccf-567e6d2ad1b6"
            },
            "hypervisor_type": null,
            "id": "3d2f63a1-d8c9-4ef4-a664-7eea0047aa41",
            "is_vcpu_hard_pinned": false,
            "machine_type": "PC",
            "memory_size_mib": 4096,
            "metadata": {
              "creation_time": "2022-09-20 21:24:01 +0000 UTC",
              "last_update_time": "2022-09-20 21:24:01 +0000 UTC",
              "name": "",
              "spec_hash": "",
              "spec_version": "0",
              "uuid": "3d2f63a1-d8c9-4ef4-a664-7eea0047aa41"
            },
            "name": "TH_TF_Security_Policy_vm_5",
            "ngt_credentials": {},
            "ngt_enabled_capability_list": [],
            "nic_list": [
              {
                "ip_endpoint_list": [],
                "is_connected": "true",
                "mac_address": "50:6b:8d:b0:cb:f1",
                "model": "",
                "network_function_chain_reference": {},
                "network_function_nic_type": "",
                "nic_type": "NORMAL_NIC",
                "num_queues": 0,
                "subnet_name": "Primary",
                "subnet_uuid": "dec93391-161f-4dfc-b514-8b2190f9c496",
                "uuid": "a02a85a9-0c01-4e66-a722-1bf1b4825911"
              }
            ],
            "nic_list_status": [
              {
                "floating_ip": "",
                "ip_endpoint_list": [
                  {
                    "ip": "10.38.8.236",
                    "type": "LEARNED"
                  }
                ],
                "is_connected": "true",
                "mac_address": "50:6b:8d:b0:cb:f1",
                "model": "",
                "network_function_chain_reference": {},
                "network_function_nic_type": "",
                "nic_type": "NORMAL_NIC",
                "num_queues": 0,
                "subnet_name": "Primary",
                "subnet_uuid": "dec93391-161f-4dfc-b514-8b2190f9c496",
                "uuid": "a02a85a9-0c01-4e66-a722-1bf1b4825911"
              }
            ],
            "num_sockets": 1,
            "num_vcpus_per_socket": 2,
            "num_vnuma_nodes": 0,
            "nutanix_guest_tools": {},
            "owner_reference": {
              "kind": "user",
              "name": "admin",
              "uuid": "00000000-0000-0000-0000-000000000000"
            },
            "parent_reference": {},
            "power_state": "ON",
            "power_state_mechanism": "HARD",
            "project_reference": {
              "kind": "project",
              "name": "_internal",
              "uuid": "7460c314-2b6f-4fef-9dc6-895c5f05ad70"
            },
            "serial_port_list": [],
            "should_fail_on_script_failure": false,
            "state": "COMPLETE",
            "timeouts": null,
            "use_hot_add": true,
            "vga_console_enabled": true
          },
          "sensitive_attributes": [],
          "private": "eyJlMmJmYjczMC1lY2FhLTExZTYtOGY4OC0zNDM2M2JjN2M0YzAiOnsiY3JlYXRlIjozNjAwMDAwMDAwMDAwLCJkZWxldGUiOjM2MDAwMDAwMDAwMDAsInVwZGF0ZSI6MzYwMDAwMDAwMDAwMH0sInNjaGVtYV92ZXJzaW9uIjoiMSJ9",
          "dependencies": [
            "data.nutanix_clusters.clusters",
            "data.nutanix_subnet.Primary",
            "module.vms_in_security_policy.data.nutanix_category_key.AppTierKey",
            "module.vms_in_security_policy.data.nutanix_category_key.AppTypeKey",
            "module.vms_in_security_policy.nutanix_category_value.TH_TF_Secure_AppTier_Desktop",
            "module.vms_in_security_policy.nutanix_category_value.TH_TF_Secure_AppType_Desktop",
            "nutanix_image.TH_TF_CentOS7"
          ]
        },
        {
          "index_key": 6,
          "schema_version": 1,
          "attributes": {
            "api_version": "3.1",
            "availability_zone_reference": {},
            "boot_device_disk_address": {},
            "boot_device_mac_address": "",
            "boot_device_order_list": [],
            "boot_type": "",
            "categories": [
              {
                "name": "AppTier",
                "value": "TH_TF_Secure_AppTier_Desktop"
              },
              {
                "name": "AppType",
                "value": "TH_TF_Secure_AppType_Desktop"
              }
            ],
            "cloud_init_cdrom_uuid": "",
            "cluster_name": "PHX-SPOC008-4",
            "cluster_uuid": "0005e919-6ce0-fb83-57df-ac1f6b6cf232",
            "description": "Tony Hughes Terraform Security Policy VM",
            "disk_list": [
              {
                "data_source_reference": {
                  "kind": "image",
                  "uuid": "0f6a16e3-194a-4b75-8918-fc75a678fc0d"
                },
                "device_properties": [
                  {
                    "device_type": "DISK",
                    "disk_address": {
                      "adapter_type": "SCSI",
                      "device_index": "0"
                    }
                  }
                ],
                "disk_size_bytes": -2147483648,
                "disk_size_mib": 10240,
                "storage_config": [
                  {
                    "flash_mode": "",
                    "storage_container_reference": [
                      {
                        "kind": "storage_container",
                        "name": "SelfServiceContainer",
                        "url": "",
                        "uuid": "332f6d10-0780-464f-a953-ff0bb3392203"
                      }
                    ]
                  }
                ],
                "uuid": "3ebf1a47-6e85-4727-8a91-30bf8355dd47",
                "volume_group_reference": {}
              }
            ],
            "enable_cpu_passthrough": false,
            "enable_script_exec": false,
            "gpu_list": [],
            "guest_customization_cloud_init_custom_key_values": {},
            "guest_customization_cloud_init_meta_data": "",
            "guest_customization_cloud_init_user_data": "",
            "guest_customization_is_overridable": false,
            "guest_customization_sysprep": {},
            "guest_customization_sysprep_custom_key_values": {},
            "guest_os_id": "",
            "hardware_clock_timezone": "UTC",
            "host_reference": {
              "kind": "host",
              "uuid": "1b9a52dd-deca-4557-8ccf-567e6d2ad1b6"
            },
            "hypervisor_type": null,
            "id": "0c7a2173-646c-49d9-8e2a-555c00d998cf",
            "is_vcpu_hard_pinned": false,
            "machine_type": "PC",
            "memory_size_mib": 4096,
            "metadata": {
              "creation_time": "2022-09-20 21:24:02 +0000 UTC",
              "last_update_time": "2022-09-20 21:24:02 +0000 UTC",
              "name": "",
              "spec_hash": "",
              "spec_version": "0",
              "uuid": "0c7a2173-646c-49d9-8e2a-555c00d998cf"
            },
            "name": "TH_TF_Security_Policy_vm_6",
            "ngt_credentials": {},
            "ngt_enabled_capability_list": [],
            "nic_list": [
              {
                "ip_endpoint_list": [],
                "is_connected": "true",
                "mac_address": "50:6b:8d:bd:8f:b6",
                "model": "",
                "network_function_chain_reference": {},
                "network_function_nic_type": "",
                "nic_type": "NORMAL_NIC",
                "num_queues": 0,
                "subnet_name": "Primary",
                "subnet_uuid": "dec93391-161f-4dfc-b514-8b2190f9c496",
                "uuid": "0b9ff806-c16f-4ea0-a175-9bd544fd10e9"
              }
            ],
            "nic_list_status": [
              {
                "floating_ip": "",
                "ip_endpoint_list": [
                  {
                    "ip": "10.38.8.237",
                    "type": "LEARNED"
                  }
                ],
                "is_connected": "true",
                "mac_address": "50:6b:8d:bd:8f:b6",
                "model": "",
                "network_function_chain_reference": {},
                "network_function_nic_type": "",
                "nic_type": "NORMAL_NIC",
                "num_queues": 0,
                "subnet_name": "Primary",
                "subnet_uuid": "dec93391-161f-4dfc-b514-8b2190f9c496",
                "uuid": "0b9ff806-c16f-4ea0-a175-9bd544fd10e9"
              }
            ],
            "num_sockets": 1,
            "num_vcpus_per_socket": 2,
            "num_vnuma_nodes": 0,
            "nutanix_guest_tools": {},
            "owner_reference": {
              "kind": "user",
              "name": "admin",
              "uuid": "00000000-0000-0000-0000-000000000000"
            },
            "parent_reference": {},
            "power_state": "ON",
            "power_state_mechanism": "HARD",
            "project_reference": {
              "kind": "project",
              "name": "_internal",
              "uuid": "7460c314-2b6f-4fef-9dc6-895c5f05ad70"
            },
            "serial_port_list": [],
            "should_fail_on_script_failure": false,
            "state": "COMPLETE",
            "timeouts": null,
            "use_hot_add": true,
            "vga_console_enabled": true
          },
          "sensitive_attributes": [],
          "private": "eyJlMmJmYjczMC1lY2FhLTExZTYtOGY4OC0zNDM2M2JjN2M0YzAiOnsiY3JlYXRlIjozNjAwMDAwMDAwMDAwLCJkZWxldGUiOjM2MDAwMDAwMDAwMDAsInVwZGF0ZSI6MzYwMDAwMDAwMDAwMH0sInNjaGVtYV92ZXJzaW9uIjoiMSJ9",
          "dependencies": [
            "data.nutanix_clusters.clusters",
            "data.nutanix_subnet.Primary",
            "module.vms_in_security_policy.data.nutanix_category_key.AppTierKey",
            "module.vms_in_security_policy.data.nutanix_category_key.AppTypeKey",
            "module.vms_in_security_policy.nutanix_category_value.TH_TF_Secure_AppTier_Desktop",
            "module.vms_in_security_policy.nutanix_category_value.TH_TF_Secure_AppType_Desktop",
            "nutanix_image.TH_TF_CentOS7"
          ]
        },
        {
          "index_key": 7,
          "schema_version": 1,
          "attributes": {
            "api_version": "3.1",
            "availability_zone_reference": {},
            "boot_device_disk_address": {},
            "boot_device_mac_address": "",
            "boot_device_order_list": [],
            "boot_type": "",
            "categories": [
              {
                "name": "AppTier",
                "value": "TH_TF_Secure_AppTier_Desktop"
              },
              {
                "name": "AppType",
                "value": "TH_TF_Secure_AppType_Desktop"
              }
            ],
            "cloud_init_cdrom_uuid": "",
            "cluster_name": "PHX-SPOC008-4",
            "cluster_uuid": "0005e919-6ce0-fb83-57df-ac1f6b6cf232",
            "description": "Tony Hughes Terraform Security Policy VM",
            "disk_list": [
              {
                "data_source_reference": {
                  "kind": "image",
                  "uuid": "0f6a16e3-194a-4b75-8918-fc75a678fc0d"
                },
                "device_properties": [
                  {
                    "device_type": "DISK",
                    "disk_address": {
                      "adapter_type": "SCSI",
                      "device_index": "0"
                    }
                  }
                ],
                "disk_size_bytes": -2147483648,
                "disk_size_mib": 10240,
                "storage_config": [
                  {
                    "flash_mode": "",
                    "storage_container_reference": [
                      {
                        "kind": "storage_container",
                        "name": "SelfServiceContainer",
                        "url": "",
                        "uuid": "332f6d10-0780-464f-a953-ff0bb3392203"
                      }
                    ]
                  }
                ],
                "uuid": "374fd9b8-3061-4cc4-bf30-b9e57d21aa67",
                "volume_group_reference": {}
              }
            ],
            "enable_cpu_passthrough": false,
            "enable_script_exec": false,
            "gpu_list": [],
            "guest_customization_cloud_init_custom_key_values": {},
            "guest_customization_cloud_init_meta_data": "",
            "guest_customization_cloud_init_user_data": "",
            "guest_customization_is_overridable": false,
            "guest_customization_sysprep": {},
            "guest_customization_sysprep_custom_key_values": {},
            "guest_os_id": "",
            "hardware_clock_timezone": "UTC",
            "host_reference": {
              "kind": "host",
              "name": "10.38.8.197",
              "uuid": "1b9a52dd-deca-4557-8ccf-567e6d2ad1b6"
            },
            "hypervisor_type": null,
            "id": "5a1b3ff9-2fd7-4c13-9960-21de07881550",
            "is_vcpu_hard_pinned": false,
            "machine_type": "PC",
            "memory_size_mib": 4096,
            "metadata": {
              "creation_time": "2022-09-20 21:24:05 +0000 UTC",
              "last_update_time": "2022-09-20 21:24:05 +0000 UTC",
              "name": "",
              "spec_hash": "",
              "spec_version": "0",
              "uuid": "5a1b3ff9-2fd7-4c13-9960-21de07881550"
            },
            "name": "TH_TF_Security_Policy_vm_7",
            "ngt_credentials": {},
            "ngt_enabled_capability_list": [],
            "nic_list": [
              {
                "ip_endpoint_list": [],
                "is_connected": "true",
                "mac_address": "50:6b:8d:9e:f1:43",
                "model": "",
                "network_function_chain_reference": {},
                "network_function_nic_type": "",
                "nic_type": "NORMAL_NIC",
                "num_queues": 0,
                "subnet_name": "Primary",
                "subnet_uuid": "dec93391-161f-4dfc-b514-8b2190f9c496",
                "uuid": "65e93662-9e84-4720-90e9-86e5721c6ec9"
              }
            ],
            "nic_list_status": [
              {
                "floating_ip": "",
                "ip_endpoint_list": [
                  {
                    "ip": "10.38.8.243",
                    "type": "LEARNED"
                  }
                ],
                "is_connected": "true",
                "mac_address": "50:6b:8d:9e:f1:43",
                "model": "",
                "network_function_chain_reference": {},
                "network_function_nic_type": "",
                "nic_type": "NORMAL_NIC",
                "num_queues": 0,
                "subnet_name": "Primary",
                "subnet_uuid": "dec93391-161f-4dfc-b514-8b2190f9c496",
                "uuid": "65e93662-9e84-4720-90e9-86e5721c6ec9"
              }
            ],
            "num_sockets": 1,
            "num_vcpus_per_socket": 2,
            "num_vnuma_nodes": 0,
            "nutanix_guest_tools": {},
            "owner_reference": {
              "kind": "user",
              "name": "admin",
              "uuid": "00000000-0000-0000-0000-000000000000"
            },
            "parent_reference": {},
            "power_state": "ON",
            "power_state_mechanism": "HARD",
            "project_reference": {
              "kind": "project",
              "name": "_internal",
              "uuid": "7460c314-2b6f-4fef-9dc6-895c5f05ad70"
            },
            "serial_port_list": [],
            "should_fail_on_script_failure": false,
            "state": "COMPLETE",
            "timeouts": null,
            "use_hot_add": true,
            "vga_console_enabled": true
          },
          "sensitive_attributes": [],
          "private": "eyJlMmJmYjczMC1lY2FhLTExZTYtOGY4OC0zNDM2M2JjN2M0YzAiOnsiY3JlYXRlIjozNjAwMDAwMDAwMDAwLCJkZWxldGUiOjM2MDAwMDAwMDAwMDAsInVwZGF0ZSI6MzYwMDAwMDAwMDAwMH0sInNjaGVtYV92ZXJzaW9uIjoiMSJ9",
          "dependencies": [
            "data.nutanix_clusters.clusters",
            "data.nutanix_subnet.Primary",
            "module.vms_in_security_policy.data.nutanix_category_key.AppTierKey",
            "module.vms_in_security_policy.data.nutanix_category_key.AppTypeKey",
            "module.vms_in_security_policy.nutanix_category_value.TH_TF_Secure_AppTier_Desktop",
            "module.vms_in_security_policy.nutanix_category_value.TH_TF_Secure_AppType_Desktop",
            "nutanix_image.TH_TF_CentOS7"
          ]
        },
        {
          "index_key": 8,
          "schema_version": 1,
          "attributes": {
            "api_version": "3.1",
            "availability_zone_reference": {},
            "boot_device_disk_address": {},
            "boot_device_mac_address": "",
            "boot_device_order_list": [],
            "boot_type": "",
            "categories": [
              {
                "name": "AppTier",
                "value": "TH_TF_Secure_AppTier_Desktop"
              },
              {
                "name": "AppType",
                "value": "TH_TF_Secure_AppType_Desktop"
              }
            ],
            "cloud_init_cdrom_uuid": "",
            "cluster_name": "PHX-SPOC008-4",
            "cluster_uuid": "0005e919-6ce0-fb83-57df-ac1f6b6cf232",
            "description": "Tony Hughes Terraform Security Policy VM",
            "disk_list": [
              {
                "data_source_reference": {
                  "kind": "image",
                  "uuid": "0f6a16e3-194a-4b75-8918-fc75a678fc0d"
                },
                "device_properties": [
                  {
                    "device_type": "DISK",
                    "disk_address": {
                      "adapter_type": "SCSI",
                      "device_index": "0"
                    }
                  }
                ],
                "disk_size_bytes": -2147483648,
                "disk_size_mib": 10240,
                "storage_config": [
                  {
                    "flash_mode": "",
                    "storage_container_reference": [
                      {
                        "kind": "storage_container",
                        "name": "SelfServiceContainer",
                        "url": "",
                        "uuid": "332f6d10-0780-464f-a953-ff0bb3392203"
                      }
                    ]
                  }
                ],
                "uuid": "c2fa53c9-5f5f-4755-b562-19c5435f7d53",
                "volume_group_reference": {}
              }
            ],
            "enable_cpu_passthrough": false,
            "enable_script_exec": false,
            "gpu_list": [],
            "guest_customization_cloud_init_custom_key_values": {},
            "guest_customization_cloud_init_meta_data": "",
            "guest_customization_cloud_init_user_data": "",
            "guest_customization_is_overridable": false,
            "guest_customization_sysprep": {},
            "guest_customization_sysprep_custom_key_values": {},
            "guest_os_id": "",
            "hardware_clock_timezone": "UTC",
            "host_reference": {
              "kind": "host",
              "name": "10.38.8.197",
              "uuid": "1b9a52dd-deca-4557-8ccf-567e6d2ad1b6"
            },
            "hypervisor_type": null,
            "id": "fc4e9a23-5e68-4482-992c-e5976136c22d",
            "is_vcpu_hard_pinned": false,
            "machine_type": "PC",
            "memory_size_mib": 4096,
            "metadata": {
              "creation_time": "2022-09-20 21:24:04 +0000 UTC",
              "last_update_time": "2022-09-20 21:24:04 +0000 UTC",
              "name": "",
              "spec_hash": "",
              "spec_version": "0",
              "uuid": "fc4e9a23-5e68-4482-992c-e5976136c22d"
            },
            "name": "TH_TF_Security_Policy_vm_8",
            "ngt_credentials": {},
            "ngt_enabled_capability_list": [],
            "nic_list": [
              {
                "ip_endpoint_list": [],
                "is_connected": "true",
                "mac_address": "50:6b:8d:f3:0d:af",
                "model": "",
                "network_function_chain_reference": {},
                "network_function_nic_type": "",
                "nic_type": "NORMAL_NIC",
                "num_queues": 0,
                "subnet_name": "Primary",
                "subnet_uuid": "dec93391-161f-4dfc-b514-8b2190f9c496",
                "uuid": "a64e6dd5-7f1d-4bef-ad71-0c368b9c0ca5"
              }
            ],
            "nic_list_status": [
              {
                "floating_ip": "",
                "ip_endpoint_list": [
                  {
                    "ip": "10.38.8.241",
                    "type": "LEARNED"
                  }
                ],
                "is_connected": "true",
                "mac_address": "50:6b:8d:f3:0d:af",
                "model": "",
                "network_function_chain_reference": {},
                "network_function_nic_type": "",
                "nic_type": "NORMAL_NIC",
                "num_queues": 0,
                "subnet_name": "Primary",
                "subnet_uuid": "dec93391-161f-4dfc-b514-8b2190f9c496",
                "uuid": "a64e6dd5-7f1d-4bef-ad71-0c368b9c0ca5"
              }
            ],
            "num_sockets": 1,
            "num_vcpus_per_socket": 2,
            "num_vnuma_nodes": 0,
            "nutanix_guest_tools": {},
            "owner_reference": {
              "kind": "user",
              "name": "admin",
              "uuid": "00000000-0000-0000-0000-000000000000"
            },
            "parent_reference": {},
            "power_state": "ON",
            "power_state_mechanism": "HARD",
            "project_reference": {
              "kind": "project",
              "name": "_internal",
              "uuid": "7460c314-2b6f-4fef-9dc6-895c5f05ad70"
            },
            "serial_port_list": [],
            "should_fail_on_script_failure": false,
            "state": "COMPLETE",
            "timeouts": null,
            "use_hot_add": true,
            "vga_console_enabled": true
          },
          "sensitive_attributes": [],
          "private": "eyJlMmJmYjczMC1lY2FhLTExZTYtOGY4OC0zNDM2M2JjN2M0YzAiOnsiY3JlYXRlIjozNjAwMDAwMDAwMDAwLCJkZWxldGUiOjM2MDAwMDAwMDAwMDAsInVwZGF0ZSI6MzYwMDAwMDAwMDAwMH0sInNjaGVtYV92ZXJzaW9uIjoiMSJ9",
          "dependencies": [
            "data.nutanix_clusters.clusters",
            "data.nutanix_subnet.Primary",
            "module.vms_in_security_policy.data.nutanix_category_key.AppTierKey",
            "module.vms_in_security_policy.data.nutanix_category_key.AppTypeKey",
            "module.vms_in_security_policy.nutanix_category_value.TH_TF_Secure_AppTier_Desktop",
            "module.vms_in_security_policy.nutanix_category_value.TH_TF_Secure_AppType_Desktop",
            "nutanix_image.TH_TF_CentOS7"
          ]
        },
        {
          "index_key": 9,
          "schema_version": 1,
          "attributes": {
            "api_version": "3.1",
            "availability_zone_reference": {},
            "boot_device_disk_address": {},
            "boot_device_mac_address": "",
            "boot_device_order_list": [],
            "boot_type": "",
            "categories": [
              {
                "name": "AppTier",
                "value": "TH_TF_Secure_AppTier_Desktop"
              },
              {
                "name": "AppType",
                "value": "TH_TF_Secure_AppType_Desktop"
              }
            ],
            "cloud_init_cdrom_uuid": "",
            "cluster_name": "PHX-SPOC008-4",
            "cluster_uuid": "0005e919-6ce0-fb83-57df-ac1f6b6cf232",
            "description": "Tony Hughes Terraform Security Policy VM",
            "disk_list": [
              {
                "data_source_reference": {
                  "kind": "image",
                  "uuid": "0f6a16e3-194a-4b75-8918-fc75a678fc0d"
                },
                "device_properties": [
                  {
                    "device_type": "DISK",
                    "disk_address": {
                      "adapter_type": "SCSI",
                      "device_index": "0"
                    }
                  }
                ],
                "disk_size_bytes": -2147483648,
                "disk_size_mib": 10240,
                "storage_config": [
                  {
                    "flash_mode": "",
                    "storage_container_reference": [
                      {
                        "kind": "storage_container",
                        "name": "SelfServiceContainer",
                        "url": "",
                        "uuid": "332f6d10-0780-464f-a953-ff0bb3392203"
                      }
                    ]
                  }
                ],
                "uuid": "54346df2-71b8-406d-bb10-700e621a5849",
                "volume_group_reference": {}
              }
            ],
            "enable_cpu_passthrough": false,
            "enable_script_exec": false,
            "gpu_list": [],
            "guest_customization_cloud_init_custom_key_values": {},
            "guest_customization_cloud_init_meta_data": "",
            "guest_customization_cloud_init_user_data": "",
            "guest_customization_is_overridable": false,
            "guest_customization_sysprep": {},
            "guest_customization_sysprep_custom_key_values": {},
            "guest_os_id": "",
            "hardware_clock_timezone": "UTC",
            "host_reference": {
              "kind": "host",
              "name": "10.38.8.197",
              "uuid": "1b9a52dd-deca-4557-8ccf-567e6d2ad1b6"
            },
            "hypervisor_type": null,
            "id": "d9dc730e-72f2-49b8-a209-472aa59e00f8",
            "is_vcpu_hard_pinned": false,
            "machine_type": "PC",
            "memory_size_mib": 4096,
            "metadata": {
              "creation_time": "2022-09-20 21:24:03 +0000 UTC",
              "last_update_time": "2022-09-20 21:24:03 +0000 UTC",
              "name": "",
              "spec_hash": "",
              "spec_version": "0",
              "uuid": "d9dc730e-72f2-49b8-a209-472aa59e00f8"
            },
            "name": "TH_TF_Security_Policy_vm_9",
            "ngt_credentials": {},
            "ngt_enabled_capability_list": [],
            "nic_list": [
              {
                "ip_endpoint_list": [],
                "is_connected": "true",
                "mac_address": "50:6b:8d:d9:a4:f3",
                "model": "",
                "network_function_chain_reference": {},
                "network_function_nic_type": "",
                "nic_type": "NORMAL_NIC",
                "num_queues": 0,
                "subnet_name": "Primary",
                "subnet_uuid": "dec93391-161f-4dfc-b514-8b2190f9c496",
                "uuid": "c4ab0ade-a905-4deb-a327-eea62eeca545"
              }
            ],
            "nic_list_status": [
              {
                "floating_ip": "",
                "ip_endpoint_list": [
                  {
                    "ip": "10.38.8.239",
                    "type": "LEARNED"
                  }
                ],
                "is_connected": "true",
                "mac_address": "50:6b:8d:d9:a4:f3",
                "model": "",
                "network_function_chain_reference": {},
                "network_function_nic_type": "",
                "nic_type": "NORMAL_NIC",
                "num_queues": 0,
                "subnet_name": "Primary",
                "subnet_uuid": "dec93391-161f-4dfc-b514-8b2190f9c496",
                "uuid": "c4ab0ade-a905-4deb-a327-eea62eeca545"
              }
            ],
            "num_sockets": 1,
            "num_vcpus_per_socket": 2,
            "num_vnuma_nodes": 0,
            "nutanix_guest_tools": {},
            "owner_reference": {
              "kind": "user",
              "name": "admin",
              "uuid": "00000000-0000-0000-0000-000000000000"
            },
            "parent_reference": {},
            "power_state": "ON",
            "power_state_mechanism": "HARD",
            "project_reference": {
              "kind": "project",
              "name": "_internal",
              "uuid": "7460c314-2b6f-4fef-9dc6-895c5f05ad70"
            },
            "serial_port_list": [],
            "should_fail_on_script_failure": false,
            "state": "COMPLETE",
            "timeouts": null,
            "use_hot_add": true,
            "vga_console_enabled": true
          },
          "sensitive_attributes": [],
          "private": "eyJlMmJmYjczMC1lY2FhLTExZTYtOGY4OC0zNDM2M2JjN2M0YzAiOnsiY3JlYXRlIjozNjAwMDAwMDAwMDAwLCJkZWxldGUiOjM2MDAwMDAwMDAwMDAsInVwZGF0ZSI6MzYwMDAwMDAwMDAwMH0sInNjaGVtYV92ZXJzaW9uIjoiMSJ9",
          "dependencies": [
            "data.nutanix_clusters.clusters",
            "data.nutanix_subnet.Primary",
            "module.vms_in_security_policy.data.nutanix_category_key.AppTierKey",
            "module.vms_in_security_policy.data.nutanix_category_key.AppTypeKey",
            "module.vms_in_security_policy.nutanix_category_value.TH_TF_Secure_AppTier_Desktop",
            "module.vms_in_security_policy.nutanix_category_value.TH_TF_Secure_AppType_Desktop",
            "nutanix_image.TH_TF_CentOS7"
          ]
        }
      ]
    }
  ]
}
