{
  "version": 4,
  "terraform_version": "1.2.6",
  "serial": 211,
  "lineage": "a6a2d4e7-94f4-6f79-9c5b-184ecd2acf7f",
  "outputs": {},
  "resources": [
    {
      "mode": "data",
      "type": "nutanix_clusters",
      "name": "clusters",
      "provider": "provider[\"registry.terraform.io/nutanix/nutanix\"]",
      "instances": [
        {
          "schema_version": 0,
          "attributes": {
            "api_version": "3.1",
            "entities": [
              {
                "analysis_vm_efficiency_map": {
                  "bully_vm_num": "0",
                  "constrained_vm_num": "0",
                  "dead_vm_num": "0",
                  "inefficient_vm_num": "0",
                  "overprovisioned_vm_num": "0"
                },
                "api_version": "",
                "authorized_public_key_list": [],
                "build": {
                  "build_type": "release",
                  "commit_date": "",
                  "commit_id": "c1cb24df40aaa4aa848f84003a27af28cc058e58",
                  "full_version": "el7.3-release-fraser-6.5-stable-c1cb24df40aaa4aa848f84003a27af28cc058e58",
                  "short_commit_id": "c1cb24",
                  "version": "6.5"
                },
                "ca_certificate_list": [],
                "categories": [],
                "certification_signing_info": {},
                "client_auth": {},
                "cluster_arch": "X86_64",
                "domain_server_credentials": {},
                "domain_server_name": "",
                "domain_server_nameserver": "",
                "enabled_feature_list": [
                  "PASSWORD_REMOTE_LOGIN_ENABLED",
                  "SHADOW_CLONES_ENABLED"
                ],
                "encryption_status": "NOT_SUPPORTED",
                "external_data_services_ip": "10.38.8.200",
                "external_ip": "10.38.8.199",
                "external_subnet": "10.38.8.192/255.255.255.192",
                "gpu_driver_version": "",
                "http_proxy_list": [],
                "http_proxy_whitelist": [],
                "internal_subnet": "192.168.5.0/255.255.255.128",
                "is_available": true,
                "management_server_list": [],
                "masquerading_ip": "",
                "masquerading_port": 0,
                "metadata": {
                  "creation_time": "2022-09-21 16:13:02 +0000 UTC",
                  "last_update_time": "2022-09-21 16:13:02 +0000 UTC",
                  "name": "",
                  "spec_hash": "00000000000000000000000000000000000000000000000000",
                  "spec_version": "0",
                  "uuid": "0005e924-a651-4252-57df-ac1f6b6cf232"
                },
                "name": "PHX-SPOC008-4",
                "name_server_ip_list": [
                  "10.42.194.10"
                ],
                "nfs_subnet_whitelist": [],
                "nodes": [
                  {
                    "ip": "10.38.8.197",
                    "type": "AHV",
                    "version": "el7.nutanix.20201105.30398"
                  },
                  {
                    "ip": "127.0.0.1",
                    "type": "AHV",
                    "version": ""
                  }
                ],
                "ntp_server_ip_list": [
                  "10.42.194.10"
                ],
                "operation_mode": "NORMAL",
                "owner_reference": {},
                "project_reference": {},
                "service_list": [
                  "AOS"
                ],
                "smtp_server_address": {
                  "fqdn": "smtp.sendgrid.net",
                  "ip": "",
                  "ipv6": "",
                  "port": "587"
                },
                "smtp_server_credentials": {
                  "password": "",
                  "username": "apikey"
                },
                "smtp_server_email_address": "noreply@nutanix.com",
                "smtp_server_proxy_type_list": [],
                "smtp_server_type": "STARTTLS",
                "software_map_ncc": {
                  "software_type": "NCC",
                  "status": "INSTALLED",
                  "version": "ncc-4.6.0"
                },
                "software_map_nos": {
                  "software_type": "NOS",
                  "status": "INSTALLED",
                  "version": "6.5"
                },
                "ssl_key_expire_datetime": "",
                "ssl_key_name": "",
                "ssl_key_signing_info": {},
                "ssl_key_type": "",
                "state": "COMPLETE",
                "supported_information_verbosity": "BASIC_PLUS_CORE_DUMP",
                "timezone": "UTC"
              },
              {
                "analysis_vm_efficiency_map": {},
                "api_version": "",
                "authorized_public_key_list": [],
                "build": {
                  "build_type": "release",
                  "commit_date": "",
                  "commit_id": "c1cb24df40aaa4aa848f84003a27af28cc058e58",
                  "full_version": "el7.3-release-fraser-6.5-stable-c1cb24df40aaa4aa848f84003a27af28cc058e58",
                  "short_commit_id": "c1cb24",
                  "version": "6.5"
                },
                "ca_certificate_list": [],
                "categories": [],
                "certification_signing_info": {},
                "client_auth": {},
                "cluster_arch": "X86_64",
                "domain_server_credentials": {},
                "domain_server_name": "",
                "domain_server_nameserver": "",
                "enabled_feature_list": [
                  "PASSWORD_REMOTE_LOGIN_ENABLED",
                  "SHADOW_CLONES_ENABLED"
                ],
                "encryption_status": "NOT_SUPPORTED",
                "external_data_services_ip": "10.38.10.200",
                "external_ip": "10.38.10.199",
                "external_subnet": "10.38.10.192/255.255.255.192",
                "gpu_driver_version": "",
                "http_proxy_list": [],
                "http_proxy_whitelist": [],
                "internal_subnet": "192.168.5.0/255.255.255.128",
                "is_available": true,
                "management_server_list": [],
                "masquerading_ip": "",
                "masquerading_port": 0,
                "metadata": {
                  "creation_time": "2022-09-21 17:17:35 +0000 UTC",
                  "last_update_time": "2022-09-21 17:17:35 +0000 UTC",
                  "name": "",
                  "spec_hash": "00000000000000000000000000000000000000000000000000",
                  "spec_version": "0",
                  "uuid": "0005e924-4fd8-e995-5989-ac1f6b6e52e7"
                },
                "name": "PHX-SPOC010-4",
                "name_server_ip_list": [
                  "10.42.194.10"
                ],
                "nfs_subnet_whitelist": [],
                "nodes": [
                  {
                    "ip": "10.38.10.197",
                    "type": "AHV",
                    "version": "el7.nutanix.20201105.30398"
                  },
                  {
                    "ip": "127.0.0.1",
                    "type": "AHV",
                    "version": ""
                  }
                ],
                "ntp_server_ip_list": [
                  "10.42.194.10"
                ],
                "operation_mode": "NORMAL",
                "owner_reference": {},
                "project_reference": {},
                "service_list": [
                  "AOS"
                ],
                "smtp_server_address": {
                  "fqdn": "smtp.sendgrid.net",
                  "ip": "",
                  "ipv6": "",
                  "port": "587"
                },
                "smtp_server_credentials": {
                  "password": "",
                  "username": "apikey"
                },
                "smtp_server_email_address": "noreply@nutanix.com",
                "smtp_server_proxy_type_list": [],
                "smtp_server_type": "STARTTLS",
                "software_map_ncc": {
                  "software_type": "NCC",
                  "status": "INSTALLED",
                  "version": "ncc-4.6.0"
                },
                "software_map_nos": {
                  "software_type": "NOS",
                  "status": "INSTALLED",
                  "version": "6.5"
                },
                "ssl_key_expire_datetime": "",
                "ssl_key_name": "",
                "ssl_key_signing_info": {},
                "ssl_key_type": "",
                "state": "COMPLETE",
                "supported_information_verbosity": "BASIC_PLUS_CORE_DUMP",
                "timezone": "UTC"
              },
              {
                "analysis_vm_efficiency_map": {},
                "api_version": "",
                "authorized_public_key_list": [],
                "build": {
                  "build_type": "release",
                  "commit_date": "2022-05-06T12:14:07Z",
                  "commit_id": "e7131217629fdf9648d499c716861c2d07640de9",
                  "full_version": "el7.3-release-fraser-6.1-stable-pc-2-e7131217629fdf9648d499c716861c2d07640de9",
                  "short_commit_id": "e71312",
                  "version": "pc"
                },
                "ca_certificate_list": [],
                "categories": [],
                "certification_signing_info": {},
                "client_auth": {},
                "cluster_arch": "X86_64",
                "domain_server_credentials": {},
                "domain_server_name": "",
                "domain_server_nameserver": "",
                "enabled_feature_list": [
                  "PASSWORD_REMOTE_LOGIN_ENABLED",
                  "SHADOW_CLONES_ENABLED"
                ],
                "encryption_status": "NOT_SUPPORTED",
                "external_data_services_ip": "",
                "external_ip": "",
                "external_subnet": "10.38.8.192/255.255.255.192",
                "gpu_driver_version": "",
                "http_proxy_list": [],
                "http_proxy_whitelist": [],
                "internal_subnet": "10.38.8.192/255.255.255.192",
                "is_available": true,
                "management_server_list": [],
                "masquerading_ip": "",
                "masquerading_port": 0,
                "metadata": {
                  "creation_time": "2022-09-21 16:04:12 +0000 UTC",
                  "last_update_time": "2022-09-21 16:04:12 +0000 UTC",
                  "name": "",
                  "spec_hash": "00000000000000000000000000000000000000000000000000",
                  "spec_version": "2",
                  "uuid": "54f6d60b-3a81-4bfa-91c6-c9480e7afb74"
                },
                "name": "Unnamed",
                "name_server_ip_list": [
                  "10.38.8.244",
                  "8.8.8.8"
                ],
                "nfs_subnet_whitelist": [],
                "nodes": [],
                "ntp_server_ip_list": [
                  "10.38.8.244",
                  "8.8.8.8"
                ],
                "operation_mode": "NORMAL",
                "owner_reference": {},
                "project_reference": {},
                "service_list": [
                  "PRISM_CENTRAL"
                ],
                "smtp_server_address": {},
                "smtp_server_credentials": {},
                "smtp_server_email_address": "",
                "smtp_server_proxy_type_list": [],
                "smtp_server_type": "",
                "software_map_ncc": {
                  "software_type": "NCC",
                  "status": "INSTALLED",
                  "version": "ncc-4.6.0"
                },
                "software_map_nos": {
                  "software_type": "NOS",
                  "status": "INSTALLED",
                  "version": "6.1"
                },
                "ssl_key_expire_datetime": "",
                "ssl_key_name": "",
                "ssl_key_signing_info": {},
                "ssl_key_type": "",
                "state": "COMPLETE",
                "supported_information_verbosity": "",
                "timezone": "America/Los_Angeles"
              }
            ],
            "id": "terraform-20220921175338432200000001"
          },
          "sensitive_attributes": []
        }
      ]
    },
    {
      "mode": "data",
      "type": "nutanix_subnet",
      "name": "Primary",
      "provider": "provider[\"registry.terraform.io/nutanix/nutanix\"]",
      "instances": [
        {
          "schema_version": 0,
          "attributes": {
            "additional_filter": [
              {
                "name": "cluster_reference.uuid",
                "values": [
                  "0005e924-a651-4252-57df-ac1f6b6cf232"
                ]
              },
              {
                "name": "name",
                "values": [
                  "Primary"
                ]
              }
            ],
            "api_version": "",
            "availability_zone_reference": {},
            "categories": [],
            "cluster_name": "PHX-SPOC008-4",
            "cluster_uuid": "0005e924-a651-4252-57df-ac1f6b6cf232",
            "default_gateway_ip": "",
            "description": "Rx-Automation Generated Network",
            "dhcp_domain_name_server_list": [],
            "dhcp_domain_search_list": [],
            "dhcp_options": {},
            "dhcp_server_address": {},
            "dhcp_server_address_port": 0,
            "enable_nat": false,
            "id": "13a890a9-102f-4f12-9b4f-bb68fb02ec4a",
            "ip_config_pool_list_ranges": [],
            "is_external": false,
            "message_list": null,
            "metadata": {
              "creation_time": "2022-09-21 17:06:03 +0000 UTC",
              "last_update_time": "2022-09-21 17:06:03 +0000 UTC",
              "name": "",
              "spec_hash": "00000000000000000000000000000000000000000000000000",
              "spec_version": "0",
              "uuid": "13a890a9-102f-4f12-9b4f-bb68fb02ec4a"
            },
            "name": "Primary",
            "network_function_chain_reference": {},
            "owner_reference": {},
            "prefix_length": 0,
            "project_reference": {},
            "state": "COMPLETE",
            "subnet_id": null,
            "subnet_ip": "",
            "subnet_name": "Primary",
            "subnet_type": "VLAN",
            "vlan_id": 0,
            "vpc_reference": {},
            "vswitch_name": "br0"
          },
          "sensitive_attributes": []
        }
      ]
    },
    {
      "mode": "managed",
      "type": "nutanix_image",
      "name": "AMH_TF_AUTO_CentOS7",
      "provider": "provider[\"registry.terraform.io/nutanix/nutanix\"]",
      "instances": [
        {
          "schema_version": 1,
          "attributes": {
            "api_version": "3.1",
            "architecture": null,
            "availability_zone_reference": {},
            "categories": [],
            "checksum": {},
            "cluster_name": null,
            "cluster_references": [],
            "cluster_uuid": null,
            "current_cluster_reference_list": [
              {
                "kind": "cluster",
                "name": "",
                "uuid": "0005e924-4fd8-e995-5989-ac1f6b6e52e7"
              },
              {
                "kind": "cluster",
                "name": "",
                "uuid": "0005e924-a651-4252-57df-ac1f6b6cf232"
              }
            ],
            "description": "AMH_TF_CentOS7 qcow image",
            "id": "a4fb3e38-4bda-467d-b1cd-d52f725cff65",
            "image_type": "DISK_IMAGE",
            "metadata": {
              "creation_time": "2022-09-21 17:53:27 +0000 UTC",
              "last_update_time": "2022-09-21 17:54:32 +0000 UTC",
              "name": "",
              "spec_hash": "00000000000000000000000000000000000000000000000000",
              "spec_version": "1",
              "uuid": "a4fb3e38-4bda-467d-b1cd-d52f725cff65"
            },
            "name": "AMH_TF_CentOS7",
            "owner_reference": {
              "kind": "user",
              "name": "admin",
              "uuid": "00000000-0000-0000-0000-000000000000"
            },
            "project_reference": null,
            "retrieval_uri_list": [
              "https://127.0.0.1:9440/api/nutanix/v3/images/a4fb3e38-4bda-467d-b1cd-d52f725cff65/file"
            ],
            "size_bytes": -2147483648,
            "source_path": null,
            "source_uri": "http://10.42.194.11/workshop_staging/CentOS7.qcow2",
            "state": "COMPLETE",
            "timeouts": null,
            "version": {}
          },
          "sensitive_attributes": [],
          "private": "eyJlMmJmYjczMC1lY2FhLTExZTYtOGY4OC0zNDM2M2JjN2M0YzAiOnsiY3JlYXRlIjozNjAwMDAwMDAwMDAwLCJkZWxldGUiOjM2MDAwMDAwMDAwMDAsInVwZGF0ZSI6MzYwMDAwMDAwMDAwMH0sInNjaGVtYV92ZXJzaW9uIjoiMSJ9"
        }
      ]
    },
    {
      "module": "module.vms_in_security_policy",
      "mode": "data",
      "type": "nutanix_category_key",
      "name": "AppTierKey",
      "provider": "provider[\"registry.terraform.io/nutanix/nutanix\"]",
      "instances": [
        {
          "schema_version": 0,
          "attributes": {
            "api_version": "",
            "description": "Application tier.",
            "id": "AppTier",
            "name": "AppTier",
            "system_defined": true,
            "values": [
              "Default"
            ]
          },
          "sensitive_attributes": []
        }
      ]
    },
    {
      "module": "module.vms_in_security_policy",
      "mode": "data",
      "type": "nutanix_category_key",
      "name": "AppTypeKey",
      "provider": "provider[\"registry.terraform.io/nutanix/nutanix\"]",
      "instances": [
        {
          "schema_version": 0,
          "attributes": {
            "api_version": "",
            "description": "Application type.",
            "id": "AppType",
            "name": "AppType",
            "system_defined": true,
            "values": [
              "Default",
              "Hadoop",
              "Oracle_DB",
              "Microsoft_SQL",
              "Apache_Spark",
              "Exchange",
              "Kubernetes",
              "Git_Server",
              "Inventory",
              "Employee_Payroll"
            ]
          },
          "sensitive_attributes": []
        }
      ]
    },
    {
      "module": "module.vms_in_security_policy",
      "mode": "managed",
      "type": "nutanix_category_value",
      "name": "AMH_TF_AUTO_Secure_AppTier_Desktop",
      "provider": "provider[\"registry.terraform.io/nutanix/nutanix\"]",
      "instances": [
        {
          "schema_version": 0,
          "attributes": {
            "api_version": "",
            "description": "",
            "id": "AMH_TF_Secure_AppTier_Desktop",
            "name": "AppTier",
            "system_defined": false,
            "value": "AMH_TF_Secure_AppTier_Desktop"
          },
          "sensitive_attributes": [],
          "private": "bnVsbA==",
          "dependencies": [
            "module.vms_in_security_policy.data.nutanix_category_key.AppTierKey"
          ]
        }
      ]
    },
    {
      "module": "module.vms_in_security_policy",
      "mode": "managed",
      "type": "nutanix_category_value",
      "name": "AMH_TF_AUTO_Secure_AppType_Desktop",
      "provider": "provider[\"registry.terraform.io/nutanix/nutanix\"]",
      "instances": [
        {
          "schema_version": 0,
          "attributes": {
            "api_version": "",
            "description": "",
            "id": "AMH_TF_Secure_AppType_Desktop",
            "name": "AppType",
            "system_defined": false,
            "value": "AMH_TF_Secure_AppType_Desktop"
          },
          "sensitive_attributes": [],
          "private": "bnVsbA==",
          "dependencies": [
            "module.vms_in_security_policy.data.nutanix_category_key.AppTypeKey"
          ]
        }
      ]
    },
    {
      "module": "module.vms_in_security_policy",
      "mode": "managed",
      "type": "nutanix_network_security_rule",
      "name": "AMH_TF_AUTO_Secure_Desktops",
      "provider": "provider[\"registry.terraform.io/nutanix/nutanix\"]",
      "instances": [
        {
          "schema_version": 1,
          "attributes": {
            "ad_rule_action": null,
            "ad_rule_inbound_allow_list": null,
            "ad_rule_outbound_allow_list": null,
            "ad_rule_target_group_default_internal_policy": null,
            "ad_rule_target_group_filter_kind_list": [],
            "ad_rule_target_group_filter_params": [],
            "ad_rule_target_group_filter_type": null,
            "ad_rule_target_group_peer_specification_type": null,
            "allow_ipv6_traffic": null,
            "api_version": "3.1",
            "app_rule_action": "MONITOR",
            "app_rule_inbound_allow_list": [
              {
                "address_group_inclusion_list": [],
                "expiration_time": "",
                "filter_kind_list": [],
                "filter_params": [],
                "filter_type": "",
                "icmp_type_code_list": [],
                "ip_subnet": "0.0.0.0",
                "ip_subnet_prefix_length": "0",
                "network_function_chain_reference": {},
                "peer_specification_type": "IP_SUBNET",
                "protocol": "TCP",
                "service_group_list": [],
                "tcp_port_range_list": [
                  {
                    "end_port": 22,
                    "start_port": 22
                  },
                  {
                    "end_port": 80,
                    "start_port": 80
                  },
                  {
                    "end_port": 443,
                    "start_port": 443
                  },
                  {
                    "end_port": 3389,
                    "start_port": 3389
                  },
                  {
                    "end_port": 20009,
                    "start_port": 20009
                  }
                ],
                "udp_port_range_list": []
              }
            ],
            "app_rule_outbound_allow_list": [
              {
                "address_group_inclusion_list": [],
                "expiration_time": "",
                "filter_kind_list": [],
                "filter_params": [],
                "filter_type": "",
                "icmp_type_code_list": [],
                "ip_subnet": "0.0.0.0",
                "ip_subnet_prefix_length": "0",
                "network_function_chain_reference": {},
                "peer_specification_type": "IP_SUBNET",
                "protocol": "TCP",
                "service_group_list": [],
                "tcp_port_range_list": [
                  {
                    "end_port": 80,
                    "start_port": 80
                  },
                  {
                    "end_port": 443,
                    "start_port": 443
                  }
                ],
                "udp_port_range_list": []
              }
            ],
            "app_rule_target_group_default_internal_policy": "DENY_ALL",
            "app_rule_target_group_filter_kind_list": [
              "vm"
            ],
            "app_rule_target_group_filter_params": [
              {
                "name": "AppTier",
                "values": [
                  "AMH_TF_Secure_AppTier_Desktop"
                ]
              },
              {
                "name": "AppType",
                "values": [
                  "AMH_TF_Secure_AppType_Desktop"
                ]
              }
            ],
            "app_rule_target_group_filter_type": "CATEGORIES_MATCH_ALL",
            "app_rule_target_group_peer_specification_type": "FILTER",
            "categories": [],
            "description": "AMH_TF_Terraform created Rule to Secure Desktops",
            "id": "ab40a334-ffeb-4618-900f-c24a331e94f6",
            "is_policy_hitlog_enabled": null,
            "isolation_rule_action": null,
            "isolation_rule_first_entity_filter_kind_list": [],
            "isolation_rule_first_entity_filter_params": [],
            "isolation_rule_first_entity_filter_type": null,
            "isolation_rule_second_entity_filter_kind_list": [],
            "isolation_rule_second_entity_filter_params": [],
            "isolation_rule_second_entity_filter_type": null,
            "metadata": {
              "creation_time": "2022-09-21 17:53:28 +0000 UTC",
              "last_update_time": "2022-09-21 17:56:21 +0000 UTC",
              "name": "",
              "spec_hash": "00000000000000000000000000000000000000000000000000",
              "spec_version": "0",
              "uuid": "ab40a334-ffeb-4618-900f-c24a331e94f6"
            },
            "name": "AMH_TF_Secure_Desktops",
            "owner_reference": {
              "kind": "user",
              "name": "admin",
              "uuid": "00000000-0000-0000-0000-000000000000"
            },
            "project_reference": {},
            "timeouts": null
          },
          "sensitive_attributes": [],
          "private": "eyJlMmJmYjczMC1lY2FhLTExZTYtOGY4OC0zNDM2M2JjN2M0YzAiOnsiY3JlYXRlIjozNjAwMDAwMDAwMDAwLCJkZWxldGUiOjM2MDAwMDAwMDAwMDAsInVwZGF0ZSI6MzYwMDAwMDAwMDAwMH0sInNjaGVtYV92ZXJzaW9uIjoiMSJ9",
          "dependencies": [
            "module.vms_in_security_policy.data.nutanix_category_key.AppTierKey",
            "module.vms_in_security_policy.data.nutanix_category_key.AppTypeKey",
            "module.vms_in_security_policy.nutanix_category_value.AMH_TF_AUTO_Secure_AppTier_Desktop",
            "module.vms_in_security_policy.nutanix_category_value.AMH_TF_AUTO_Secure_AppType_Desktop"
          ]
        }
      ]
    },
    {
      "module": "module.vms_in_security_policy",
      "mode": "managed",
      "type": "nutanix_virtual_machine",
      "name": "AMH_TF_AUTO_Security_Policy_vm",
      "provider": "provider[\"registry.terraform.io/nutanix/nutanix\"]",
      "instances": [
        {
          "index_key": 0,
          "schema_version": 1,
          "attributes": {
            "api_version": "3.1",
            "availability_zone_reference": {},
            "boot_device_disk_address": {},
            "boot_device_mac_address": "",
            "boot_device_order_list": [],
            "boot_type": "",
            "categories": [
              {
                "name": "AppTier",
                "value": "AMH_TF_Secure_AppTier_Desktop"
              },
              {
                "name": "AppType",
                "value": "AMH_TF_Secure_AppType_Desktop"
              }
            ],
            "cloud_init_cdrom_uuid": "",
            "cluster_name": "PHX-SPOC008-4",
            "cluster_uuid": "0005e924-a651-4252-57df-ac1f6b6cf232",
            "description": "AMH_TF_Security Policy VM",
            "disk_list": [
              {
                "data_source_reference": {
                  "kind": "image",
                  "uuid": "a4fb3e38-4bda-467d-b1cd-d52f725cff65"
                },
                "device_properties": [
                  {
                    "device_type": "DISK",
                    "disk_address": {
                      "adapter_type": "SCSI",
                      "device_index": "0"
                    }
                  }
                ],
                "disk_size_bytes": -2147483648,
                "disk_size_mib": 10240,
                "storage_config": [
                  {
                    "flash_mode": "",
                    "storage_container_reference": [
                      {
                        "kind": "storage_container",
                        "name": "SelfServiceContainer",
                        "url": "",
                        "uuid": "21e3e5a5-d639-404c-acfe-611e0e60aa8e"
                      }
                    ]
                  }
                ],
                "uuid": "94cd0e05-c4c1-42af-ba8b-2a25fb10d138",
                "volume_group_reference": {}
              }
            ],
            "enable_cpu_passthrough": false,
            "enable_script_exec": false,
            "gpu_list": [],
            "guest_customization_cloud_init_custom_key_values": {},
            "guest_customization_cloud_init_meta_data": "",
            "guest_customization_cloud_init_user_data": "",
            "guest_customization_is_overridable": false,
            "guest_customization_sysprep": {},
            "guest_customization_sysprep_custom_key_values": {},
            "guest_os_id": "",
            "hardware_clock_timezone": "UTC",
            "host_reference": {
              "kind": "host",
              "name": "10.38.8.197",
              "uuid": "f178ad55-fdeb-40f2-a35c-ffbd624316c8"
            },
            "hypervisor_type": null,
            "id": "951042f0-018b-4387-818d-9156605eb966",
            "is_vcpu_hard_pinned": false,
            "machine_type": "PC",
            "memory_size_mib": 4096,
            "metadata": {
              "creation_time": "2022-09-21 17:54:44 +0000 UTC",
              "last_update_time": "2022-09-21 17:54:44 +0000 UTC",
              "name": "",
              "spec_hash": "",
              "spec_version": "0",
              "uuid": "951042f0-018b-4387-818d-9156605eb966"
            },
            "name": "AMH_TF_Security_Policy_vm_0",
            "ngt_credentials": {},
            "ngt_enabled_capability_list": [],
            "nic_list": [
              {
                "ip_endpoint_list": [],
                "is_connected": "true",
                "mac_address": "50:6b:8d:d1:b7:d9",
                "model": "",
                "network_function_chain_reference": {},
                "network_function_nic_type": "",
                "nic_type": "NORMAL_NIC",
                "num_queues": 0,
                "subnet_name": "Primary",
                "subnet_uuid": "13a890a9-102f-4f12-9b4f-bb68fb02ec4a",
                "uuid": "d89bc53a-6b97-46b2-a401-fee44da276a8"
              }
            ],
            "nic_list_status": [
              {
                "floating_ip": "",
                "ip_endpoint_list": [
                  {
                    "ip": "10.38.8.217",
                    "type": "LEARNED"
                  }
                ],
                "is_connected": "true",
                "mac_address": "50:6b:8d:d1:b7:d9",
                "model": "",
                "network_function_chain_reference": {},
                "network_function_nic_type": "",
                "nic_type": "NORMAL_NIC",
                "num_queues": 0,
                "subnet_name": "Primary",
                "subnet_uuid": "13a890a9-102f-4f12-9b4f-bb68fb02ec4a",
                "uuid": "d89bc53a-6b97-46b2-a401-fee44da276a8"
              }
            ],
            "num_sockets": 1,
            "num_vcpus_per_socket": 2,
            "num_vnuma_nodes": 0,
            "nutanix_guest_tools": {},
            "owner_reference": {
              "kind": "user",
              "name": "admin",
              "uuid": "00000000-0000-0000-0000-000000000000"
            },
            "parent_reference": {},
            "power_state": "ON",
            "power_state_mechanism": "HARD",
            "project_reference": {
              "kind": "project",
              "name": "_internal",
              "uuid": "09eae4e6-3c37-4ecf-a3a0-618c4be3e9f7"
            },
            "serial_port_list": [],
            "should_fail_on_script_failure": false,
            "state": "COMPLETE",
            "timeouts": null,
            "use_hot_add": true,
            "vga_console_enabled": true
          },
          "sensitive_attributes": [],
          "private": "eyJlMmJmYjczMC1lY2FhLTExZTYtOGY4OC0zNDM2M2JjN2M0YzAiOnsiY3JlYXRlIjozNjAwMDAwMDAwMDAwLCJkZWxldGUiOjM2MDAwMDAwMDAwMDAsInVwZGF0ZSI6MzYwMDAwMDAwMDAwMH0sInNjaGVtYV92ZXJzaW9uIjoiMSJ9",
          "dependencies": [
            "data.nutanix_clusters.clusters",
            "data.nutanix_subnet.Primary",
            "module.vms_in_security_policy.data.nutanix_category_key.AppTierKey",
            "module.vms_in_security_policy.data.nutanix_category_key.AppTypeKey",
            "module.vms_in_security_policy.nutanix_category_value.AMH_TF_AUTO_Secure_AppTier_Desktop",
            "module.vms_in_security_policy.nutanix_category_value.AMH_TF_AUTO_Secure_AppType_Desktop",
            "nutanix_image.AMH_TF_AUTO_CentOS7"
          ]
        },
        {
          "index_key": 1,
          "schema_version": 1,
          "attributes": {
            "api_version": "3.1",
            "availability_zone_reference": {},
            "boot_device_disk_address": {},
            "boot_device_mac_address": "",
            "boot_device_order_list": [],
            "boot_type": "",
            "categories": [
              {
                "name": "AppTier",
                "value": "AMH_TF_Secure_AppTier_Desktop"
              },
              {
                "name": "AppType",
                "value": "AMH_TF_Secure_AppType_Desktop"
              }
            ],
            "cloud_init_cdrom_uuid": "",
            "cluster_name": "PHX-SPOC008-4",
            "cluster_uuid": "0005e924-a651-4252-57df-ac1f6b6cf232",
            "description": "AMH_TF_Security Policy VM",
            "disk_list": [
              {
                "data_source_reference": {
                  "kind": "image",
                  "uuid": "a4fb3e38-4bda-467d-b1cd-d52f725cff65"
                },
                "device_properties": [
                  {
                    "device_type": "DISK",
                    "disk_address": {
                      "adapter_type": "SCSI",
                      "device_index": "0"
                    }
                  }
                ],
                "disk_size_bytes": -2147483648,
                "disk_size_mib": 10240,
                "storage_config": [
                  {
                    "flash_mode": "",
                    "storage_container_reference": [
                      {
                        "kind": "storage_container",
                        "name": "SelfServiceContainer",
                        "url": "",
                        "uuid": "21e3e5a5-d639-404c-acfe-611e0e60aa8e"
                      }
                    ]
                  }
                ],
                "uuid": "e0623c50-61b1-45d0-b026-e6ed35240c46",
                "volume_group_reference": {}
              }
            ],
            "enable_cpu_passthrough": false,
            "enable_script_exec": false,
            "gpu_list": [],
            "guest_customization_cloud_init_custom_key_values": {},
            "guest_customization_cloud_init_meta_data": "",
            "guest_customization_cloud_init_user_data": "",
            "guest_customization_is_overridable": false,
            "guest_customization_sysprep": {},
            "guest_customization_sysprep_custom_key_values": {},
            "guest_os_id": "",
            "hardware_clock_timezone": "UTC",
            "host_reference": {
              "kind": "host",
              "name": "10.38.8.197",
              "uuid": "f178ad55-fdeb-40f2-a35c-ffbd624316c8"
            },
            "hypervisor_type": null,
            "id": "2c4b43e1-d74d-429f-8abd-e1ed2c4a2f49",
            "is_vcpu_hard_pinned": false,
            "machine_type": "PC",
            "memory_size_mib": 4096,
            "metadata": {
              "creation_time": "2022-09-21 17:54:46 +0000 UTC",
              "last_update_time": "2022-09-21 17:54:46 +0000 UTC",
              "name": "",
              "spec_hash": "",
              "spec_version": "0",
              "uuid": "2c4b43e1-d74d-429f-8abd-e1ed2c4a2f49"
            },
            "name": "AMH_TF_Security_Policy_vm_1",
            "ngt_credentials": {},
            "ngt_enabled_capability_list": [],
            "nic_list": [
              {
                "ip_endpoint_list": [],
                "is_connected": "true",
                "mac_address": "50:6b:8d:b0:77:1f",
                "model": "",
                "network_function_chain_reference": {},
                "network_function_nic_type": "",
                "nic_type": "NORMAL_NIC",
                "num_queues": 0,
                "subnet_name": "Primary",
                "subnet_uuid": "13a890a9-102f-4f12-9b4f-bb68fb02ec4a",
                "uuid": "1661d17b-6e3a-4349-a042-e30bcd6602b4"
              }
            ],
            "nic_list_status": [
              {
                "floating_ip": "",
                "ip_endpoint_list": [
                  {
                    "ip": "10.38.8.220",
                    "type": "LEARNED"
                  }
                ],
                "is_connected": "true",
                "mac_address": "50:6b:8d:b0:77:1f",
                "model": "",
                "network_function_chain_reference": {},
                "network_function_nic_type": "",
                "nic_type": "NORMAL_NIC",
                "num_queues": 0,
                "subnet_name": "Primary",
                "subnet_uuid": "13a890a9-102f-4f12-9b4f-bb68fb02ec4a",
                "uuid": "1661d17b-6e3a-4349-a042-e30bcd6602b4"
              }
            ],
            "num_sockets": 1,
            "num_vcpus_per_socket": 2,
            "num_vnuma_nodes": 0,
            "nutanix_guest_tools": {},
            "owner_reference": {
              "kind": "user",
              "name": "admin",
              "uuid": "00000000-0000-0000-0000-000000000000"
            },
            "parent_reference": {},
            "power_state": "ON",
            "power_state_mechanism": "HARD",
            "project_reference": {
              "kind": "project",
              "name": "_internal",
              "uuid": "09eae4e6-3c37-4ecf-a3a0-618c4be3e9f7"
            },
            "serial_port_list": [],
            "should_fail_on_script_failure": false,
            "state": "COMPLETE",
            "timeouts": null,
            "use_hot_add": true,
            "vga_console_enabled": true
          },
          "sensitive_attributes": [],
          "private": "eyJlMmJmYjczMC1lY2FhLTExZTYtOGY4OC0zNDM2M2JjN2M0YzAiOnsiY3JlYXRlIjozNjAwMDAwMDAwMDAwLCJkZWxldGUiOjM2MDAwMDAwMDAwMDAsInVwZGF0ZSI6MzYwMDAwMDAwMDAwMH0sInNjaGVtYV92ZXJzaW9uIjoiMSJ9",
          "dependencies": [
            "data.nutanix_clusters.clusters",
            "data.nutanix_subnet.Primary",
            "module.vms_in_security_policy.data.nutanix_category_key.AppTierKey",
            "module.vms_in_security_policy.data.nutanix_category_key.AppTypeKey",
            "module.vms_in_security_policy.nutanix_category_value.AMH_TF_AUTO_Secure_AppTier_Desktop",
            "module.vms_in_security_policy.nutanix_category_value.AMH_TF_AUTO_Secure_AppType_Desktop",
            "nutanix_image.AMH_TF_AUTO_CentOS7"
          ]
        },
        {
          "index_key": 2,
          "schema_version": 1,
          "attributes": {
            "api_version": "3.1",
            "availability_zone_reference": {},
            "boot_device_disk_address": {},
            "boot_device_mac_address": "",
            "boot_device_order_list": [],
            "boot_type": "",
            "categories": [
              {
                "name": "AppTier",
                "value": "AMH_TF_Secure_AppTier_Desktop"
              },
              {
                "name": "AppType",
                "value": "AMH_TF_Secure_AppType_Desktop"
              }
            ],
            "cloud_init_cdrom_uuid": "",
            "cluster_name": "PHX-SPOC008-4",
            "cluster_uuid": "0005e924-a651-4252-57df-ac1f6b6cf232",
            "description": "AMH_TF_Security Policy VM",
            "disk_list": [
              {
                "data_source_reference": {
                  "kind": "image",
                  "uuid": "a4fb3e38-4bda-467d-b1cd-d52f725cff65"
                },
                "device_properties": [
                  {
                    "device_type": "DISK",
                    "disk_address": {
                      "adapter_type": "SCSI",
                      "device_index": "0"
                    }
                  }
                ],
                "disk_size_bytes": -2147483648,
                "disk_size_mib": 10240,
                "storage_config": [
                  {
                    "flash_mode": "",
                    "storage_container_reference": [
                      {
                        "kind": "storage_container",
                        "name": "SelfServiceContainer",
                        "url": "",
                        "uuid": "21e3e5a5-d639-404c-acfe-611e0e60aa8e"
                      }
                    ]
                  }
                ],
                "uuid": "9a0db1a5-d8ba-433e-9e26-bdaf64f0ce99",
                "volume_group_reference": {}
              }
            ],
            "enable_cpu_passthrough": false,
            "enable_script_exec": false,
            "gpu_list": [],
            "guest_customization_cloud_init_custom_key_values": {},
            "guest_customization_cloud_init_meta_data": "",
            "guest_customization_cloud_init_user_data": "",
            "guest_customization_is_overridable": false,
            "guest_customization_sysprep": {},
            "guest_customization_sysprep_custom_key_values": {},
            "guest_os_id": "",
            "hardware_clock_timezone": "UTC",
            "host_reference": {
              "kind": "host",
              "name": "10.38.8.197",
              "uuid": "f178ad55-fdeb-40f2-a35c-ffbd624316c8"
            },
            "hypervisor_type": null,
            "id": "a271dffd-9f05-4f31-b0d1-9a03fea89bf3",
            "is_vcpu_hard_pinned": false,
            "machine_type": "PC",
            "memory_size_mib": 4096,
            "metadata": {
              "creation_time": "2022-09-21 17:54:40 +0000 UTC",
              "last_update_time": "2022-09-21 17:54:40 +0000 UTC",
              "name": "",
              "spec_hash": "",
              "spec_version": "0",
              "uuid": "a271dffd-9f05-4f31-b0d1-9a03fea89bf3"
            },
            "name": "AMH_TF_Security_Policy_vm_2",
            "ngt_credentials": {},
            "ngt_enabled_capability_list": [],
            "nic_list": [
              {
                "ip_endpoint_list": [],
                "is_connected": "true",
                "mac_address": "50:6b:8d:99:f7:ed",
                "model": "",
                "network_function_chain_reference": {},
                "network_function_nic_type": "",
                "nic_type": "NORMAL_NIC",
                "num_queues": 0,
                "subnet_name": "Primary",
                "subnet_uuid": "13a890a9-102f-4f12-9b4f-bb68fb02ec4a",
                "uuid": "f0f6f534-3dd6-4f6c-947c-b86322f99b14"
              }
            ],
            "nic_list_status": [
              {
                "floating_ip": "",
                "ip_endpoint_list": [
                  {
                    "ip": "10.38.8.214",
                    "type": "LEARNED"
                  }
                ],
                "is_connected": "true",
                "mac_address": "50:6b:8d:99:f7:ed",
                "model": "",
                "network_function_chain_reference": {},
                "network_function_nic_type": "",
                "nic_type": "NORMAL_NIC",
                "num_queues": 0,
                "subnet_name": "Primary",
                "subnet_uuid": "13a890a9-102f-4f12-9b4f-bb68fb02ec4a",
                "uuid": "f0f6f534-3dd6-4f6c-947c-b86322f99b14"
              }
            ],
            "num_sockets": 1,
            "num_vcpus_per_socket": 2,
            "num_vnuma_nodes": 0,
            "nutanix_guest_tools": {},
            "owner_reference": {
              "kind": "user",
              "name": "admin",
              "uuid": "00000000-0000-0000-0000-000000000000"
            },
            "parent_reference": {},
            "power_state": "ON",
            "power_state_mechanism": "HARD",
            "project_reference": {
              "kind": "project",
              "name": "_internal",
              "uuid": "09eae4e6-3c37-4ecf-a3a0-618c4be3e9f7"
            },
            "serial_port_list": [],
            "should_fail_on_script_failure": false,
            "state": "COMPLETE",
            "timeouts": null,
            "use_hot_add": true,
            "vga_console_enabled": true
          },
          "sensitive_attributes": [],
          "private": "eyJlMmJmYjczMC1lY2FhLTExZTYtOGY4OC0zNDM2M2JjN2M0YzAiOnsiY3JlYXRlIjozNjAwMDAwMDAwMDAwLCJkZWxldGUiOjM2MDAwMDAwMDAwMDAsInVwZGF0ZSI6MzYwMDAwMDAwMDAwMH0sInNjaGVtYV92ZXJzaW9uIjoiMSJ9",
          "dependencies": [
            "data.nutanix_clusters.clusters",
            "data.nutanix_subnet.Primary",
            "module.vms_in_security_policy.data.nutanix_category_key.AppTierKey",
            "module.vms_in_security_policy.data.nutanix_category_key.AppTypeKey",
            "module.vms_in_security_policy.nutanix_category_value.AMH_TF_AUTO_Secure_AppTier_Desktop",
            "module.vms_in_security_policy.nutanix_category_value.AMH_TF_AUTO_Secure_AppType_Desktop",
            "nutanix_image.AMH_TF_AUTO_CentOS7"
          ]
        },
        {
          "index_key": 3,
          "schema_version": 1,
          "attributes": {
            "api_version": "3.1",
            "availability_zone_reference": {},
            "boot_device_disk_address": {},
            "boot_device_mac_address": "",
            "boot_device_order_list": [],
            "boot_type": "",
            "categories": [
              {
                "name": "AppTier",
                "value": "AMH_TF_Secure_AppTier_Desktop"
              },
              {
                "name": "AppType",
                "value": "AMH_TF_Secure_AppType_Desktop"
              }
            ],
            "cloud_init_cdrom_uuid": "",
            "cluster_name": "PHX-SPOC008-4",
            "cluster_uuid": "0005e924-a651-4252-57df-ac1f6b6cf232",
            "description": "AMH_TF_Security Policy VM",
            "disk_list": [
              {
                "data_source_reference": {
                  "kind": "image",
                  "uuid": "a4fb3e38-4bda-467d-b1cd-d52f725cff65"
                },
                "device_properties": [
                  {
                    "device_type": "DISK",
                    "disk_address": {
                      "adapter_type": "SCSI",
                      "device_index": "0"
                    }
                  }
                ],
                "disk_size_bytes": -2147483648,
                "disk_size_mib": 10240,
                "storage_config": [
                  {
                    "flash_mode": "",
                    "storage_container_reference": [
                      {
                        "kind": "storage_container",
                        "name": "SelfServiceContainer",
                        "url": "",
                        "uuid": "21e3e5a5-d639-404c-acfe-611e0e60aa8e"
                      }
                    ]
                  }
                ],
                "uuid": "5e6248af-0ad7-45e0-b4a6-fe4b093401b9",
                "volume_group_reference": {}
              }
            ],
            "enable_cpu_passthrough": false,
            "enable_script_exec": false,
            "gpu_list": [],
            "guest_customization_cloud_init_custom_key_values": {},
            "guest_customization_cloud_init_meta_data": "",
            "guest_customization_cloud_init_user_data": "",
            "guest_customization_is_overridable": false,
            "guest_customization_sysprep": {},
            "guest_customization_sysprep_custom_key_values": {},
            "guest_os_id": "",
            "hardware_clock_timezone": "UTC",
            "host_reference": {
              "kind": "host",
              "name": "10.38.8.197",
              "uuid": "f178ad55-fdeb-40f2-a35c-ffbd624316c8"
            },
            "hypervisor_type": null,
            "id": "113d80cb-2485-4102-8ac0-6cf41554c041",
            "is_vcpu_hard_pinned": false,
            "machine_type": "PC",
            "memory_size_mib": 4096,
            "metadata": {
              "creation_time": "2022-09-21 17:54:46 +0000 UTC",
              "last_update_time": "2022-09-21 17:54:46 +0000 UTC",
              "name": "",
              "spec_hash": "",
              "spec_version": "0",
              "uuid": "113d80cb-2485-4102-8ac0-6cf41554c041"
            },
            "name": "AMH_TF_Security_Policy_vm_3",
            "ngt_credentials": {},
            "ngt_enabled_capability_list": [],
            "nic_list": [
              {
                "ip_endpoint_list": [],
                "is_connected": "true",
                "mac_address": "50:6b:8d:ad:ce:2d",
                "model": "",
                "network_function_chain_reference": {},
                "network_function_nic_type": "",
                "nic_type": "NORMAL_NIC",
                "num_queues": 0,
                "subnet_name": "Primary",
                "subnet_uuid": "13a890a9-102f-4f12-9b4f-bb68fb02ec4a",
                "uuid": "f345993c-8671-48eb-81b0-9fa45c975677"
              }
            ],
            "nic_list_status": [
              {
                "floating_ip": "",
                "ip_endpoint_list": [
                  {
                    "ip": "10.38.8.221",
                    "type": "LEARNED"
                  }
                ],
                "is_connected": "true",
                "mac_address": "50:6b:8d:ad:ce:2d",
                "model": "",
                "network_function_chain_reference": {},
                "network_function_nic_type": "",
                "nic_type": "NORMAL_NIC",
                "num_queues": 0,
                "subnet_name": "Primary",
                "subnet_uuid": "13a890a9-102f-4f12-9b4f-bb68fb02ec4a",
                "uuid": "f345993c-8671-48eb-81b0-9fa45c975677"
              }
            ],
            "num_sockets": 1,
            "num_vcpus_per_socket": 2,
            "num_vnuma_nodes": 0,
            "nutanix_guest_tools": {},
            "owner_reference": {
              "kind": "user",
              "name": "admin",
              "uuid": "00000000-0000-0000-0000-000000000000"
            },
            "parent_reference": {},
            "power_state": "ON",
            "power_state_mechanism": "HARD",
            "project_reference": {
              "kind": "project",
              "name": "_internal",
              "uuid": "09eae4e6-3c37-4ecf-a3a0-618c4be3e9f7"
            },
            "serial_port_list": [],
            "should_fail_on_script_failure": false,
            "state": "COMPLETE",
            "timeouts": null,
            "use_hot_add": true,
            "vga_console_enabled": true
          },
          "sensitive_attributes": [],
          "private": "eyJlMmJmYjczMC1lY2FhLTExZTYtOGY4OC0zNDM2M2JjN2M0YzAiOnsiY3JlYXRlIjozNjAwMDAwMDAwMDAwLCJkZWxldGUiOjM2MDAwMDAwMDAwMDAsInVwZGF0ZSI6MzYwMDAwMDAwMDAwMH0sInNjaGVtYV92ZXJzaW9uIjoiMSJ9",
          "dependencies": [
            "data.nutanix_clusters.clusters",
            "data.nutanix_subnet.Primary",
            "module.vms_in_security_policy.data.nutanix_category_key.AppTierKey",
            "module.vms_in_security_policy.data.nutanix_category_key.AppTypeKey",
            "module.vms_in_security_policy.nutanix_category_value.AMH_TF_AUTO_Secure_AppTier_Desktop",
            "module.vms_in_security_policy.nutanix_category_value.AMH_TF_AUTO_Secure_AppType_Desktop",
            "nutanix_image.AMH_TF_AUTO_CentOS7"
          ]
        },
        {
          "index_key": 4,
          "schema_version": 1,
          "attributes": {
            "api_version": "3.1",
            "availability_zone_reference": {},
            "boot_device_disk_address": {},
            "boot_device_mac_address": "",
            "boot_device_order_list": [],
            "boot_type": "",
            "categories": [
              {
                "name": "AppTier",
                "value": "AMH_TF_Secure_AppTier_Desktop"
              },
              {
                "name": "AppType",
                "value": "AMH_TF_Secure_AppType_Desktop"
              }
            ],
            "cloud_init_cdrom_uuid": "",
            "cluster_name": "PHX-SPOC008-4",
            "cluster_uuid": "0005e924-a651-4252-57df-ac1f6b6cf232",
            "description": "AMH_TF_Security Policy VM",
            "disk_list": [
              {
                "data_source_reference": {
                  "kind": "image",
                  "uuid": "a4fb3e38-4bda-467d-b1cd-d52f725cff65"
                },
                "device_properties": [
                  {
                    "device_type": "DISK",
                    "disk_address": {
                      "adapter_type": "SCSI",
                      "device_index": "0"
                    }
                  }
                ],
                "disk_size_bytes": -2147483648,
                "disk_size_mib": 10240,
                "storage_config": [
                  {
                    "flash_mode": "",
                    "storage_container_reference": [
                      {
                        "kind": "storage_container",
                        "name": "SelfServiceContainer",
                        "url": "",
                        "uuid": "21e3e5a5-d639-404c-acfe-611e0e60aa8e"
                      }
                    ]
                  }
                ],
                "uuid": "5ad0d92b-87e6-418a-bf1c-da41ec500b43",
                "volume_group_reference": {}
              }
            ],
            "enable_cpu_passthrough": false,
            "enable_script_exec": false,
            "gpu_list": [],
            "guest_customization_cloud_init_custom_key_values": {},
            "guest_customization_cloud_init_meta_data": "",
            "guest_customization_cloud_init_user_data": "",
            "guest_customization_is_overridable": false,
            "guest_customization_sysprep": {},
            "guest_customization_sysprep_custom_key_values": {},
            "guest_os_id": "",
            "hardware_clock_timezone": "UTC",
            "host_reference": {
              "kind": "host",
              "name": "10.38.8.197",
              "uuid": "f178ad55-fdeb-40f2-a35c-ffbd624316c8"
            },
            "hypervisor_type": null,
            "id": "2314c7a4-ca27-485d-a5a7-e138896e5cd9",
            "is_vcpu_hard_pinned": false,
            "machine_type": "PC",
            "memory_size_mib": 4096,
            "metadata": {
              "creation_time": "2022-09-21 17:54:43 +0000 UTC",
              "last_update_time": "2022-09-21 17:54:43 +0000 UTC",
              "name": "",
              "spec_hash": "",
              "spec_version": "0",
              "uuid": "2314c7a4-ca27-485d-a5a7-e138896e5cd9"
            },
            "name": "AMH_TF_Security_Policy_vm_4",
            "ngt_credentials": {},
            "ngt_enabled_capability_list": [],
            "nic_list": [
              {
                "ip_endpoint_list": [],
                "is_connected": "true",
                "mac_address": "50:6b:8d:ea:0f:35",
                "model": "",
                "network_function_chain_reference": {},
                "network_function_nic_type": "",
                "nic_type": "NORMAL_NIC",
                "num_queues": 0,
                "subnet_name": "Primary",
                "subnet_uuid": "13a890a9-102f-4f12-9b4f-bb68fb02ec4a",
                "uuid": "19b59c83-6b74-4f37-bea3-71dc0468fa40"
              }
            ],
            "nic_list_status": [
              {
                "floating_ip": "",
                "ip_endpoint_list": [
                  {
                    "ip": "10.38.8.215",
                    "type": "LEARNED"
                  }
                ],
                "is_connected": "true",
                "mac_address": "50:6b:8d:ea:0f:35",
                "model": "",
                "network_function_chain_reference": {},
                "network_function_nic_type": "",
                "nic_type": "NORMAL_NIC",
                "num_queues": 0,
                "subnet_name": "Primary",
                "subnet_uuid": "13a890a9-102f-4f12-9b4f-bb68fb02ec4a",
                "uuid": "19b59c83-6b74-4f37-bea3-71dc0468fa40"
              }
            ],
            "num_sockets": 1,
            "num_vcpus_per_socket": 2,
            "num_vnuma_nodes": 0,
            "nutanix_guest_tools": {},
            "owner_reference": {
              "kind": "user",
              "name": "admin",
              "uuid": "00000000-0000-0000-0000-000000000000"
            },
            "parent_reference": {},
            "power_state": "ON",
            "power_state_mechanism": "HARD",
            "project_reference": {
              "kind": "project",
              "name": "_internal",
              "uuid": "09eae4e6-3c37-4ecf-a3a0-618c4be3e9f7"
            },
            "serial_port_list": [],
            "should_fail_on_script_failure": false,
            "state": "COMPLETE",
            "timeouts": null,
            "use_hot_add": true,
            "vga_console_enabled": true
          },
          "sensitive_attributes": [],
          "private": "eyJlMmJmYjczMC1lY2FhLTExZTYtOGY4OC0zNDM2M2JjN2M0YzAiOnsiY3JlYXRlIjozNjAwMDAwMDAwMDAwLCJkZWxldGUiOjM2MDAwMDAwMDAwMDAsInVwZGF0ZSI6MzYwMDAwMDAwMDAwMH0sInNjaGVtYV92ZXJzaW9uIjoiMSJ9",
          "dependencies": [
            "data.nutanix_clusters.clusters",
            "data.nutanix_subnet.Primary",
            "module.vms_in_security_policy.data.nutanix_category_key.AppTierKey",
            "module.vms_in_security_policy.data.nutanix_category_key.AppTypeKey",
            "module.vms_in_security_policy.nutanix_category_value.AMH_TF_AUTO_Secure_AppTier_Desktop",
            "module.vms_in_security_policy.nutanix_category_value.AMH_TF_AUTO_Secure_AppType_Desktop",
            "nutanix_image.AMH_TF_AUTO_CentOS7"
          ]
        },
        {
          "index_key": 5,
          "schema_version": 1,
          "attributes": {
            "api_version": "3.1",
            "availability_zone_reference": {},
            "boot_device_disk_address": {},
            "boot_device_mac_address": "",
            "boot_device_order_list": [],
            "boot_type": "",
            "categories": [
              {
                "name": "AppTier",
                "value": "AMH_TF_Secure_AppTier_Desktop"
              },
              {
                "name": "AppType",
                "value": "AMH_TF_Secure_AppType_Desktop"
              }
            ],
            "cloud_init_cdrom_uuid": "",
            "cluster_name": "PHX-SPOC008-4",
            "cluster_uuid": "0005e924-a651-4252-57df-ac1f6b6cf232",
            "description": "AMH_TF_Security Policy VM",
            "disk_list": [
              {
                "data_source_reference": {
                  "kind": "image",
                  "uuid": "a4fb3e38-4bda-467d-b1cd-d52f725cff65"
                },
                "device_properties": [
                  {
                    "device_type": "DISK",
                    "disk_address": {
                      "adapter_type": "SCSI",
                      "device_index": "0"
                    }
                  }
                ],
                "disk_size_bytes": -2147483648,
                "disk_size_mib": 10240,
                "storage_config": [
                  {
                    "flash_mode": "",
                    "storage_container_reference": [
                      {
                        "kind": "storage_container",
                        "name": "SelfServiceContainer",
                        "url": "",
                        "uuid": "21e3e5a5-d639-404c-acfe-611e0e60aa8e"
                      }
                    ]
                  }
                ],
                "uuid": "1da90a0e-eee6-4300-8ded-be9e67df617d",
                "volume_group_reference": {}
              }
            ],
            "enable_cpu_passthrough": false,
            "enable_script_exec": false,
            "gpu_list": [],
            "guest_customization_cloud_init_custom_key_values": {},
            "guest_customization_cloud_init_meta_data": "",
            "guest_customization_cloud_init_user_data": "",
            "guest_customization_is_overridable": false,
            "guest_customization_sysprep": {},
            "guest_customization_sysprep_custom_key_values": {},
            "guest_os_id": "",
            "hardware_clock_timezone": "UTC",
            "host_reference": {
              "kind": "host",
              "name": "10.38.8.197",
              "uuid": "f178ad55-fdeb-40f2-a35c-ffbd624316c8"
            },
            "hypervisor_type": null,
            "id": "f79e9d12-dddf-43ef-9ba6-1f307beac4ca",
            "is_vcpu_hard_pinned": false,
            "machine_type": "PC",
            "memory_size_mib": 4096,
            "metadata": {
              "creation_time": "2022-09-21 17:55:21 +0000 UTC",
              "last_update_time": "2022-09-21 17:55:21 +0000 UTC",
              "name": "",
              "spec_hash": "",
              "spec_version": "0",
              "uuid": "f79e9d12-dddf-43ef-9ba6-1f307beac4ca"
            },
            "name": "AMH_TF_Security_Policy_vm_5",
            "ngt_credentials": {},
            "ngt_enabled_capability_list": [],
            "nic_list": [
              {
                "ip_endpoint_list": [],
                "is_connected": "true",
                "mac_address": "50:6b:8d:ba:cd:07",
                "model": "",
                "network_function_chain_reference": {},
                "network_function_nic_type": "",
                "nic_type": "NORMAL_NIC",
                "num_queues": 0,
                "subnet_name": "Primary",
                "subnet_uuid": "13a890a9-102f-4f12-9b4f-bb68fb02ec4a",
                "uuid": "f3cfb9c1-010c-42e5-a811-39411eaddfe5"
              }
            ],
            "nic_list_status": [
              {
                "floating_ip": "",
                "ip_endpoint_list": [
                  {
                    "ip": "10.38.8.222",
                    "type": "LEARNED"
                  }
                ],
                "is_connected": "true",
                "mac_address": "50:6b:8d:ba:cd:07",
                "model": "",
                "network_function_chain_reference": {},
                "network_function_nic_type": "",
                "nic_type": "NORMAL_NIC",
                "num_queues": 0,
                "subnet_name": "Primary",
                "subnet_uuid": "13a890a9-102f-4f12-9b4f-bb68fb02ec4a",
                "uuid": "f3cfb9c1-010c-42e5-a811-39411eaddfe5"
              }
            ],
            "num_sockets": 1,
            "num_vcpus_per_socket": 2,
            "num_vnuma_nodes": 0,
            "nutanix_guest_tools": {},
            "owner_reference": {
              "kind": "user",
              "name": "admin",
              "uuid": "00000000-0000-0000-0000-000000000000"
            },
            "parent_reference": {},
            "power_state": "ON",
            "power_state_mechanism": "HARD",
            "project_reference": {
              "kind": "project",
              "name": "_internal",
              "uuid": "09eae4e6-3c37-4ecf-a3a0-618c4be3e9f7"
            },
            "serial_port_list": [],
            "should_fail_on_script_failure": false,
            "state": "COMPLETE",
            "timeouts": null,
            "use_hot_add": true,
            "vga_console_enabled": true
          },
          "sensitive_attributes": [],
          "private": "eyJlMmJmYjczMC1lY2FhLTExZTYtOGY4OC0zNDM2M2JjN2M0YzAiOnsiY3JlYXRlIjozNjAwMDAwMDAwMDAwLCJkZWxldGUiOjM2MDAwMDAwMDAwMDAsInVwZGF0ZSI6MzYwMDAwMDAwMDAwMH0sInNjaGVtYV92ZXJzaW9uIjoiMSJ9",
          "dependencies": [
            "data.nutanix_clusters.clusters",
            "data.nutanix_subnet.Primary",
            "module.vms_in_security_policy.data.nutanix_category_key.AppTierKey",
            "module.vms_in_security_policy.data.nutanix_category_key.AppTypeKey",
            "module.vms_in_security_policy.nutanix_category_value.AMH_TF_AUTO_Secure_AppTier_Desktop",
            "module.vms_in_security_policy.nutanix_category_value.AMH_TF_AUTO_Secure_AppType_Desktop",
            "nutanix_image.AMH_TF_AUTO_CentOS7"
          ]
        },
        {
          "index_key": 6,
          "schema_version": 1,
          "attributes": {
            "api_version": "3.1",
            "availability_zone_reference": {},
            "boot_device_disk_address": {},
            "boot_device_mac_address": "",
            "boot_device_order_list": [],
            "boot_type": "",
            "categories": [
              {
                "name": "AppTier",
                "value": "AMH_TF_Secure_AppTier_Desktop"
              },
              {
                "name": "AppType",
                "value": "AMH_TF_Secure_AppType_Desktop"
              }
            ],
            "cloud_init_cdrom_uuid": "",
            "cluster_name": "PHX-SPOC008-4",
            "cluster_uuid": "0005e924-a651-4252-57df-ac1f6b6cf232",
            "description": "AMH_TF_Security Policy VM",
            "disk_list": [
              {
                "data_source_reference": {
                  "kind": "image",
                  "uuid": "a4fb3e38-4bda-467d-b1cd-d52f725cff65"
                },
                "device_properties": [
                  {
                    "device_type": "DISK",
                    "disk_address": {
                      "adapter_type": "SCSI",
                      "device_index": "0"
                    }
                  }
                ],
                "disk_size_bytes": -2147483648,
                "disk_size_mib": 10240,
                "storage_config": [
                  {
                    "flash_mode": "",
                    "storage_container_reference": [
                      {
                        "kind": "storage_container",
                        "name": "SelfServiceContainer",
                        "url": "",
                        "uuid": "21e3e5a5-d639-404c-acfe-611e0e60aa8e"
                      }
                    ]
                  }
                ],
                "uuid": "f4d61ab5-a9c3-4481-bcb7-cb897db441dd",
                "volume_group_reference": {}
              }
            ],
            "enable_cpu_passthrough": false,
            "enable_script_exec": false,
            "gpu_list": [],
            "guest_customization_cloud_init_custom_key_values": {},
            "guest_customization_cloud_init_meta_data": "",
            "guest_customization_cloud_init_user_data": "",
            "guest_customization_is_overridable": false,
            "guest_customization_sysprep": {},
            "guest_customization_sysprep_custom_key_values": {},
            "guest_os_id": "",
            "hardware_clock_timezone": "UTC",
            "host_reference": {
              "kind": "host",
              "name": "10.38.8.197",
              "uuid": "f178ad55-fdeb-40f2-a35c-ffbd624316c8"
            },
            "hypervisor_type": null,
            "id": "3f568d01-111f-44e5-a1b8-a1916425cae9",
            "is_vcpu_hard_pinned": false,
            "machine_type": "PC",
            "memory_size_mib": 4096,
            "metadata": {
              "creation_time": "2022-09-21 17:54:44 +0000 UTC",
              "last_update_time": "2022-09-21 17:54:44 +0000 UTC",
              "name": "",
              "spec_hash": "",
              "spec_version": "0",
              "uuid": "3f568d01-111f-44e5-a1b8-a1916425cae9"
            },
            "name": "AMH_TF_Security_Policy_vm_6",
            "ngt_credentials": {},
            "ngt_enabled_capability_list": [],
            "nic_list": [
              {
                "ip_endpoint_list": [],
                "is_connected": "true",
                "mac_address": "50:6b:8d:c1:84:46",
                "model": "",
                "network_function_chain_reference": {},
                "network_function_nic_type": "",
                "nic_type": "NORMAL_NIC",
                "num_queues": 0,
                "subnet_name": "Primary",
                "subnet_uuid": "13a890a9-102f-4f12-9b4f-bb68fb02ec4a",
                "uuid": "edec4389-ee12-4daa-8239-adcb98739539"
              }
            ],
            "nic_list_status": [
              {
                "floating_ip": "",
                "ip_endpoint_list": [
                  {
                    "ip": "10.38.8.216",
                    "type": "LEARNED"
                  }
                ],
                "is_connected": "true",
                "mac_address": "50:6b:8d:c1:84:46",
                "model": "",
                "network_function_chain_reference": {},
                "network_function_nic_type": "",
                "nic_type": "NORMAL_NIC",
                "num_queues": 0,
                "subnet_name": "Primary",
                "subnet_uuid": "13a890a9-102f-4f12-9b4f-bb68fb02ec4a",
                "uuid": "edec4389-ee12-4daa-8239-adcb98739539"
              }
            ],
            "num_sockets": 1,
            "num_vcpus_per_socket": 2,
            "num_vnuma_nodes": 0,
            "nutanix_guest_tools": {},
            "owner_reference": {
              "kind": "user",
              "name": "admin",
              "uuid": "00000000-0000-0000-0000-000000000000"
            },
            "parent_reference": {},
            "power_state": "ON",
            "power_state_mechanism": "HARD",
            "project_reference": {
              "kind": "project",
              "name": "_internal",
              "uuid": "09eae4e6-3c37-4ecf-a3a0-618c4be3e9f7"
            },
            "serial_port_list": [],
            "should_fail_on_script_failure": false,
            "state": "COMPLETE",
            "timeouts": null,
            "use_hot_add": true,
            "vga_console_enabled": true
          },
          "sensitive_attributes": [],
          "private": "eyJlMmJmYjczMC1lY2FhLTExZTYtOGY4OC0zNDM2M2JjN2M0YzAiOnsiY3JlYXRlIjozNjAwMDAwMDAwMDAwLCJkZWxldGUiOjM2MDAwMDAwMDAwMDAsInVwZGF0ZSI6MzYwMDAwMDAwMDAwMH0sInNjaGVtYV92ZXJzaW9uIjoiMSJ9",
          "dependencies": [
            "data.nutanix_clusters.clusters",
            "data.nutanix_subnet.Primary",
            "module.vms_in_security_policy.data.nutanix_category_key.AppTierKey",
            "module.vms_in_security_policy.data.nutanix_category_key.AppTypeKey",
            "module.vms_in_security_policy.nutanix_category_value.AMH_TF_AUTO_Secure_AppTier_Desktop",
            "module.vms_in_security_policy.nutanix_category_value.AMH_TF_AUTO_Secure_AppType_Desktop",
            "nutanix_image.AMH_TF_AUTO_CentOS7"
          ]
        },
        {
          "index_key": 7,
          "schema_version": 1,
          "attributes": {
            "api_version": "3.1",
            "availability_zone_reference": {},
            "boot_device_disk_address": {},
            "boot_device_mac_address": "",
            "boot_device_order_list": [],
            "boot_type": "",
            "categories": [
              {
                "name": "AppTier",
                "value": "AMH_TF_Secure_AppTier_Desktop"
              },
              {
                "name": "AppType",
                "value": "AMH_TF_Secure_AppType_Desktop"
              }
            ],
            "cloud_init_cdrom_uuid": "",
            "cluster_name": "PHX-SPOC008-4",
            "cluster_uuid": "0005e924-a651-4252-57df-ac1f6b6cf232",
            "description": "AMH_TF_Security Policy VM",
            "disk_list": [
              {
                "data_source_reference": {
                  "kind": "image",
                  "uuid": "a4fb3e38-4bda-467d-b1cd-d52f725cff65"
                },
                "device_properties": [
                  {
                    "device_type": "DISK",
                    "disk_address": {
                      "adapter_type": "SCSI",
                      "device_index": "0"
                    }
                  }
                ],
                "disk_size_bytes": -2147483648,
                "disk_size_mib": 10240,
                "storage_config": [
                  {
                    "flash_mode": "",
                    "storage_container_reference": [
                      {
                        "kind": "storage_container",
                        "name": "SelfServiceContainer",
                        "url": "",
                        "uuid": "21e3e5a5-d639-404c-acfe-611e0e60aa8e"
                      }
                    ]
                  }
                ],
                "uuid": "8bf45059-02b3-473f-90d2-894a3de4ce3e",
                "volume_group_reference": {}
              }
            ],
            "enable_cpu_passthrough": false,
            "enable_script_exec": false,
            "gpu_list": [],
            "guest_customization_cloud_init_custom_key_values": {},
            "guest_customization_cloud_init_meta_data": "",
            "guest_customization_cloud_init_user_data": "",
            "guest_customization_is_overridable": false,
            "guest_customization_sysprep": {},
            "guest_customization_sysprep_custom_key_values": {},
            "guest_os_id": "",
            "hardware_clock_timezone": "UTC",
            "host_reference": {
              "kind": "host",
              "name": "10.38.8.197",
              "uuid": "f178ad55-fdeb-40f2-a35c-ffbd624316c8"
            },
            "hypervisor_type": null,
            "id": "6b7a5e21-6ad0-4a4e-9fac-f9ab50d25819",
            "is_vcpu_hard_pinned": false,
            "machine_type": "PC",
            "memory_size_mib": 4096,
            "metadata": {
              "creation_time": "2022-09-21 17:54:45 +0000 UTC",
              "last_update_time": "2022-09-21 17:54:45 +0000 UTC",
              "name": "",
              "spec_hash": "",
              "spec_version": "0",
              "uuid": "6b7a5e21-6ad0-4a4e-9fac-f9ab50d25819"
            },
            "name": "AMH_TF_Security_Policy_vm_7",
            "ngt_credentials": {},
            "ngt_enabled_capability_list": [],
            "nic_list": [
              {
                "ip_endpoint_list": [],
                "is_connected": "true",
                "mac_address": "50:6b:8d:d3:b1:27",
                "model": "",
                "network_function_chain_reference": {},
                "network_function_nic_type": "",
                "nic_type": "NORMAL_NIC",
                "num_queues": 0,
                "subnet_name": "Primary",
                "subnet_uuid": "13a890a9-102f-4f12-9b4f-bb68fb02ec4a",
                "uuid": "4aa7af86-db5b-4297-8afb-eef3818b35ee"
              }
            ],
            "nic_list_status": [
              {
                "floating_ip": "",
                "ip_endpoint_list": [
                  {
                    "ip": "10.38.8.218",
                    "type": "LEARNED"
                  }
                ],
                "is_connected": "true",
                "mac_address": "50:6b:8d:d3:b1:27",
                "model": "",
                "network_function_chain_reference": {},
                "network_function_nic_type": "",
                "nic_type": "NORMAL_NIC",
                "num_queues": 0,
                "subnet_name": "Primary",
                "subnet_uuid": "13a890a9-102f-4f12-9b4f-bb68fb02ec4a",
                "uuid": "4aa7af86-db5b-4297-8afb-eef3818b35ee"
              }
            ],
            "num_sockets": 1,
            "num_vcpus_per_socket": 2,
            "num_vnuma_nodes": 0,
            "nutanix_guest_tools": {},
            "owner_reference": {
              "kind": "user",
              "name": "admin",
              "uuid": "00000000-0000-0000-0000-000000000000"
            },
            "parent_reference": {},
            "power_state": "ON",
            "power_state_mechanism": "HARD",
            "project_reference": {
              "kind": "project",
              "name": "_internal",
              "uuid": "09eae4e6-3c37-4ecf-a3a0-618c4be3e9f7"
            },
            "serial_port_list": [],
            "should_fail_on_script_failure": false,
            "state": "COMPLETE",
            "timeouts": null,
            "use_hot_add": true,
            "vga_console_enabled": true
          },
          "sensitive_attributes": [],
          "private": "eyJlMmJmYjczMC1lY2FhLTExZTYtOGY4OC0zNDM2M2JjN2M0YzAiOnsiY3JlYXRlIjozNjAwMDAwMDAwMDAwLCJkZWxldGUiOjM2MDAwMDAwMDAwMDAsInVwZGF0ZSI6MzYwMDAwMDAwMDAwMH0sInNjaGVtYV92ZXJzaW9uIjoiMSJ9",
          "dependencies": [
            "data.nutanix_clusters.clusters",
            "data.nutanix_subnet.Primary",
            "module.vms_in_security_policy.data.nutanix_category_key.AppTierKey",
            "module.vms_in_security_policy.data.nutanix_category_key.AppTypeKey",
            "module.vms_in_security_policy.nutanix_category_value.AMH_TF_AUTO_Secure_AppTier_Desktop",
            "module.vms_in_security_policy.nutanix_category_value.AMH_TF_AUTO_Secure_AppType_Desktop",
            "nutanix_image.AMH_TF_AUTO_CentOS7"
          ]
        },
        {
          "index_key": 8,
          "schema_version": 1,
          "attributes": {
            "api_version": "3.1",
            "availability_zone_reference": {},
            "boot_device_disk_address": {},
            "boot_device_mac_address": "",
            "boot_device_order_list": [],
            "boot_type": "",
            "categories": [
              {
                "name": "AppTier",
                "value": "AMH_TF_Secure_AppTier_Desktop"
              },
              {
                "name": "AppType",
                "value": "AMH_TF_Secure_AppType_Desktop"
              }
            ],
            "cloud_init_cdrom_uuid": "",
            "cluster_name": "PHX-SPOC008-4",
            "cluster_uuid": "0005e924-a651-4252-57df-ac1f6b6cf232",
            "description": "AMH_TF_Security Policy VM",
            "disk_list": [
              {
                "data_source_reference": {
                  "kind": "image",
                  "uuid": "a4fb3e38-4bda-467d-b1cd-d52f725cff65"
                },
                "device_properties": [
                  {
                    "device_type": "DISK",
                    "disk_address": {
                      "adapter_type": "SCSI",
                      "device_index": "0"
                    }
                  }
                ],
                "disk_size_bytes": -2147483648,
                "disk_size_mib": 10240,
                "storage_config": [
                  {
                    "flash_mode": "",
                    "storage_container_reference": [
                      {
                        "kind": "storage_container",
                        "name": "SelfServiceContainer",
                        "url": "",
                        "uuid": "21e3e5a5-d639-404c-acfe-611e0e60aa8e"
                      }
                    ]
                  }
                ],
                "uuid": "837dd110-6202-4c59-9b68-5e42d56100c6",
                "volume_group_reference": {}
              }
            ],
            "enable_cpu_passthrough": false,
            "enable_script_exec": false,
            "gpu_list": [],
            "guest_customization_cloud_init_custom_key_values": {},
            "guest_customization_cloud_init_meta_data": "",
            "guest_customization_cloud_init_user_data": "",
            "guest_customization_is_overridable": false,
            "guest_customization_sysprep": {},
            "guest_customization_sysprep_custom_key_values": {},
            "guest_os_id": "",
            "hardware_clock_timezone": "UTC",
            "host_reference": {
              "kind": "host",
              "name": "10.38.8.197",
              "uuid": "f178ad55-fdeb-40f2-a35c-ffbd624316c8"
            },
            "hypervisor_type": null,
            "id": "4e181e03-1d9d-4a28-9417-a0b20729222a",
            "is_vcpu_hard_pinned": false,
            "machine_type": "PC",
            "memory_size_mib": 4096,
            "metadata": {
              "creation_time": "2022-09-21 17:54:43 +0000 UTC",
              "last_update_time": "2022-09-21 17:54:43 +0000 UTC",
              "name": "",
              "spec_hash": "",
              "spec_version": "0",
              "uuid": "4e181e03-1d9d-4a28-9417-a0b20729222a"
            },
            "name": "AMH_TF_Security_Policy_vm_8",
            "ngt_credentials": {},
            "ngt_enabled_capability_list": [],
            "nic_list": [
              {
                "ip_endpoint_list": [],
                "is_connected": "true",
                "mac_address": "50:6b:8d:e7:81:22",
                "model": "",
                "network_function_chain_reference": {},
                "network_function_nic_type": "",
                "nic_type": "NORMAL_NIC",
                "num_queues": 0,
                "subnet_name": "Primary",
                "subnet_uuid": "13a890a9-102f-4f12-9b4f-bb68fb02ec4a",
                "uuid": "01ca6429-16c8-429e-a37b-17c5c9a9438c"
              }
            ],
            "nic_list_status": [
              {
                "floating_ip": "",
                "ip_endpoint_list": [
                  {
                    "ip": "10.38.8.213",
                    "type": "LEARNED"
                  }
                ],
                "is_connected": "true",
                "mac_address": "50:6b:8d:e7:81:22",
                "model": "",
                "network_function_chain_reference": {},
                "network_function_nic_type": "",
                "nic_type": "NORMAL_NIC",
                "num_queues": 0,
                "subnet_name": "Primary",
                "subnet_uuid": "13a890a9-102f-4f12-9b4f-bb68fb02ec4a",
                "uuid": "01ca6429-16c8-429e-a37b-17c5c9a9438c"
              }
            ],
            "num_sockets": 1,
            "num_vcpus_per_socket": 2,
            "num_vnuma_nodes": 0,
            "nutanix_guest_tools": {},
            "owner_reference": {
              "kind": "user",
              "name": "admin",
              "uuid": "00000000-0000-0000-0000-000000000000"
            },
            "parent_reference": {},
            "power_state": "ON",
            "power_state_mechanism": "HARD",
            "project_reference": {
              "kind": "project",
              "name": "_internal",
              "uuid": "09eae4e6-3c37-4ecf-a3a0-618c4be3e9f7"
            },
            "serial_port_list": [],
            "should_fail_on_script_failure": false,
            "state": "COMPLETE",
            "timeouts": null,
            "use_hot_add": true,
            "vga_console_enabled": true
          },
          "sensitive_attributes": [],
          "private": "eyJlMmJmYjczMC1lY2FhLTExZTYtOGY4OC0zNDM2M2JjN2M0YzAiOnsiY3JlYXRlIjozNjAwMDAwMDAwMDAwLCJkZWxldGUiOjM2MDAwMDAwMDAwMDAsInVwZGF0ZSI6MzYwMDAwMDAwMDAwMH0sInNjaGVtYV92ZXJzaW9uIjoiMSJ9",
          "dependencies": [
            "data.nutanix_clusters.clusters",
            "data.nutanix_subnet.Primary",
            "module.vms_in_security_policy.data.nutanix_category_key.AppTierKey",
            "module.vms_in_security_policy.data.nutanix_category_key.AppTypeKey",
            "module.vms_in_security_policy.nutanix_category_value.AMH_TF_AUTO_Secure_AppTier_Desktop",
            "module.vms_in_security_policy.nutanix_category_value.AMH_TF_AUTO_Secure_AppType_Desktop",
            "nutanix_image.AMH_TF_AUTO_CentOS7"
          ]
        },
        {
          "index_key": 9,
          "schema_version": 1,
          "attributes": {
            "api_version": "3.1",
            "availability_zone_reference": {},
            "boot_device_disk_address": {},
            "boot_device_mac_address": "",
            "boot_device_order_list": [],
            "boot_type": "",
            "categories": [
              {
                "name": "AppTier",
                "value": "AMH_TF_Secure_AppTier_Desktop"
              },
              {
                "name": "AppType",
                "value": "AMH_TF_Secure_AppType_Desktop"
              }
            ],
            "cloud_init_cdrom_uuid": "",
            "cluster_name": "PHX-SPOC008-4",
            "cluster_uuid": "0005e924-a651-4252-57df-ac1f6b6cf232",
            "description": "AMH_TF_Security Policy VM",
            "disk_list": [
              {
                "data_source_reference": {
                  "kind": "image",
                  "uuid": "a4fb3e38-4bda-467d-b1cd-d52f725cff65"
                },
                "device_properties": [
                  {
                    "device_type": "DISK",
                    "disk_address": {
                      "adapter_type": "SCSI",
                      "device_index": "0"
                    }
                  }
                ],
                "disk_size_bytes": -2147483648,
                "disk_size_mib": 10240,
                "storage_config": [
                  {
                    "flash_mode": "",
                    "storage_container_reference": [
                      {
                        "kind": "storage_container",
                        "name": "SelfServiceContainer",
                        "url": "",
                        "uuid": "21e3e5a5-d639-404c-acfe-611e0e60aa8e"
                      }
                    ]
                  }
                ],
                "uuid": "604e2a72-4ca4-4e8c-ab24-8d4f8837fdb8",
                "volume_group_reference": {}
              }
            ],
            "enable_cpu_passthrough": false,
            "enable_script_exec": false,
            "gpu_list": [],
            "guest_customization_cloud_init_custom_key_values": {},
            "guest_customization_cloud_init_meta_data": "",
            "guest_customization_cloud_init_user_data": "",
            "guest_customization_is_overridable": false,
            "guest_customization_sysprep": {},
            "guest_customization_sysprep_custom_key_values": {},
            "guest_os_id": "",
            "hardware_clock_timezone": "UTC",
            "host_reference": {
              "kind": "host",
              "name": "10.38.8.197",
              "uuid": "f178ad55-fdeb-40f2-a35c-ffbd624316c8"
            },
            "hypervisor_type": null,
            "id": "b2d931dd-e5ab-44ea-a703-2557dc7b8311",
            "is_vcpu_hard_pinned": false,
            "machine_type": "PC",
            "memory_size_mib": 4096,
            "metadata": {
              "creation_time": "2022-09-21 17:54:45 +0000 UTC",
              "last_update_time": "2022-09-21 17:54:45 +0000 UTC",
              "name": "",
              "spec_hash": "",
              "spec_version": "0",
              "uuid": "b2d931dd-e5ab-44ea-a703-2557dc7b8311"
            },
            "name": "AMH_TF_Security_Policy_vm_9",
            "ngt_credentials": {},
            "ngt_enabled_capability_list": [],
            "nic_list": [
              {
                "ip_endpoint_list": [],
                "is_connected": "true",
                "mac_address": "50:6b:8d:ff:df:9f",
                "model": "",
                "network_function_chain_reference": {},
                "network_function_nic_type": "",
                "nic_type": "NORMAL_NIC",
                "num_queues": 0,
                "subnet_name": "Primary",
                "subnet_uuid": "13a890a9-102f-4f12-9b4f-bb68fb02ec4a",
                "uuid": "c8a9a9dd-0157-4c21-b7b3-e54fd18a23b7"
              }
            ],
            "nic_list_status": [
              {
                "floating_ip": "",
                "ip_endpoint_list": [
                  {
                    "ip": "10.38.8.219",
                    "type": "LEARNED"
                  }
                ],
                "is_connected": "true",
                "mac_address": "50:6b:8d:ff:df:9f",
                "model": "",
                "network_function_chain_reference": {},
                "network_function_nic_type": "",
                "nic_type": "NORMAL_NIC",
                "num_queues": 0,
                "subnet_name": "Primary",
                "subnet_uuid": "13a890a9-102f-4f12-9b4f-bb68fb02ec4a",
                "uuid": "c8a9a9dd-0157-4c21-b7b3-e54fd18a23b7"
              }
            ],
            "num_sockets": 1,
            "num_vcpus_per_socket": 2,
            "num_vnuma_nodes": 0,
            "nutanix_guest_tools": {},
            "owner_reference": {
              "kind": "user",
              "name": "admin",
              "uuid": "00000000-0000-0000-0000-000000000000"
            },
            "parent_reference": {},
            "power_state": "ON",
            "power_state_mechanism": "HARD",
            "project_reference": {
              "kind": "project",
              "name": "_internal",
              "uuid": "09eae4e6-3c37-4ecf-a3a0-618c4be3e9f7"
            },
            "serial_port_list": [],
            "should_fail_on_script_failure": false,
            "state": "COMPLETE",
            "timeouts": null,
            "use_hot_add": true,
            "vga_console_enabled": true
          },
          "sensitive_attributes": [],
          "private": "eyJlMmJmYjczMC1lY2FhLTExZTYtOGY4OC0zNDM2M2JjN2M0YzAiOnsiY3JlYXRlIjozNjAwMDAwMDAwMDAwLCJkZWxldGUiOjM2MDAwMDAwMDAwMDAsInVwZGF0ZSI6MzYwMDAwMDAwMDAwMH0sInNjaGVtYV92ZXJzaW9uIjoiMSJ9",
          "dependencies": [
            "data.nutanix_clusters.clusters",
            "data.nutanix_subnet.Primary",
            "module.vms_in_security_policy.data.nutanix_category_key.AppTierKey",
            "module.vms_in_security_policy.data.nutanix_category_key.AppTypeKey",
            "module.vms_in_security_policy.nutanix_category_value.AMH_TF_AUTO_Secure_AppTier_Desktop",
            "module.vms_in_security_policy.nutanix_category_value.AMH_TF_AUTO_Secure_AppType_Desktop",
            "nutanix_image.AMH_TF_AUTO_CentOS7"
          ]
        }
      ]
    }
  ]
}
