{
  "version": 4,
  "terraform_version": "1.2.6",
  "serial": 252,
  "lineage": "a6a2d4e7-94f4-6f79-9c5b-184ecd2acf7f",
  "outputs": {},
  "resources": [
    {
      "mode": "data",
      "type": "nutanix_clusters",
      "name": "clusters",
      "provider": "provider[\"registry.terraform.io/nutanix/nutanix\"]",
      "instances": [
        {
          "schema_version": 0,
          "attributes": {
            "api_version": "3.1",
            "entities": [
              {
                "analysis_vm_efficiency_map": {
                  "bully_vm_num": "0",
                  "constrained_vm_num": "0",
                  "dead_vm_num": "0",
                  "inefficient_vm_num": "0",
                  "overprovisioned_vm_num": "0"
                },
                "api_version": "",
                "authorized_public_key_list": [],
                "build": {
                  "build_type": "release",
                  "commit_date": "",
                  "commit_id": "c1cb24df40aaa4aa848f84003a27af28cc058e58",
                  "full_version": "el7.3-release-fraser-6.5-stable-c1cb24df40aaa4aa848f84003a27af28cc058e58",
                  "short_commit_id": "c1cb24",
                  "version": "6.5"
                },
                "ca_certificate_list": [],
                "categories": [],
                "certification_signing_info": {},
                "client_auth": {},
                "cluster_arch": "X86_64",
                "domain_server_credentials": {},
                "domain_server_name": "",
                "domain_server_nameserver": "",
                "enabled_feature_list": [
                  "PASSWORD_REMOTE_LOGIN_ENABLED",
                  "SHADOW_CLONES_ENABLED"
                ],
                "encryption_status": "NOT_SUPPORTED",
                "external_data_services_ip": "10.38.8.200",
                "external_ip": "10.38.8.199",
                "external_subnet": "10.38.8.192/255.255.255.192",
                "gpu_driver_version": "",
                "http_proxy_list": [],
                "http_proxy_whitelist": [],
                "internal_subnet": "192.168.5.0/255.255.255.128",
                "is_available": true,
                "management_server_list": [],
                "masquerading_ip": "",
                "masquerading_port": 0,
                "metadata": {
                  "creation_time": "2022-09-21 16:13:02 +0000 UTC",
                  "last_update_time": "2022-09-21 16:13:02 +0000 UTC",
                  "name": "",
                  "spec_hash": "00000000000000000000000000000000000000000000000000",
                  "spec_version": "0",
                  "uuid": "0005e924-a651-4252-57df-ac1f6b6cf232"
                },
                "name": "PHX-SPOC008-4",
                "name_server_ip_list": [
                  "10.42.194.10"
                ],
                "nfs_subnet_whitelist": [],
                "nodes": [
                  {
                    "ip": "10.38.8.197",
                    "type": "AHV",
                    "version": "el7.nutanix.20201105.30398"
                  },
                  {
                    "ip": "127.0.0.1",
                    "type": "AHV",
                    "version": ""
                  }
                ],
                "ntp_server_ip_list": [
                  "10.42.194.10"
                ],
                "operation_mode": "NORMAL",
                "owner_reference": {},
                "project_reference": {},
                "service_list": [
                  "AOS"
                ],
                "smtp_server_address": {
                  "fqdn": "smtp.sendgrid.net",
                  "ip": "",
                  "ipv6": "",
                  "port": "587"
                },
                "smtp_server_credentials": {
                  "password": "",
                  "username": "apikey"
                },
                "smtp_server_email_address": "noreply@nutanix.com",
                "smtp_server_proxy_type_list": [],
                "smtp_server_type": "STARTTLS",
                "software_map_ncc": {
                  "software_type": "NCC",
                  "status": "INSTALLED",
                  "version": "ncc-4.6.0"
                },
                "software_map_nos": {
                  "software_type": "NOS",
                  "status": "INSTALLED",
                  "version": "6.5"
                },
                "ssl_key_expire_datetime": "",
                "ssl_key_name": "",
                "ssl_key_signing_info": {},
                "ssl_key_type": "",
                "state": "COMPLETE",
                "supported_information_verbosity": "BASIC_PLUS_CORE_DUMP",
                "timezone": "UTC"
              },
              {
                "analysis_vm_efficiency_map": {
                  "bully_vm_num": "0",
                  "constrained_vm_num": "0",
                  "dead_vm_num": "0",
                  "inefficient_vm_num": "0",
                  "overprovisioned_vm_num": "0"
                },
                "api_version": "",
                "authorized_public_key_list": [],
                "build": {
                  "build_type": "release",
                  "commit_date": "",
                  "commit_id": "c1cb24df40aaa4aa848f84003a27af28cc058e58",
                  "full_version": "el7.3-release-fraser-6.5-stable-c1cb24df40aaa4aa848f84003a27af28cc058e58",
                  "short_commit_id": "c1cb24",
                  "version": "6.5"
                },
                "ca_certificate_list": [],
                "categories": [],
                "certification_signing_info": {},
                "client_auth": {},
                "cluster_arch": "X86_64",
                "domain_server_credentials": {},
                "domain_server_name": "",
                "domain_server_nameserver": "",
                "enabled_feature_list": [
                  "PASSWORD_REMOTE_LOGIN_ENABLED",
                  "SHADOW_CLONES_ENABLED"
                ],
                "encryption_status": "NOT_SUPPORTED",
                "external_data_services_ip": "10.38.10.200",
                "external_ip": "10.38.10.199",
                "external_subnet": "10.38.10.192/255.255.255.192",
                "gpu_driver_version": "",
                "http_proxy_list": [],
                "http_proxy_whitelist": [],
                "internal_subnet": "192.168.5.0/255.255.255.128",
                "is_available": true,
                "management_server_list": [],
                "masquerading_ip": "",
                "masquerading_port": 0,
                "metadata": {
                  "creation_time": "2022-09-21 17:17:35 +0000 UTC",
                  "last_update_time": "2022-09-21 17:17:35 +0000 UTC",
                  "name": "",
                  "spec_hash": "00000000000000000000000000000000000000000000000000",
                  "spec_version": "0",
                  "uuid": "0005e924-4fd8-e995-5989-ac1f6b6e52e7"
                },
                "name": "PHX-SPOC010-4",
                "name_server_ip_list": [
                  "10.42.194.10"
                ],
                "nfs_subnet_whitelist": [],
                "nodes": [
                  {
                    "ip": "10.38.10.197",
                    "type": "AHV",
                    "version": "el7.nutanix.20201105.30398"
                  },
                  {
                    "ip": "127.0.0.1",
                    "type": "AHV",
                    "version": ""
                  }
                ],
                "ntp_server_ip_list": [
                  "10.42.194.10"
                ],
                "operation_mode": "NORMAL",
                "owner_reference": {},
                "project_reference": {},
                "service_list": [
                  "AOS"
                ],
                "smtp_server_address": {
                  "fqdn": "smtp.sendgrid.net",
                  "ip": "",
                  "ipv6": "",
                  "port": "587"
                },
                "smtp_server_credentials": {
                  "password": "",
                  "username": "apikey"
                },
                "smtp_server_email_address": "noreply@nutanix.com",
                "smtp_server_proxy_type_list": [],
                "smtp_server_type": "STARTTLS",
                "software_map_ncc": {
                  "software_type": "NCC",
                  "status": "INSTALLED",
                  "version": "ncc-4.6.0"
                },
                "software_map_nos": {
                  "software_type": "NOS",
                  "status": "INSTALLED",
                  "version": "6.5"
                },
                "ssl_key_expire_datetime": "",
                "ssl_key_name": "",
                "ssl_key_signing_info": {},
                "ssl_key_type": "",
                "state": "COMPLETE",
                "supported_information_verbosity": "BASIC_PLUS_CORE_DUMP",
                "timezone": "UTC"
              },
              {
                "analysis_vm_efficiency_map": {},
                "api_version": "",
                "authorized_public_key_list": [],
                "build": {
                  "build_type": "release",
                  "commit_date": "2022-05-06T12:14:07Z",
                  "commit_id": "e7131217629fdf9648d499c716861c2d07640de9",
                  "full_version": "el7.3-release-fraser-6.1-stable-pc-2-e7131217629fdf9648d499c716861c2d07640de9",
                  "short_commit_id": "e71312",
                  "version": "pc"
                },
                "ca_certificate_list": [],
                "categories": [],
                "certification_signing_info": {},
                "client_auth": {},
                "cluster_arch": "X86_64",
                "domain_server_credentials": {},
                "domain_server_name": "",
                "domain_server_nameserver": "",
                "enabled_feature_list": [
                  "PASSWORD_REMOTE_LOGIN_ENABLED",
                  "SHADOW_CLONES_ENABLED"
                ],
                "encryption_status": "NOT_SUPPORTED",
                "external_data_services_ip": "",
                "external_ip": "",
                "external_subnet": "10.38.8.192/255.255.255.192",
                "gpu_driver_version": "",
                "http_proxy_list": [],
                "http_proxy_whitelist": [],
                "internal_subnet": "10.38.8.192/255.255.255.192",
                "is_available": true,
                "management_server_list": [],
                "masquerading_ip": "",
                "masquerading_port": 0,
                "metadata": {
                  "creation_time": "2022-09-21 16:04:12 +0000 UTC",
                  "last_update_time": "2022-09-21 16:04:12 +0000 UTC",
                  "name": "",
                  "spec_hash": "00000000000000000000000000000000000000000000000000",
                  "spec_version": "2",
                  "uuid": "54f6d60b-3a81-4bfa-91c6-c9480e7afb74"
                },
                "name": "Unnamed",
                "name_server_ip_list": [
                  "10.38.8.244",
                  "8.8.8.8"
                ],
                "nfs_subnet_whitelist": [],
                "nodes": [],
                "ntp_server_ip_list": [
                  "10.38.8.244",
                  "8.8.8.8"
                ],
                "operation_mode": "NORMAL",
                "owner_reference": {},
                "project_reference": {},
                "service_list": [
                  "PRISM_CENTRAL"
                ],
                "smtp_server_address": {},
                "smtp_server_credentials": {},
                "smtp_server_email_address": "",
                "smtp_server_proxy_type_list": [],
                "smtp_server_type": "",
                "software_map_ncc": {
                  "software_type": "NCC",
                  "status": "INSTALLED",
                  "version": "ncc-4.6.0"
                },
                "software_map_nos": {
                  "software_type": "NOS",
                  "status": "INSTALLED",
                  "version": "6.1"
                },
                "ssl_key_expire_datetime": "",
                "ssl_key_name": "",
                "ssl_key_signing_info": {},
                "ssl_key_type": "",
                "state": "COMPLETE",
                "supported_information_verbosity": "",
                "timezone": "America/Los_Angeles"
              }
            ],
            "id": "terraform-20220921194904202100000001"
          },
          "sensitive_attributes": []
        }
      ]
    },
    {
      "mode": "data",
      "type": "nutanix_subnet",
      "name": "Primary",
      "provider": "provider[\"registry.terraform.io/nutanix/nutanix\"]",
      "instances": [
        {
          "schema_version": 0,
          "attributes": {
            "additional_filter": [
              {
                "name": "cluster_reference.uuid",
                "values": [
                  "0005e924-a651-4252-57df-ac1f6b6cf232"
                ]
              },
              {
                "name": "name",
                "values": [
                  "Primary"
                ]
              }
            ],
            "api_version": "",
            "availability_zone_reference": {},
            "categories": [],
            "cluster_name": "PHX-SPOC008-4",
            "cluster_uuid": "0005e924-a651-4252-57df-ac1f6b6cf232",
            "default_gateway_ip": "",
            "description": "Rx-Automation Generated Network",
            "dhcp_domain_name_server_list": [],
            "dhcp_domain_search_list": [],
            "dhcp_options": {},
            "dhcp_server_address": {},
            "dhcp_server_address_port": 0,
            "enable_nat": false,
            "id": "13a890a9-102f-4f12-9b4f-bb68fb02ec4a",
            "ip_config_pool_list_ranges": [],
            "is_external": false,
            "message_list": null,
            "metadata": {
              "creation_time": "2022-09-21 17:06:03 +0000 UTC",
              "last_update_time": "2022-09-21 17:06:03 +0000 UTC",
              "name": "",
              "spec_hash": "00000000000000000000000000000000000000000000000000",
              "spec_version": "0",
              "uuid": "13a890a9-102f-4f12-9b4f-bb68fb02ec4a"
            },
            "name": "Primary",
            "network_function_chain_reference": {},
            "owner_reference": {},
            "prefix_length": 0,
            "project_reference": {},
            "state": "COMPLETE",
            "subnet_id": null,
            "subnet_ip": "",
            "subnet_name": "Primary",
            "subnet_type": "VLAN",
            "vlan_id": 0,
            "vpc_reference": {},
            "vswitch_name": "br0"
          },
          "sensitive_attributes": []
        }
      ]
    },
    {
      "mode": "managed",
      "type": "nutanix_image",
      "name": "AMH_TF_AUTO_CentOS7",
      "provider": "provider[\"registry.terraform.io/nutanix/nutanix\"]",
      "instances": [
        {
          "schema_version": 1,
          "attributes": {
            "api_version": "3.1",
            "architecture": null,
            "availability_zone_reference": {},
            "categories": [],
            "checksum": {},
            "cluster_name": null,
            "cluster_references": [],
            "cluster_uuid": null,
            "current_cluster_reference_list": [
              {
                "kind": "cluster",
                "name": "",
                "uuid": "0005e924-a651-4252-57df-ac1f6b6cf232"
              },
              {
                "kind": "cluster",
                "name": "",
                "uuid": "0005e924-4fd8-e995-5989-ac1f6b6e52e7"
              }
            ],
            "description": "AMH_TF_CentOS7 qcow image",
            "id": "5ee45bb9-a437-4721-8916-e33b6b0bc044",
            "image_type": "DISK_IMAGE",
            "metadata": {
              "creation_time": "2022-09-21 19:48:54 +0000 UTC",
              "last_update_time": "2022-09-21 19:49:54 +0000 UTC",
              "name": "",
              "spec_hash": "00000000000000000000000000000000000000000000000000",
              "spec_version": "1",
              "uuid": "5ee45bb9-a437-4721-8916-e33b6b0bc044"
            },
            "name": "AMH_TF_CentOS7",
            "owner_reference": {
              "kind": "user",
              "name": "admin",
              "uuid": "00000000-0000-0000-0000-000000000000"
            },
            "project_reference": null,
            "retrieval_uri_list": [
              "https://127.0.0.1:9440/api/nutanix/v3/images/5ee45bb9-a437-4721-8916-e33b6b0bc044/file"
            ],
            "size_bytes": -2147483648,
            "source_path": null,
            "source_uri": "http://10.42.194.11/workshop_staging/CentOS7.qcow2",
            "state": "COMPLETE",
            "timeouts": null,
            "version": {}
          },
          "sensitive_attributes": [],
          "private": "eyJlMmJmYjczMC1lY2FhLTExZTYtOGY4OC0zNDM2M2JjN2M0YzAiOnsiY3JlYXRlIjozNjAwMDAwMDAwMDAwLCJkZWxldGUiOjM2MDAwMDAwMDAwMDAsInVwZGF0ZSI6MzYwMDAwMDAwMDAwMH0sInNjaGVtYV92ZXJzaW9uIjoiMSJ9"
        }
      ]
    },
    {
      "module": "module.vms_in_protection_policy",
      "mode": "data",
      "type": "nutanix_category_key",
      "name": "AppTierKey",
      "provider": "provider[\"registry.terraform.io/nutanix/nutanix\"]",
      "instances": [
        {
          "schema_version": 0,
          "attributes": {
            "api_version": "",
            "description": "Application tier.",
            "id": "AppTier",
            "name": "AppTier",
            "system_defined": true,
            "values": [
              "Default"
            ]
          },
          "sensitive_attributes": []
        }
      ]
    },
    {
      "module": "module.vms_in_protection_policy",
      "mode": "data",
      "type": "nutanix_category_key",
      "name": "AppTypeKey",
      "provider": "provider[\"registry.terraform.io/nutanix/nutanix\"]",
      "instances": [
        {
          "schema_version": 0,
          "attributes": {
            "api_version": "",
            "description": "Application type.",
            "id": "AppType",
            "name": "AppType",
            "system_defined": true,
            "values": [
              "Default",
              "Hadoop",
              "Oracle_DB",
              "Microsoft_SQL",
              "Apache_Spark",
              "Exchange",
              "Kubernetes",
              "Git_Server",
              "Inventory",
              "Employee_Payroll"
            ]
          },
          "sensitive_attributes": []
        }
      ]
    },
    {
      "module": "module.vms_in_protection_policy",
      "mode": "managed",
      "type": "nutanix_category_value",
      "name": "AMH_TF_AUTO_Protection_AppTier_Desktop",
      "provider": "provider[\"registry.terraform.io/nutanix/nutanix\"]",
      "instances": [
        {
          "schema_version": 0,
          "attributes": {
            "api_version": "",
            "description": "",
            "id": "AMH_TF_Protection_AppTier_Desktop",
            "name": "AppTier",
            "system_defined": false,
            "value": "AMH_TF_Protection_AppTier_Desktop"
          },
          "sensitive_attributes": [],
          "private": "bnVsbA==",
          "dependencies": [
            "module.vms_in_protection_policy.data.nutanix_category_key.AppTierKey"
          ]
        }
      ]
    },
    {
      "module": "module.vms_in_protection_policy",
      "mode": "managed",
      "type": "nutanix_category_value",
      "name": "AMH_TF_AUTO_Protection_AppType_Desktop",
      "provider": "provider[\"registry.terraform.io/nutanix/nutanix\"]",
      "instances": [
        {
          "schema_version": 0,
          "attributes": {
            "api_version": "",
            "description": "",
            "id": "AMH_TF_Protection_AppType_Desktop",
            "name": "AppType",
            "system_defined": false,
            "value": "AMH_TF_Protection_AppType_Desktop"
          },
          "sensitive_attributes": [],
          "private": "bnVsbA==",
          "dependencies": [
            "module.vms_in_protection_policy.data.nutanix_category_key.AppTypeKey"
          ]
        }
      ]
    },
    {
      "module": "module.vms_in_protection_policy",
      "mode": "managed",
      "type": "nutanix_virtual_machine",
      "name": "AMH_TF_AUTO_Protection_Policy_vm",
      "provider": "provider[\"registry.terraform.io/nutanix/nutanix\"]",
      "instances": [
        {
          "index_key": 0,
          "schema_version": 1,
          "attributes": {
            "api_version": "3.1",
            "availability_zone_reference": {},
            "boot_device_disk_address": {},
            "boot_device_mac_address": "",
            "boot_device_order_list": [],
            "boot_type": "",
            "categories": [
              {
                "name": "AppTier",
                "value": "AMH_TF_Protection_AppTier_Desktop"
              },
              {
                "name": "AppType",
                "value": "AMH_TF_Protection_AppType_Desktop"
              }
            ],
            "cloud_init_cdrom_uuid": "",
            "cluster_name": "PHX-SPOC008-4",
            "cluster_uuid": "0005e924-a651-4252-57df-ac1f6b6cf232",
            "description": "AMH_TF_Proctection Policy VM",
            "disk_list": [
              {
                "data_source_reference": {
                  "kind": "image",
                  "uuid": "5ee45bb9-a437-4721-8916-e33b6b0bc044"
                },
                "device_properties": [
                  {
                    "device_type": "DISK",
                    "disk_address": {
                      "adapter_type": "SCSI",
                      "device_index": "0"
                    }
                  }
                ],
                "disk_size_bytes": -2147483648,
                "disk_size_mib": 10240,
                "storage_config": [
                  {
                    "flash_mode": "",
                    "storage_container_reference": [
                      {
                        "kind": "storage_container",
                        "name": "SelfServiceContainer",
                        "url": "",
                        "uuid": "21e3e5a5-d639-404c-acfe-611e0e60aa8e"
                      }
                    ]
                  }
                ],
                "uuid": "e8b50021-aa92-4aea-9aba-28bc2893e3a2",
                "volume_group_reference": {}
              }
            ],
            "enable_cpu_passthrough": false,
            "enable_script_exec": false,
            "gpu_list": [],
            "guest_customization_cloud_init_custom_key_values": {},
            "guest_customization_cloud_init_meta_data": "",
            "guest_customization_cloud_init_user_data": "",
            "guest_customization_is_overridable": false,
            "guest_customization_sysprep": {},
            "guest_customization_sysprep_custom_key_values": {},
            "guest_os_id": "",
            "hardware_clock_timezone": "UTC",
            "host_reference": {
              "kind": "host",
              "name": "10.38.8.197",
              "uuid": "f178ad55-fdeb-40f2-a35c-ffbd624316c8"
            },
            "hypervisor_type": null,
            "id": "5036f1c1-5bad-430b-844a-22e43f4bfe6e",
            "is_vcpu_hard_pinned": false,
            "machine_type": "PC",
            "memory_size_mib": 4096,
            "metadata": {
              "creation_time": "2022-09-21 19:49:59 +0000 UTC",
              "last_update_time": "2022-09-21 19:49:59 +0000 UTC",
              "name": "",
              "spec_hash": "",
              "spec_version": "0",
              "uuid": "5036f1c1-5bad-430b-844a-22e43f4bfe6e"
            },
            "name": "AMH_TF_Protection_Policy_vm_0",
            "ngt_credentials": {},
            "ngt_enabled_capability_list": [],
            "nic_list": [
              {
                "ip_endpoint_list": [],
                "is_connected": "true",
                "mac_address": "50:6b:8d:a6:82:fa",
                "model": "",
                "network_function_chain_reference": {},
                "network_function_nic_type": "",
                "nic_type": "NORMAL_NIC",
                "num_queues": 0,
                "subnet_name": "Primary",
                "subnet_uuid": "13a890a9-102f-4f12-9b4f-bb68fb02ec4a",
                "uuid": "ffd85056-9a34-46fb-b729-06468627689e"
              }
            ],
            "nic_list_status": [
              {
                "floating_ip": "",
                "ip_endpoint_list": [
                  {
                    "ip": "10.38.8.227",
                    "type": "LEARNED"
                  }
                ],
                "is_connected": "true",
                "mac_address": "50:6b:8d:a6:82:fa",
                "model": "",
                "network_function_chain_reference": {},
                "network_function_nic_type": "",
                "nic_type": "NORMAL_NIC",
                "num_queues": 0,
                "subnet_name": "Primary",
                "subnet_uuid": "13a890a9-102f-4f12-9b4f-bb68fb02ec4a",
                "uuid": "ffd85056-9a34-46fb-b729-06468627689e"
              }
            ],
            "num_sockets": 1,
            "num_vcpus_per_socket": 2,
            "num_vnuma_nodes": 0,
            "nutanix_guest_tools": {},
            "owner_reference": {
              "kind": "user",
              "name": "admin",
              "uuid": "00000000-0000-0000-0000-000000000000"
            },
            "parent_reference": {},
            "power_state": "ON",
            "power_state_mechanism": "HARD",
            "project_reference": {
              "kind": "project",
              "name": "_internal",
              "uuid": "09eae4e6-3c37-4ecf-a3a0-618c4be3e9f7"
            },
            "serial_port_list": [],
            "should_fail_on_script_failure": false,
            "state": "COMPLETE",
            "timeouts": null,
            "use_hot_add": true,
            "vga_console_enabled": true
          },
          "sensitive_attributes": [],
          "private": "eyJlMmJmYjczMC1lY2FhLTExZTYtOGY4OC0zNDM2M2JjN2M0YzAiOnsiY3JlYXRlIjozNjAwMDAwMDAwMDAwLCJkZWxldGUiOjM2MDAwMDAwMDAwMDAsInVwZGF0ZSI6MzYwMDAwMDAwMDAwMH0sInNjaGVtYV92ZXJzaW9uIjoiMSJ9",
          "dependencies": [
            "data.nutanix_clusters.clusters",
            "data.nutanix_subnet.Primary",
            "module.vms_in_protection_policy.data.nutanix_category_key.AppTierKey",
            "module.vms_in_protection_policy.data.nutanix_category_key.AppTypeKey",
            "module.vms_in_protection_policy.nutanix_category_value.AMH_TF_AUTO_Protection_AppTier_Desktop",
            "module.vms_in_protection_policy.nutanix_category_value.AMH_TF_AUTO_Protection_AppType_Desktop",
            "nutanix_image.AMH_TF_AUTO_CentOS7"
          ]
        },
        {
          "index_key": 1,
          "schema_version": 1,
          "attributes": {
            "api_version": "3.1",
            "availability_zone_reference": {},
            "boot_device_disk_address": {},
            "boot_device_mac_address": "",
            "boot_device_order_list": [],
            "boot_type": "",
            "categories": [
              {
                "name": "AppTier",
                "value": "AMH_TF_Protection_AppTier_Desktop"
              },
              {
                "name": "AppType",
                "value": "AMH_TF_Protection_AppType_Desktop"
              }
            ],
            "cloud_init_cdrom_uuid": "",
            "cluster_name": "PHX-SPOC008-4",
            "cluster_uuid": "0005e924-a651-4252-57df-ac1f6b6cf232",
            "description": "AMH_TF_Proctection Policy VM",
            "disk_list": [
              {
                "data_source_reference": {
                  "kind": "image",
                  "uuid": "5ee45bb9-a437-4721-8916-e33b6b0bc044"
                },
                "device_properties": [
                  {
                    "device_type": "DISK",
                    "disk_address": {
                      "adapter_type": "SCSI",
                      "device_index": "0"
                    }
                  }
                ],
                "disk_size_bytes": -2147483648,
                "disk_size_mib": 10240,
                "storage_config": [
                  {
                    "flash_mode": "",
                    "storage_container_reference": [
                      {
                        "kind": "storage_container",
                        "name": "SelfServiceContainer",
                        "url": "",
                        "uuid": "21e3e5a5-d639-404c-acfe-611e0e60aa8e"
                      }
                    ]
                  }
                ],
                "uuid": "96bf1567-d47b-4dca-9399-e912b5dc93e9",
                "volume_group_reference": {}
              }
            ],
            "enable_cpu_passthrough": false,
            "enable_script_exec": false,
            "gpu_list": [],
            "guest_customization_cloud_init_custom_key_values": {},
            "guest_customization_cloud_init_meta_data": "",
            "guest_customization_cloud_init_user_data": "",
            "guest_customization_is_overridable": false,
            "guest_customization_sysprep": {},
            "guest_customization_sysprep_custom_key_values": {},
            "guest_os_id": "",
            "hardware_clock_timezone": "UTC",
            "host_reference": {
              "kind": "host",
              "name": "10.38.8.197",
              "uuid": "f178ad55-fdeb-40f2-a35c-ffbd624316c8"
            },
            "hypervisor_type": null,
            "id": "48da0df6-37de-4159-b7b4-de362b5d3165",
            "is_vcpu_hard_pinned": false,
            "machine_type": "PC",
            "memory_size_mib": 4096,
            "metadata": {
              "creation_time": "2022-09-21 19:50:00 +0000 UTC",
              "last_update_time": "2022-09-21 19:50:00 +0000 UTC",
              "name": "",
              "spec_hash": "",
              "spec_version": "0",
              "uuid": "48da0df6-37de-4159-b7b4-de362b5d3165"
            },
            "name": "AMH_TF_Protection_Policy_vm_1",
            "ngt_credentials": {},
            "ngt_enabled_capability_list": [],
            "nic_list": [
              {
                "ip_endpoint_list": [],
                "is_connected": "true",
                "mac_address": "50:6b:8d:bf:9f:8f",
                "model": "",
                "network_function_chain_reference": {},
                "network_function_nic_type": "",
                "nic_type": "NORMAL_NIC",
                "num_queues": 0,
                "subnet_name": "Primary",
                "subnet_uuid": "13a890a9-102f-4f12-9b4f-bb68fb02ec4a",
                "uuid": "40199032-22c8-41b6-bb3a-38101d8f9d37"
              }
            ],
            "nic_list_status": [
              {
                "floating_ip": "",
                "ip_endpoint_list": [
                  {
                    "ip": "10.38.8.230",
                    "type": "LEARNED"
                  }
                ],
                "is_connected": "true",
                "mac_address": "50:6b:8d:bf:9f:8f",
                "model": "",
                "network_function_chain_reference": {},
                "network_function_nic_type": "",
                "nic_type": "NORMAL_NIC",
                "num_queues": 0,
                "subnet_name": "Primary",
                "subnet_uuid": "13a890a9-102f-4f12-9b4f-bb68fb02ec4a",
                "uuid": "40199032-22c8-41b6-bb3a-38101d8f9d37"
              }
            ],
            "num_sockets": 1,
            "num_vcpus_per_socket": 2,
            "num_vnuma_nodes": 0,
            "nutanix_guest_tools": {},
            "owner_reference": {
              "kind": "user",
              "name": "admin",
              "uuid": "00000000-0000-0000-0000-000000000000"
            },
            "parent_reference": {},
            "power_state": "ON",
            "power_state_mechanism": "HARD",
            "project_reference": {
              "kind": "project",
              "name": "_internal",
              "uuid": "09eae4e6-3c37-4ecf-a3a0-618c4be3e9f7"
            },
            "serial_port_list": [],
            "should_fail_on_script_failure": false,
            "state": "COMPLETE",
            "timeouts": null,
            "use_hot_add": true,
            "vga_console_enabled": true
          },
          "sensitive_attributes": [],
          "private": "eyJlMmJmYjczMC1lY2FhLTExZTYtOGY4OC0zNDM2M2JjN2M0YzAiOnsiY3JlYXRlIjozNjAwMDAwMDAwMDAwLCJkZWxldGUiOjM2MDAwMDAwMDAwMDAsInVwZGF0ZSI6MzYwMDAwMDAwMDAwMH0sInNjaGVtYV92ZXJzaW9uIjoiMSJ9",
          "dependencies": [
            "data.nutanix_clusters.clusters",
            "data.nutanix_subnet.Primary",
            "module.vms_in_protection_policy.data.nutanix_category_key.AppTierKey",
            "module.vms_in_protection_policy.data.nutanix_category_key.AppTypeKey",
            "module.vms_in_protection_policy.nutanix_category_value.AMH_TF_AUTO_Protection_AppTier_Desktop",
            "module.vms_in_protection_policy.nutanix_category_value.AMH_TF_AUTO_Protection_AppType_Desktop",
            "nutanix_image.AMH_TF_AUTO_CentOS7"
          ]
        },
        {
          "index_key": 2,
          "schema_version": 1,
          "attributes": {
            "api_version": "3.1",
            "availability_zone_reference": {},
            "boot_device_disk_address": {},
            "boot_device_mac_address": "",
            "boot_device_order_list": [],
            "boot_type": "",
            "categories": [
              {
                "name": "AppTier",
                "value": "AMH_TF_Protection_AppTier_Desktop"
              },
              {
                "name": "AppType",
                "value": "AMH_TF_Protection_AppType_Desktop"
              }
            ],
            "cloud_init_cdrom_uuid": "",
            "cluster_name": "PHX-SPOC008-4",
            "cluster_uuid": "0005e924-a651-4252-57df-ac1f6b6cf232",
            "description": "AMH_TF_Proctection Policy VM",
            "disk_list": [
              {
                "data_source_reference": {
                  "kind": "image",
                  "uuid": "5ee45bb9-a437-4721-8916-e33b6b0bc044"
                },
                "device_properties": [
                  {
                    "device_type": "DISK",
                    "disk_address": {
                      "adapter_type": "SCSI",
                      "device_index": "0"
                    }
                  }
                ],
                "disk_size_bytes": -2147483648,
                "disk_size_mib": 10240,
                "storage_config": [
                  {
                    "flash_mode": "",
                    "storage_container_reference": [
                      {
                        "kind": "storage_container",
                        "name": "SelfServiceContainer",
                        "url": "",
                        "uuid": "21e3e5a5-d639-404c-acfe-611e0e60aa8e"
                      }
                    ]
                  }
                ],
                "uuid": "52605d38-b61c-4946-bae2-c24d6c69b6b0",
                "volume_group_reference": {}
              }
            ],
            "enable_cpu_passthrough": false,
            "enable_script_exec": false,
            "gpu_list": [],
            "guest_customization_cloud_init_custom_key_values": {},
            "guest_customization_cloud_init_meta_data": "",
            "guest_customization_cloud_init_user_data": "",
            "guest_customization_is_overridable": false,
            "guest_customization_sysprep": {},
            "guest_customization_sysprep_custom_key_values": {},
            "guest_os_id": "",
            "hardware_clock_timezone": "UTC",
            "host_reference": {
              "kind": "host",
              "name": "10.38.8.197",
              "uuid": "f178ad55-fdeb-40f2-a35c-ffbd624316c8"
            },
            "hypervisor_type": null,
            "id": "c2e00d6a-7d16-4a29-b207-3fd972ad15e1",
            "is_vcpu_hard_pinned": false,
            "machine_type": "PC",
            "memory_size_mib": 4096,
            "metadata": {
              "creation_time": "2022-09-21 19:49:57 +0000 UTC",
              "last_update_time": "2022-09-21 19:49:57 +0000 UTC",
              "name": "",
              "spec_hash": "",
              "spec_version": "0",
              "uuid": "c2e00d6a-7d16-4a29-b207-3fd972ad15e1"
            },
            "name": "AMH_TF_Protection_Policy_vm_2",
            "ngt_credentials": {},
            "ngt_enabled_capability_list": [],
            "nic_list": [
              {
                "ip_endpoint_list": [],
                "is_connected": "true",
                "mac_address": "50:6b:8d:ed:8b:cb",
                "model": "",
                "network_function_chain_reference": {},
                "network_function_nic_type": "",
                "nic_type": "NORMAL_NIC",
                "num_queues": 0,
                "subnet_name": "Primary",
                "subnet_uuid": "13a890a9-102f-4f12-9b4f-bb68fb02ec4a",
                "uuid": "6630e9e7-73f8-45dc-8163-c9022d3fcd68"
              }
            ],
            "nic_list_status": [
              {
                "floating_ip": "",
                "ip_endpoint_list": [
                  {
                    "ip": "10.38.8.223",
                    "type": "LEARNED"
                  }
                ],
                "is_connected": "true",
                "mac_address": "50:6b:8d:ed:8b:cb",
                "model": "",
                "network_function_chain_reference": {},
                "network_function_nic_type": "",
                "nic_type": "NORMAL_NIC",
                "num_queues": 0,
                "subnet_name": "Primary",
                "subnet_uuid": "13a890a9-102f-4f12-9b4f-bb68fb02ec4a",
                "uuid": "6630e9e7-73f8-45dc-8163-c9022d3fcd68"
              }
            ],
            "num_sockets": 1,
            "num_vcpus_per_socket": 2,
            "num_vnuma_nodes": 0,
            "nutanix_guest_tools": {},
            "owner_reference": {
              "kind": "user",
              "name": "admin",
              "uuid": "00000000-0000-0000-0000-000000000000"
            },
            "parent_reference": {},
            "power_state": "ON",
            "power_state_mechanism": "HARD",
            "project_reference": {
              "kind": "project",
              "name": "_internal",
              "uuid": "09eae4e6-3c37-4ecf-a3a0-618c4be3e9f7"
            },
            "serial_port_list": [],
            "should_fail_on_script_failure": false,
            "state": "COMPLETE",
            "timeouts": null,
            "use_hot_add": true,
            "vga_console_enabled": true
          },
          "sensitive_attributes": [],
          "private": "eyJlMmJmYjczMC1lY2FhLTExZTYtOGY4OC0zNDM2M2JjN2M0YzAiOnsiY3JlYXRlIjozNjAwMDAwMDAwMDAwLCJkZWxldGUiOjM2MDAwMDAwMDAwMDAsInVwZGF0ZSI6MzYwMDAwMDAwMDAwMH0sInNjaGVtYV92ZXJzaW9uIjoiMSJ9",
          "dependencies": [
            "data.nutanix_clusters.clusters",
            "data.nutanix_subnet.Primary",
            "module.vms_in_protection_policy.data.nutanix_category_key.AppTierKey",
            "module.vms_in_protection_policy.data.nutanix_category_key.AppTypeKey",
            "module.vms_in_protection_policy.nutanix_category_value.AMH_TF_AUTO_Protection_AppTier_Desktop",
            "module.vms_in_protection_policy.nutanix_category_value.AMH_TF_AUTO_Protection_AppType_Desktop",
            "nutanix_image.AMH_TF_AUTO_CentOS7"
          ]
        },
        {
          "index_key": 3,
          "schema_version": 1,
          "attributes": {
            "api_version": "3.1",
            "availability_zone_reference": {},
            "boot_device_disk_address": {},
            "boot_device_mac_address": "",
            "boot_device_order_list": [],
            "boot_type": "",
            "categories": [
              {
                "name": "AppTier",
                "value": "AMH_TF_Protection_AppTier_Desktop"
              },
              {
                "name": "AppType",
                "value": "AMH_TF_Protection_AppType_Desktop"
              }
            ],
            "cloud_init_cdrom_uuid": "",
            "cluster_name": "PHX-SPOC008-4",
            "cluster_uuid": "0005e924-a651-4252-57df-ac1f6b6cf232",
            "description": "AMH_TF_Proctection Policy VM",
            "disk_list": [
              {
                "data_source_reference": {
                  "kind": "image",
                  "uuid": "5ee45bb9-a437-4721-8916-e33b6b0bc044"
                },
                "device_properties": [
                  {
                    "device_type": "DISK",
                    "disk_address": {
                      "adapter_type": "SCSI",
                      "device_index": "0"
                    }
                  }
                ],
                "disk_size_bytes": -2147483648,
                "disk_size_mib": 10240,
                "storage_config": [
                  {
                    "flash_mode": "",
                    "storage_container_reference": [
                      {
                        "kind": "storage_container",
                        "name": "SelfServiceContainer",
                        "url": "",
                        "uuid": "21e3e5a5-d639-404c-acfe-611e0e60aa8e"
                      }
                    ]
                  }
                ],
                "uuid": "58db64fb-0b9c-44f5-813f-3cae32abf251",
                "volume_group_reference": {}
              }
            ],
            "enable_cpu_passthrough": false,
            "enable_script_exec": false,
            "gpu_list": [],
            "guest_customization_cloud_init_custom_key_values": {},
            "guest_customization_cloud_init_meta_data": "",
            "guest_customization_cloud_init_user_data": "",
            "guest_customization_is_overridable": false,
            "guest_customization_sysprep": {},
            "guest_customization_sysprep_custom_key_values": {},
            "guest_os_id": "",
            "hardware_clock_timezone": "UTC",
            "host_reference": {
              "kind": "host",
              "name": "10.38.8.197",
              "uuid": "f178ad55-fdeb-40f2-a35c-ffbd624316c8"
            },
            "hypervisor_type": null,
            "id": "02f5ad63-bd8e-41f8-b7d1-300344797cb8",
            "is_vcpu_hard_pinned": false,
            "machine_type": "PC",
            "memory_size_mib": 4096,
            "metadata": {
              "creation_time": "2022-09-21 19:49:59 +0000 UTC",
              "last_update_time": "2022-09-21 19:49:59 +0000 UTC",
              "name": "",
              "spec_hash": "",
              "spec_version": "0",
              "uuid": "02f5ad63-bd8e-41f8-b7d1-300344797cb8"
            },
            "name": "AMH_TF_Protection_Policy_vm_3",
            "ngt_credentials": {},
            "ngt_enabled_capability_list": [],
            "nic_list": [
              {
                "ip_endpoint_list": [],
                "is_connected": "true",
                "mac_address": "50:6b:8d:8f:4c:70",
                "model": "",
                "network_function_chain_reference": {},
                "network_function_nic_type": "",
                "nic_type": "NORMAL_NIC",
                "num_queues": 0,
                "subnet_name": "Primary",
                "subnet_uuid": "13a890a9-102f-4f12-9b4f-bb68fb02ec4a",
                "uuid": "caca0554-5d6c-4392-a801-ed303814918d"
              }
            ],
            "nic_list_status": [
              {
                "floating_ip": "",
                "ip_endpoint_list": [
                  {
                    "ip": "10.38.8.229",
                    "type": "LEARNED"
                  }
                ],
                "is_connected": "true",
                "mac_address": "50:6b:8d:8f:4c:70",
                "model": "",
                "network_function_chain_reference": {},
                "network_function_nic_type": "",
                "nic_type": "NORMAL_NIC",
                "num_queues": 0,
                "subnet_name": "Primary",
                "subnet_uuid": "13a890a9-102f-4f12-9b4f-bb68fb02ec4a",
                "uuid": "caca0554-5d6c-4392-a801-ed303814918d"
              }
            ],
            "num_sockets": 1,
            "num_vcpus_per_socket": 2,
            "num_vnuma_nodes": 0,
            "nutanix_guest_tools": {},
            "owner_reference": {
              "kind": "user",
              "name": "admin",
              "uuid": "00000000-0000-0000-0000-000000000000"
            },
            "parent_reference": {},
            "power_state": "ON",
            "power_state_mechanism": "HARD",
            "project_reference": {
              "kind": "project",
              "name": "_internal",
              "uuid": "09eae4e6-3c37-4ecf-a3a0-618c4be3e9f7"
            },
            "serial_port_list": [],
            "should_fail_on_script_failure": false,
            "state": "COMPLETE",
            "timeouts": null,
            "use_hot_add": true,
            "vga_console_enabled": true
          },
          "sensitive_attributes": [],
          "private": "eyJlMmJmYjczMC1lY2FhLTExZTYtOGY4OC0zNDM2M2JjN2M0YzAiOnsiY3JlYXRlIjozNjAwMDAwMDAwMDAwLCJkZWxldGUiOjM2MDAwMDAwMDAwMDAsInVwZGF0ZSI6MzYwMDAwMDAwMDAwMH0sInNjaGVtYV92ZXJzaW9uIjoiMSJ9",
          "dependencies": [
            "data.nutanix_clusters.clusters",
            "data.nutanix_subnet.Primary",
            "module.vms_in_protection_policy.data.nutanix_category_key.AppTierKey",
            "module.vms_in_protection_policy.data.nutanix_category_key.AppTypeKey",
            "module.vms_in_protection_policy.nutanix_category_value.AMH_TF_AUTO_Protection_AppTier_Desktop",
            "module.vms_in_protection_policy.nutanix_category_value.AMH_TF_AUTO_Protection_AppType_Desktop",
            "nutanix_image.AMH_TF_AUTO_CentOS7"
          ]
        },
        {
          "index_key": 4,
          "schema_version": 1,
          "attributes": {
            "api_version": "3.1",
            "availability_zone_reference": {},
            "boot_device_disk_address": {},
            "boot_device_mac_address": "",
            "boot_device_order_list": [],
            "boot_type": "",
            "categories": [
              {
                "name": "AppTier",
                "value": "AMH_TF_Protection_AppTier_Desktop"
              },
              {
                "name": "AppType",
                "value": "AMH_TF_Protection_AppType_Desktop"
              }
            ],
            "cloud_init_cdrom_uuid": "",
            "cluster_name": "PHX-SPOC008-4",
            "cluster_uuid": "0005e924-a651-4252-57df-ac1f6b6cf232",
            "description": "AMH_TF_Proctection Policy VM",
            "disk_list": [
              {
                "data_source_reference": {
                  "kind": "image",
                  "uuid": "5ee45bb9-a437-4721-8916-e33b6b0bc044"
                },
                "device_properties": [
                  {
                    "device_type": "DISK",
                    "disk_address": {
                      "adapter_type": "SCSI",
                      "device_index": "0"
                    }
                  }
                ],
                "disk_size_bytes": -2147483648,
                "disk_size_mib": 10240,
                "storage_config": [
                  {
                    "flash_mode": "",
                    "storage_container_reference": [
                      {
                        "kind": "storage_container",
                        "name": "SelfServiceContainer",
                        "url": "",
                        "uuid": "21e3e5a5-d639-404c-acfe-611e0e60aa8e"
                      }
                    ]
                  }
                ],
                "uuid": "27b16790-b9f5-4835-898d-f5c4be90ee77",
                "volume_group_reference": {}
              }
            ],
            "enable_cpu_passthrough": false,
            "enable_script_exec": false,
            "gpu_list": [],
            "guest_customization_cloud_init_custom_key_values": {},
            "guest_customization_cloud_init_meta_data": "",
            "guest_customization_cloud_init_user_data": "",
            "guest_customization_is_overridable": false,
            "guest_customization_sysprep": {},
            "guest_customization_sysprep_custom_key_values": {},
            "guest_os_id": "",
            "hardware_clock_timezone": "UTC",
            "host_reference": {
              "kind": "host",
              "name": "10.38.8.197",
              "uuid": "f178ad55-fdeb-40f2-a35c-ffbd624316c8"
            },
            "hypervisor_type": null,
            "id": "6445c931-abfd-4841-a4f6-e84253604444",
            "is_vcpu_hard_pinned": false,
            "machine_type": "PC",
            "memory_size_mib": 4096,
            "metadata": {
              "creation_time": "2022-09-21 19:50:00 +0000 UTC",
              "last_update_time": "2022-09-21 19:50:00 +0000 UTC",
              "name": "",
              "spec_hash": "",
              "spec_version": "0",
              "uuid": "6445c931-abfd-4841-a4f6-e84253604444"
            },
            "name": "AMH_TF_Protection_Policy_vm_4",
            "ngt_credentials": {},
            "ngt_enabled_capability_list": [],
            "nic_list": [
              {
                "ip_endpoint_list": [],
                "is_connected": "true",
                "mac_address": "50:6b:8d:82:28:d1",
                "model": "",
                "network_function_chain_reference": {},
                "network_function_nic_type": "",
                "nic_type": "NORMAL_NIC",
                "num_queues": 0,
                "subnet_name": "Primary",
                "subnet_uuid": "13a890a9-102f-4f12-9b4f-bb68fb02ec4a",
                "uuid": "d6dd4e1e-6257-4654-bb72-4141cecff61a"
              }
            ],
            "nic_list_status": [
              {
                "floating_ip": "",
                "ip_endpoint_list": [
                  {
                    "ip": "10.38.8.231",
                    "type": "LEARNED"
                  }
                ],
                "is_connected": "true",
                "mac_address": "50:6b:8d:82:28:d1",
                "model": "",
                "network_function_chain_reference": {},
                "network_function_nic_type": "",
                "nic_type": "NORMAL_NIC",
                "num_queues": 0,
                "subnet_name": "Primary",
                "subnet_uuid": "13a890a9-102f-4f12-9b4f-bb68fb02ec4a",
                "uuid": "d6dd4e1e-6257-4654-bb72-4141cecff61a"
              }
            ],
            "num_sockets": 1,
            "num_vcpus_per_socket": 2,
            "num_vnuma_nodes": 0,
            "nutanix_guest_tools": {},
            "owner_reference": {
              "kind": "user",
              "name": "admin",
              "uuid": "00000000-0000-0000-0000-000000000000"
            },
            "parent_reference": {},
            "power_state": "ON",
            "power_state_mechanism": "HARD",
            "project_reference": {
              "kind": "project",
              "name": "_internal",
              "uuid": "09eae4e6-3c37-4ecf-a3a0-618c4be3e9f7"
            },
            "serial_port_list": [],
            "should_fail_on_script_failure": false,
            "state": "COMPLETE",
            "timeouts": null,
            "use_hot_add": true,
            "vga_console_enabled": true
          },
          "sensitive_attributes": [],
          "private": "eyJlMmJmYjczMC1lY2FhLTExZTYtOGY4OC0zNDM2M2JjN2M0YzAiOnsiY3JlYXRlIjozNjAwMDAwMDAwMDAwLCJkZWxldGUiOjM2MDAwMDAwMDAwMDAsInVwZGF0ZSI6MzYwMDAwMDAwMDAwMH0sInNjaGVtYV92ZXJzaW9uIjoiMSJ9",
          "dependencies": [
            "data.nutanix_clusters.clusters",
            "data.nutanix_subnet.Primary",
            "module.vms_in_protection_policy.data.nutanix_category_key.AppTierKey",
            "module.vms_in_protection_policy.data.nutanix_category_key.AppTypeKey",
            "module.vms_in_protection_policy.nutanix_category_value.AMH_TF_AUTO_Protection_AppTier_Desktop",
            "module.vms_in_protection_policy.nutanix_category_value.AMH_TF_AUTO_Protection_AppType_Desktop",
            "nutanix_image.AMH_TF_AUTO_CentOS7"
          ]
        }
      ]
    },
    {
      "module": "module.vms_in_security_policy",
      "mode": "data",
      "type": "nutanix_category_key",
      "name": "AppTierKey",
      "provider": "provider[\"registry.terraform.io/nutanix/nutanix\"]",
      "instances": [
        {
          "schema_version": 0,
          "attributes": {
            "api_version": "",
            "description": "Application tier.",
            "id": "AppTier",
            "name": "AppTier",
            "system_defined": true,
            "values": [
              "Default"
            ]
          },
          "sensitive_attributes": []
        }
      ]
    },
    {
      "module": "module.vms_in_security_policy",
      "mode": "data",
      "type": "nutanix_category_key",
      "name": "AppTypeKey",
      "provider": "provider[\"registry.terraform.io/nutanix/nutanix\"]",
      "instances": [
        {
          "schema_version": 0,
          "attributes": {
            "api_version": "",
            "description": "Application type.",
            "id": "AppType",
            "name": "AppType",
            "system_defined": true,
            "values": [
              "Default",
              "Hadoop",
              "Oracle_DB",
              "Microsoft_SQL",
              "Apache_Spark",
              "Exchange",
              "Kubernetes",
              "Git_Server",
              "Inventory",
              "Employee_Payroll"
            ]
          },
          "sensitive_attributes": []
        }
      ]
    },
    {
      "module": "module.vms_in_security_policy",
      "mode": "managed",
      "type": "nutanix_category_value",
      "name": "AMH_TF_AUTO_Secure_AppTier_Desktop",
      "provider": "provider[\"registry.terraform.io/nutanix/nutanix\"]",
      "instances": [
        {
          "schema_version": 0,
          "attributes": {
            "api_version": "",
            "description": "",
            "id": "AMH_TF_Secure_AppTier_Desktop",
            "name": "AppTier",
            "system_defined": false,
            "value": "AMH_TF_Secure_AppTier_Desktop"
          },
          "sensitive_attributes": [],
          "private": "bnVsbA==",
          "dependencies": [
            "module.vms_in_security_policy.data.nutanix_category_key.AppTierKey"
          ]
        }
      ]
    },
    {
      "module": "module.vms_in_security_policy",
      "mode": "managed",
      "type": "nutanix_category_value",
      "name": "AMH_TF_AUTO_Secure_AppType_Desktop",
      "provider": "provider[\"registry.terraform.io/nutanix/nutanix\"]",
      "instances": [
        {
          "schema_version": 0,
          "attributes": {
            "api_version": "",
            "description": "",
            "id": "AMH_TF_Secure_AppType_Desktop",
            "name": "AppType",
            "system_defined": false,
            "value": "AMH_TF_Secure_AppType_Desktop"
          },
          "sensitive_attributes": [],
          "private": "bnVsbA==",
          "dependencies": [
            "module.vms_in_security_policy.data.nutanix_category_key.AppTypeKey"
          ]
        }
      ]
    },
    {
      "module": "module.vms_in_security_policy",
      "mode": "managed",
      "type": "nutanix_network_security_rule",
      "name": "AMH_TF_AUTO_Secure_Desktops",
      "provider": "provider[\"registry.terraform.io/nutanix/nutanix\"]",
      "instances": [
        {
          "schema_version": 1,
          "attributes": {
            "ad_rule_action": null,
            "ad_rule_inbound_allow_list": null,
            "ad_rule_outbound_allow_list": null,
            "ad_rule_target_group_default_internal_policy": null,
            "ad_rule_target_group_filter_kind_list": [],
            "ad_rule_target_group_filter_params": [],
            "ad_rule_target_group_filter_type": null,
            "ad_rule_target_group_peer_specification_type": null,
            "allow_ipv6_traffic": null,
            "api_version": "3.1",
            "app_rule_action": "MONITOR",
            "app_rule_inbound_allow_list": [
              {
                "address_group_inclusion_list": [],
                "expiration_time": "",
                "filter_kind_list": [],
                "filter_params": [],
                "filter_type": "",
                "icmp_type_code_list": [],
                "ip_subnet": "0.0.0.0",
                "ip_subnet_prefix_length": "0",
                "network_function_chain_reference": {},
                "peer_specification_type": "IP_SUBNET",
                "protocol": "TCP",
                "service_group_list": [],
                "tcp_port_range_list": [
                  {
                    "end_port": 22,
                    "start_port": 22
                  },
                  {
                    "end_port": 80,
                    "start_port": 80
                  },
                  {
                    "end_port": 443,
                    "start_port": 443
                  },
                  {
                    "end_port": 3389,
                    "start_port": 3389
                  },
                  {
                    "end_port": 20009,
                    "start_port": 20009
                  }
                ],
                "udp_port_range_list": []
              }
            ],
            "app_rule_outbound_allow_list": [
              {
                "address_group_inclusion_list": [],
                "expiration_time": "",
                "filter_kind_list": [],
                "filter_params": [],
                "filter_type": "",
                "icmp_type_code_list": [],
                "ip_subnet": "0.0.0.0",
                "ip_subnet_prefix_length": "0",
                "network_function_chain_reference": {},
                "peer_specification_type": "IP_SUBNET",
                "protocol": "TCP",
                "service_group_list": [],
                "tcp_port_range_list": [
                  {
                    "end_port": 80,
                    "start_port": 80
                  },
                  {
                    "end_port": 443,
                    "start_port": 443
                  }
                ],
                "udp_port_range_list": []
              }
            ],
            "app_rule_target_group_default_internal_policy": "DENY_ALL",
            "app_rule_target_group_filter_kind_list": [
              "vm"
            ],
            "app_rule_target_group_filter_params": [
              {
                "name": "AppTier",
                "values": [
                  "AMH_TF_Secure_AppTier_Desktop"
                ]
              },
              {
                "name": "AppType",
                "values": [
                  "AMH_TF_Secure_AppType_Desktop"
                ]
              }
            ],
            "app_rule_target_group_filter_type": "CATEGORIES_MATCH_ALL",
            "app_rule_target_group_peer_specification_type": "FILTER",
            "categories": [],
            "description": "AMH_TF_Terraform created Rule to Secure Desktops",
            "id": "bff0743c-1a4e-4a68-83a5-49b9e8474ad0",
            "is_policy_hitlog_enabled": null,
            "isolation_rule_action": null,
            "isolation_rule_first_entity_filter_kind_list": [],
            "isolation_rule_first_entity_filter_params": [],
            "isolation_rule_first_entity_filter_type": null,
            "isolation_rule_second_entity_filter_kind_list": [],
            "isolation_rule_second_entity_filter_params": [],
            "isolation_rule_second_entity_filter_type": null,
            "metadata": {
              "creation_time": "2022-09-21 19:48:56 +0000 UTC",
              "last_update_time": "2022-09-21 19:48:56 +0000 UTC",
              "name": "",
              "spec_hash": "00000000000000000000000000000000000000000000000000",
              "spec_version": "0",
              "uuid": "bff0743c-1a4e-4a68-83a5-49b9e8474ad0"
            },
            "name": "AMH_TF_Secure_Desktops",
            "owner_reference": {
              "kind": "user",
              "name": "admin",
              "uuid": "00000000-0000-0000-0000-000000000000"
            },
            "project_reference": {},
            "timeouts": null
          },
          "sensitive_attributes": [],
          "private": "eyJlMmJmYjczMC1lY2FhLTExZTYtOGY4OC0zNDM2M2JjN2M0YzAiOnsiY3JlYXRlIjozNjAwMDAwMDAwMDAwLCJkZWxldGUiOjM2MDAwMDAwMDAwMDAsInVwZGF0ZSI6MzYwMDAwMDAwMDAwMH0sInNjaGVtYV92ZXJzaW9uIjoiMSJ9",
          "dependencies": [
            "module.vms_in_security_policy.data.nutanix_category_key.AppTierKey",
            "module.vms_in_security_policy.data.nutanix_category_key.AppTypeKey",
            "module.vms_in_security_policy.nutanix_category_value.AMH_TF_AUTO_Secure_AppTier_Desktop",
            "module.vms_in_security_policy.nutanix_category_value.AMH_TF_AUTO_Secure_AppType_Desktop"
          ]
        }
      ]
    },
    {
      "module": "module.vms_in_security_policy",
      "mode": "managed",
      "type": "nutanix_virtual_machine",
      "name": "AMH_TF_AUTO_Security_Policy_vm",
      "provider": "provider[\"registry.terraform.io/nutanix/nutanix\"]",
      "instances": [
        {
          "index_key": 0,
          "schema_version": 1,
          "attributes": {
            "api_version": "3.1",
            "availability_zone_reference": {},
            "boot_device_disk_address": {},
            "boot_device_mac_address": "",
            "boot_device_order_list": [],
            "boot_type": "",
            "categories": [
              {
                "name": "AppTier",
                "value": "AMH_TF_Secure_AppTier_Desktop"
              },
              {
                "name": "AppType",
                "value": "AMH_TF_Secure_AppType_Desktop"
              }
            ],
            "cloud_init_cdrom_uuid": "",
            "cluster_name": "PHX-SPOC008-4",
            "cluster_uuid": "0005e924-a651-4252-57df-ac1f6b6cf232",
            "description": "AMH_TF_Security Policy VM",
            "disk_list": [
              {
                "data_source_reference": {
                  "kind": "image",
                  "uuid": "5ee45bb9-a437-4721-8916-e33b6b0bc044"
                },
                "device_properties": [
                  {
                    "device_type": "DISK",
                    "disk_address": {
                      "adapter_type": "SCSI",
                      "device_index": "0"
                    }
                  }
                ],
                "disk_size_bytes": -2147483648,
                "disk_size_mib": 10240,
                "storage_config": [
                  {
                    "flash_mode": "",
                    "storage_container_reference": [
                      {
                        "kind": "storage_container",
                        "name": "SelfServiceContainer",
                        "url": "",
                        "uuid": "21e3e5a5-d639-404c-acfe-611e0e60aa8e"
                      }
                    ]
                  }
                ],
                "uuid": "0421746c-62b6-42bb-bf63-a1eeec9cfc2b",
                "volume_group_reference": {}
              }
            ],
            "enable_cpu_passthrough": false,
            "enable_script_exec": false,
            "gpu_list": [],
            "guest_customization_cloud_init_custom_key_values": {},
            "guest_customization_cloud_init_meta_data": "",
            "guest_customization_cloud_init_user_data": "",
            "guest_customization_is_overridable": false,
            "guest_customization_sysprep": {},
            "guest_customization_sysprep_custom_key_values": {},
            "guest_os_id": "",
            "hardware_clock_timezone": "UTC",
            "host_reference": {
              "kind": "host",
              "name": "10.38.8.197",
              "uuid": "f178ad55-fdeb-40f2-a35c-ffbd624316c8"
            },
            "hypervisor_type": null,
            "id": "864a34df-7406-43c2-8224-e0a01767dc89",
            "is_vcpu_hard_pinned": false,
            "machine_type": "PC",
            "memory_size_mib": 4096,
            "metadata": {
              "creation_time": "2022-09-21 19:50:28 +0000 UTC",
              "last_update_time": "2022-09-21 19:50:28 +0000 UTC",
              "name": "",
              "spec_hash": "",
              "spec_version": "0",
              "uuid": "864a34df-7406-43c2-8224-e0a01767dc89"
            },
            "name": "AMH_TF_Security_Policy_vm_0",
            "ngt_credentials": {},
            "ngt_enabled_capability_list": [],
            "nic_list": [
              {
                "ip_endpoint_list": [],
                "is_connected": "true",
                "mac_address": "50:6b:8d:f7:cf:49",
                "model": "",
                "network_function_chain_reference": {},
                "network_function_nic_type": "",
                "nic_type": "NORMAL_NIC",
                "num_queues": 0,
                "subnet_name": "Primary",
                "subnet_uuid": "13a890a9-102f-4f12-9b4f-bb68fb02ec4a",
                "uuid": "99298fc9-e6d5-4e65-bc10-2ca2f6ec8448"
              }
            ],
            "nic_list_status": [
              {
                "floating_ip": "",
                "ip_endpoint_list": [
                  {
                    "ip": "10.38.8.233",
                    "type": "LEARNED"
                  }
                ],
                "is_connected": "true",
                "mac_address": "50:6b:8d:f7:cf:49",
                "model": "",
                "network_function_chain_reference": {},
                "network_function_nic_type": "",
                "nic_type": "NORMAL_NIC",
                "num_queues": 0,
                "subnet_name": "Primary",
                "subnet_uuid": "13a890a9-102f-4f12-9b4f-bb68fb02ec4a",
                "uuid": "99298fc9-e6d5-4e65-bc10-2ca2f6ec8448"
              }
            ],
            "num_sockets": 1,
            "num_vcpus_per_socket": 2,
            "num_vnuma_nodes": 0,
            "nutanix_guest_tools": {},
            "owner_reference": {
              "kind": "user",
              "name": "admin",
              "uuid": "00000000-0000-0000-0000-000000000000"
            },
            "parent_reference": {},
            "power_state": "ON",
            "power_state_mechanism": "HARD",
            "project_reference": {
              "kind": "project",
              "name": "_internal",
              "uuid": "09eae4e6-3c37-4ecf-a3a0-618c4be3e9f7"
            },
            "serial_port_list": [],
            "should_fail_on_script_failure": false,
            "state": "COMPLETE",
            "timeouts": null,
            "use_hot_add": true,
            "vga_console_enabled": true
          },
          "sensitive_attributes": [],
          "private": "eyJlMmJmYjczMC1lY2FhLTExZTYtOGY4OC0zNDM2M2JjN2M0YzAiOnsiY3JlYXRlIjozNjAwMDAwMDAwMDAwLCJkZWxldGUiOjM2MDAwMDAwMDAwMDAsInVwZGF0ZSI6MzYwMDAwMDAwMDAwMH0sInNjaGVtYV92ZXJzaW9uIjoiMSJ9",
          "dependencies": [
            "data.nutanix_clusters.clusters",
            "data.nutanix_subnet.Primary",
            "module.vms_in_security_policy.data.nutanix_category_key.AppTierKey",
            "module.vms_in_security_policy.data.nutanix_category_key.AppTypeKey",
            "module.vms_in_security_policy.nutanix_category_value.AMH_TF_AUTO_Secure_AppTier_Desktop",
            "module.vms_in_security_policy.nutanix_category_value.AMH_TF_AUTO_Secure_AppType_Desktop",
            "nutanix_image.AMH_TF_AUTO_CentOS7"
          ]
        },
        {
          "index_key": 1,
          "schema_version": 1,
          "attributes": {
            "api_version": "3.1",
            "availability_zone_reference": {},
            "boot_device_disk_address": {},
            "boot_device_mac_address": "",
            "boot_device_order_list": [],
            "boot_type": "",
            "categories": [
              {
                "name": "AppTier",
                "value": "AMH_TF_Secure_AppTier_Desktop"
              },
              {
                "name": "AppType",
                "value": "AMH_TF_Secure_AppType_Desktop"
              }
            ],
            "cloud_init_cdrom_uuid": "",
            "cluster_name": "PHX-SPOC008-4",
            "cluster_uuid": "0005e924-a651-4252-57df-ac1f6b6cf232",
            "description": "AMH_TF_Security Policy VM",
            "disk_list": [
              {
                "data_source_reference": {
                  "kind": "image",
                  "uuid": "5ee45bb9-a437-4721-8916-e33b6b0bc044"
                },
                "device_properties": [
                  {
                    "device_type": "DISK",
                    "disk_address": {
                      "adapter_type": "SCSI",
                      "device_index": "0"
                    }
                  }
                ],
                "disk_size_bytes": -2147483648,
                "disk_size_mib": 10240,
                "storage_config": [
                  {
                    "flash_mode": "",
                    "storage_container_reference": [
                      {
                        "kind": "storage_container",
                        "name": "SelfServiceContainer",
                        "url": "",
                        "uuid": "21e3e5a5-d639-404c-acfe-611e0e60aa8e"
                      }
                    ]
                  }
                ],
                "uuid": "4e58c2ec-24c1-4d77-a777-f9bf17ff6cbb",
                "volume_group_reference": {}
              }
            ],
            "enable_cpu_passthrough": false,
            "enable_script_exec": false,
            "gpu_list": [],
            "guest_customization_cloud_init_custom_key_values": {},
            "guest_customization_cloud_init_meta_data": "",
            "guest_customization_cloud_init_user_data": "",
            "guest_customization_is_overridable": false,
            "guest_customization_sysprep": {},
            "guest_customization_sysprep_custom_key_values": {},
            "guest_os_id": "",
            "hardware_clock_timezone": "UTC",
            "host_reference": {
              "kind": "host",
              "name": "10.38.8.197",
              "uuid": "f178ad55-fdeb-40f2-a35c-ffbd624316c8"
            },
            "hypervisor_type": null,
            "id": "e69d5753-0568-4127-8c43-7ecde4ddb7ce",
            "is_vcpu_hard_pinned": false,
            "machine_type": "PC",
            "memory_size_mib": 4096,
            "metadata": {
              "creation_time": "2022-09-21 19:49:59 +0000 UTC",
              "last_update_time": "2022-09-21 19:49:59 +0000 UTC",
              "name": "",
              "spec_hash": "",
              "spec_version": "0",
              "uuid": "e69d5753-0568-4127-8c43-7ecde4ddb7ce"
            },
            "name": "AMH_TF_Security_Policy_vm_1",
            "ngt_credentials": {},
            "ngt_enabled_capability_list": [],
            "nic_list": [
              {
                "ip_endpoint_list": [],
                "is_connected": "true",
                "mac_address": "50:6b:8d:93:b6:32",
                "model": "",
                "network_function_chain_reference": {},
                "network_function_nic_type": "",
                "nic_type": "NORMAL_NIC",
                "num_queues": 0,
                "subnet_name": "Primary",
                "subnet_uuid": "13a890a9-102f-4f12-9b4f-bb68fb02ec4a",
                "uuid": "2ce116ba-f5ed-4b53-a276-6f47bf943867"
              }
            ],
            "nic_list_status": [
              {
                "floating_ip": "",
                "ip_endpoint_list": [
                  {
                    "ip": "10.38.8.228",
                    "type": "LEARNED"
                  }
                ],
                "is_connected": "true",
                "mac_address": "50:6b:8d:93:b6:32",
                "model": "",
                "network_function_chain_reference": {},
                "network_function_nic_type": "",
                "nic_type": "NORMAL_NIC",
                "num_queues": 0,
                "subnet_name": "Primary",
                "subnet_uuid": "13a890a9-102f-4f12-9b4f-bb68fb02ec4a",
                "uuid": "2ce116ba-f5ed-4b53-a276-6f47bf943867"
              }
            ],
            "num_sockets": 1,
            "num_vcpus_per_socket": 2,
            "num_vnuma_nodes": 0,
            "nutanix_guest_tools": {},
            "owner_reference": {
              "kind": "user",
              "name": "admin",
              "uuid": "00000000-0000-0000-0000-000000000000"
            },
            "parent_reference": {},
            "power_state": "ON",
            "power_state_mechanism": "HARD",
            "project_reference": {
              "kind": "project",
              "name": "_internal",
              "uuid": "09eae4e6-3c37-4ecf-a3a0-618c4be3e9f7"
            },
            "serial_port_list": [],
            "should_fail_on_script_failure": false,
            "state": "COMPLETE",
            "timeouts": null,
            "use_hot_add": true,
            "vga_console_enabled": true
          },
          "sensitive_attributes": [],
          "private": "eyJlMmJmYjczMC1lY2FhLTExZTYtOGY4OC0zNDM2M2JjN2M0YzAiOnsiY3JlYXRlIjozNjAwMDAwMDAwMDAwLCJkZWxldGUiOjM2MDAwMDAwMDAwMDAsInVwZGF0ZSI6MzYwMDAwMDAwMDAwMH0sInNjaGVtYV92ZXJzaW9uIjoiMSJ9",
          "dependencies": [
            "data.nutanix_clusters.clusters",
            "data.nutanix_subnet.Primary",
            "module.vms_in_security_policy.data.nutanix_category_key.AppTierKey",
            "module.vms_in_security_policy.data.nutanix_category_key.AppTypeKey",
            "module.vms_in_security_policy.nutanix_category_value.AMH_TF_AUTO_Secure_AppTier_Desktop",
            "module.vms_in_security_policy.nutanix_category_value.AMH_TF_AUTO_Secure_AppType_Desktop",
            "nutanix_image.AMH_TF_AUTO_CentOS7"
          ]
        },
        {
          "index_key": 2,
          "schema_version": 1,
          "attributes": {
            "api_version": "3.1",
            "availability_zone_reference": {},
            "boot_device_disk_address": {},
            "boot_device_mac_address": "",
            "boot_device_order_list": [],
            "boot_type": "",
            "categories": [
              {
                "name": "AppTier",
                "value": "AMH_TF_Secure_AppTier_Desktop"
              },
              {
                "name": "AppType",
                "value": "AMH_TF_Secure_AppType_Desktop"
              }
            ],
            "cloud_init_cdrom_uuid": "",
            "cluster_name": "PHX-SPOC008-4",
            "cluster_uuid": "0005e924-a651-4252-57df-ac1f6b6cf232",
            "description": "AMH_TF_Security Policy VM",
            "disk_list": [
              {
                "data_source_reference": {
                  "kind": "image",
                  "uuid": "5ee45bb9-a437-4721-8916-e33b6b0bc044"
                },
                "device_properties": [
                  {
                    "device_type": "DISK",
                    "disk_address": {
                      "adapter_type": "SCSI",
                      "device_index": "0"
                    }
                  }
                ],
                "disk_size_bytes": -2147483648,
                "disk_size_mib": 10240,
                "storage_config": [
                  {
                    "flash_mode": "",
                    "storage_container_reference": [
                      {
                        "kind": "storage_container",
                        "name": "SelfServiceContainer",
                        "url": "",
                        "uuid": "21e3e5a5-d639-404c-acfe-611e0e60aa8e"
                      }
                    ]
                  }
                ],
                "uuid": "455c27e5-ece1-4027-9859-26a4c7ba675e",
                "volume_group_reference": {}
              }
            ],
            "enable_cpu_passthrough": false,
            "enable_script_exec": false,
            "gpu_list": [],
            "guest_customization_cloud_init_custom_key_values": {},
            "guest_customization_cloud_init_meta_data": "",
            "guest_customization_cloud_init_user_data": "",
            "guest_customization_is_overridable": false,
            "guest_customization_sysprep": {},
            "guest_customization_sysprep_custom_key_values": {},
            "guest_os_id": "",
            "hardware_clock_timezone": "UTC",
            "host_reference": {
              "kind": "host",
              "name": "10.38.8.197",
              "uuid": "f178ad55-fdeb-40f2-a35c-ffbd624316c8"
            },
            "hypervisor_type": null,
            "id": "9c984515-1bc7-4e3c-9518-0c110cf44774",
            "is_vcpu_hard_pinned": false,
            "machine_type": "PC",
            "memory_size_mib": 4096,
            "metadata": {
              "creation_time": "2022-09-21 19:50:29 +0000 UTC",
              "last_update_time": "2022-09-21 19:50:29 +0000 UTC",
              "name": "",
              "spec_hash": "",
              "spec_version": "0",
              "uuid": "9c984515-1bc7-4e3c-9518-0c110cf44774"
            },
            "name": "AMH_TF_Security_Policy_vm_2",
            "ngt_credentials": {},
            "ngt_enabled_capability_list": [],
            "nic_list": [
              {
                "ip_endpoint_list": [],
                "is_connected": "true",
                "mac_address": "50:6b:8d:af:d1:97",
                "model": "",
                "network_function_chain_reference": {},
                "network_function_nic_type": "",
                "nic_type": "NORMAL_NIC",
                "num_queues": 0,
                "subnet_name": "Primary",
                "subnet_uuid": "13a890a9-102f-4f12-9b4f-bb68fb02ec4a",
                "uuid": "7678aa00-feaa-4674-8ecb-1224998fe259"
              }
            ],
            "nic_list_status": [
              {
                "floating_ip": "",
                "ip_endpoint_list": [
                  {
                    "ip": "10.38.8.235",
                    "type": "LEARNED"
                  }
                ],
                "is_connected": "true",
                "mac_address": "50:6b:8d:af:d1:97",
                "model": "",
                "network_function_chain_reference": {},
                "network_function_nic_type": "",
                "nic_type": "NORMAL_NIC",
                "num_queues": 0,
                "subnet_name": "Primary",
                "subnet_uuid": "13a890a9-102f-4f12-9b4f-bb68fb02ec4a",
                "uuid": "7678aa00-feaa-4674-8ecb-1224998fe259"
              }
            ],
            "num_sockets": 1,
            "num_vcpus_per_socket": 2,
            "num_vnuma_nodes": 0,
            "nutanix_guest_tools": {},
            "owner_reference": {
              "kind": "user",
              "name": "admin",
              "uuid": "00000000-0000-0000-0000-000000000000"
            },
            "parent_reference": {},
            "power_state": "ON",
            "power_state_mechanism": "HARD",
            "project_reference": {
              "kind": "project",
              "name": "_internal",
              "uuid": "09eae4e6-3c37-4ecf-a3a0-618c4be3e9f7"
            },
            "serial_port_list": [],
            "should_fail_on_script_failure": false,
            "state": "COMPLETE",
            "timeouts": null,
            "use_hot_add": true,
            "vga_console_enabled": true
          },
          "sensitive_attributes": [],
          "private": "eyJlMmJmYjczMC1lY2FhLTExZTYtOGY4OC0zNDM2M2JjN2M0YzAiOnsiY3JlYXRlIjozNjAwMDAwMDAwMDAwLCJkZWxldGUiOjM2MDAwMDAwMDAwMDAsInVwZGF0ZSI6MzYwMDAwMDAwMDAwMH0sInNjaGVtYV92ZXJzaW9uIjoiMSJ9",
          "dependencies": [
            "data.nutanix_clusters.clusters",
            "data.nutanix_subnet.Primary",
            "module.vms_in_security_policy.data.nutanix_category_key.AppTierKey",
            "module.vms_in_security_policy.data.nutanix_category_key.AppTypeKey",
            "module.vms_in_security_policy.nutanix_category_value.AMH_TF_AUTO_Secure_AppTier_Desktop",
            "module.vms_in_security_policy.nutanix_category_value.AMH_TF_AUTO_Secure_AppType_Desktop",
            "nutanix_image.AMH_TF_AUTO_CentOS7"
          ]
        },
        {
          "index_key": 3,
          "schema_version": 1,
          "attributes": {
            "api_version": "3.1",
            "availability_zone_reference": {},
            "boot_device_disk_address": {},
            "boot_device_mac_address": "",
            "boot_device_order_list": [],
            "boot_type": "",
            "categories": [
              {
                "name": "AppTier",
                "value": "AMH_TF_Secure_AppTier_Desktop"
              },
              {
                "name": "AppType",
                "value": "AMH_TF_Secure_AppType_Desktop"
              }
            ],
            "cloud_init_cdrom_uuid": "",
            "cluster_name": "PHX-SPOC008-4",
            "cluster_uuid": "0005e924-a651-4252-57df-ac1f6b6cf232",
            "description": "AMH_TF_Security Policy VM",
            "disk_list": [
              {
                "data_source_reference": {
                  "kind": "image",
                  "uuid": "5ee45bb9-a437-4721-8916-e33b6b0bc044"
                },
                "device_properties": [
                  {
                    "device_type": "DISK",
                    "disk_address": {
                      "adapter_type": "SCSI",
                      "device_index": "0"
                    }
                  }
                ],
                "disk_size_bytes": -2147483648,
                "disk_size_mib": 10240,
                "storage_config": [
                  {
                    "flash_mode": "",
                    "storage_container_reference": [
                      {
                        "kind": "storage_container",
                        "name": "SelfServiceContainer",
                        "url": "",
                        "uuid": "21e3e5a5-d639-404c-acfe-611e0e60aa8e"
                      }
                    ]
                  }
                ],
                "uuid": "5f62b3b2-3be0-4802-9e7d-e3ec0d508936",
                "volume_group_reference": {}
              }
            ],
            "enable_cpu_passthrough": false,
            "enable_script_exec": false,
            "gpu_list": [],
            "guest_customization_cloud_init_custom_key_values": {},
            "guest_customization_cloud_init_meta_data": "",
            "guest_customization_cloud_init_user_data": "",
            "guest_customization_is_overridable": false,
            "guest_customization_sysprep": {},
            "guest_customization_sysprep_custom_key_values": {},
            "guest_os_id": "",
            "hardware_clock_timezone": "UTC",
            "host_reference": {
              "kind": "host",
              "name": "10.38.8.197",
              "uuid": "f178ad55-fdeb-40f2-a35c-ffbd624316c8"
            },
            "hypervisor_type": null,
            "id": "3ab95f21-0b41-4419-bec1-03269ab6abcf",
            "is_vcpu_hard_pinned": false,
            "machine_type": "PC",
            "memory_size_mib": 4096,
            "metadata": {
              "creation_time": "2022-09-21 19:50:30 +0000 UTC",
              "last_update_time": "2022-09-21 19:50:30 +0000 UTC",
              "name": "",
              "spec_hash": "",
              "spec_version": "0",
              "uuid": "3ab95f21-0b41-4419-bec1-03269ab6abcf"
            },
            "name": "AMH_TF_Security_Policy_vm_3",
            "ngt_credentials": {},
            "ngt_enabled_capability_list": [],
            "nic_list": [
              {
                "ip_endpoint_list": [],
                "is_connected": "true",
                "mac_address": "50:6b:8d:e7:05:90",
                "model": "",
                "network_function_chain_reference": {},
                "network_function_nic_type": "",
                "nic_type": "NORMAL_NIC",
                "num_queues": 0,
                "subnet_name": "Primary",
                "subnet_uuid": "13a890a9-102f-4f12-9b4f-bb68fb02ec4a",
                "uuid": "2bd473a3-6477-4209-873a-977a0fcb480c"
              }
            ],
            "nic_list_status": [
              {
                "floating_ip": "",
                "ip_endpoint_list": [
                  {
                    "ip": "10.38.8.236",
                    "type": "LEARNED"
                  }
                ],
                "is_connected": "true",
                "mac_address": "50:6b:8d:e7:05:90",
                "model": "",
                "network_function_chain_reference": {},
                "network_function_nic_type": "",
                "nic_type": "NORMAL_NIC",
                "num_queues": 0,
                "subnet_name": "Primary",
                "subnet_uuid": "13a890a9-102f-4f12-9b4f-bb68fb02ec4a",
                "uuid": "2bd473a3-6477-4209-873a-977a0fcb480c"
              }
            ],
            "num_sockets": 1,
            "num_vcpus_per_socket": 2,
            "num_vnuma_nodes": 0,
            "nutanix_guest_tools": {},
            "owner_reference": {
              "kind": "user",
              "name": "admin",
              "uuid": "00000000-0000-0000-0000-000000000000"
            },
            "parent_reference": {},
            "power_state": "ON",
            "power_state_mechanism": "HARD",
            "project_reference": {
              "kind": "project",
              "name": "_internal",
              "uuid": "09eae4e6-3c37-4ecf-a3a0-618c4be3e9f7"
            },
            "serial_port_list": [],
            "should_fail_on_script_failure": false,
            "state": "COMPLETE",
            "timeouts": null,
            "use_hot_add": true,
            "vga_console_enabled": true
          },
          "sensitive_attributes": [],
          "private": "eyJlMmJmYjczMC1lY2FhLTExZTYtOGY4OC0zNDM2M2JjN2M0YzAiOnsiY3JlYXRlIjozNjAwMDAwMDAwMDAwLCJkZWxldGUiOjM2MDAwMDAwMDAwMDAsInVwZGF0ZSI6MzYwMDAwMDAwMDAwMH0sInNjaGVtYV92ZXJzaW9uIjoiMSJ9",
          "dependencies": [
            "data.nutanix_clusters.clusters",
            "data.nutanix_subnet.Primary",
            "module.vms_in_security_policy.data.nutanix_category_key.AppTierKey",
            "module.vms_in_security_policy.data.nutanix_category_key.AppTypeKey",
            "module.vms_in_security_policy.nutanix_category_value.AMH_TF_AUTO_Secure_AppTier_Desktop",
            "module.vms_in_security_policy.nutanix_category_value.AMH_TF_AUTO_Secure_AppType_Desktop",
            "nutanix_image.AMH_TF_AUTO_CentOS7"
          ]
        },
        {
          "index_key": 4,
          "schema_version": 1,
          "attributes": {
            "api_version": "3.1",
            "availability_zone_reference": {},
            "boot_device_disk_address": {},
            "boot_device_mac_address": "",
            "boot_device_order_list": [],
            "boot_type": "",
            "categories": [
              {
                "name": "AppTier",
                "value": "AMH_TF_Secure_AppTier_Desktop"
              },
              {
                "name": "AppType",
                "value": "AMH_TF_Secure_AppType_Desktop"
              }
            ],
            "cloud_init_cdrom_uuid": "",
            "cluster_name": "PHX-SPOC008-4",
            "cluster_uuid": "0005e924-a651-4252-57df-ac1f6b6cf232",
            "description": "AMH_TF_Security Policy VM",
            "disk_list": [
              {
                "data_source_reference": {
                  "kind": "image",
                  "uuid": "5ee45bb9-a437-4721-8916-e33b6b0bc044"
                },
                "device_properties": [
                  {
                    "device_type": "DISK",
                    "disk_address": {
                      "adapter_type": "SCSI",
                      "device_index": "0"
                    }
                  }
                ],
                "disk_size_bytes": -2147483648,
                "disk_size_mib": 10240,
                "storage_config": [
                  {
                    "flash_mode": "",
                    "storage_container_reference": [
                      {
                        "kind": "storage_container",
                        "name": "SelfServiceContainer",
                        "url": "",
                        "uuid": "21e3e5a5-d639-404c-acfe-611e0e60aa8e"
                      }
                    ]
                  }
                ],
                "uuid": "450e6b61-19d5-42fa-9195-9a5e4363afd7",
                "volume_group_reference": {}
              }
            ],
            "enable_cpu_passthrough": false,
            "enable_script_exec": false,
            "gpu_list": [],
            "guest_customization_cloud_init_custom_key_values": {},
            "guest_customization_cloud_init_meta_data": "",
            "guest_customization_cloud_init_user_data": "",
            "guest_customization_is_overridable": false,
            "guest_customization_sysprep": {},
            "guest_customization_sysprep_custom_key_values": {},
            "guest_os_id": "",
            "hardware_clock_timezone": "UTC",
            "host_reference": {
              "kind": "host",
              "name": "10.38.8.197",
              "uuid": "f178ad55-fdeb-40f2-a35c-ffbd624316c8"
            },
            "hypervisor_type": null,
            "id": "995ba19f-98bb-4c3e-ae0b-68b3cbceecf8",
            "is_vcpu_hard_pinned": false,
            "machine_type": "PC",
            "memory_size_mib": 4096,
            "metadata": {
              "creation_time": "2022-09-21 19:49:58 +0000 UTC",
              "last_update_time": "2022-09-21 19:49:58 +0000 UTC",
              "name": "",
              "spec_hash": "",
              "spec_version": "0",
              "uuid": "995ba19f-98bb-4c3e-ae0b-68b3cbceecf8"
            },
            "name": "AMH_TF_Security_Policy_vm_4",
            "ngt_credentials": {},
            "ngt_enabled_capability_list": [],
            "nic_list": [
              {
                "ip_endpoint_list": [],
                "is_connected": "true",
                "mac_address": "50:6b:8d:82:89:09",
                "model": "",
                "network_function_chain_reference": {},
                "network_function_nic_type": "",
                "nic_type": "NORMAL_NIC",
                "num_queues": 0,
                "subnet_name": "Primary",
                "subnet_uuid": "13a890a9-102f-4f12-9b4f-bb68fb02ec4a",
                "uuid": "7b2c1037-75d9-45f2-bb88-94a570c3aa06"
              }
            ],
            "nic_list_status": [
              {
                "floating_ip": "",
                "ip_endpoint_list": [
                  {
                    "ip": "10.38.8.224",
                    "type": "LEARNED"
                  }
                ],
                "is_connected": "true",
                "mac_address": "50:6b:8d:82:89:09",
                "model": "",
                "network_function_chain_reference": {},
                "network_function_nic_type": "",
                "nic_type": "NORMAL_NIC",
                "num_queues": 0,
                "subnet_name": "Primary",
                "subnet_uuid": "13a890a9-102f-4f12-9b4f-bb68fb02ec4a",
                "uuid": "7b2c1037-75d9-45f2-bb88-94a570c3aa06"
              }
            ],
            "num_sockets": 1,
            "num_vcpus_per_socket": 2,
            "num_vnuma_nodes": 0,
            "nutanix_guest_tools": {},
            "owner_reference": {
              "kind": "user",
              "name": "admin",
              "uuid": "00000000-0000-0000-0000-000000000000"
            },
            "parent_reference": {},
            "power_state": "ON",
            "power_state_mechanism": "HARD",
            "project_reference": {
              "kind": "project",
              "name": "_internal",
              "uuid": "09eae4e6-3c37-4ecf-a3a0-618c4be3e9f7"
            },
            "serial_port_list": [],
            "should_fail_on_script_failure": false,
            "state": "COMPLETE",
            "timeouts": null,
            "use_hot_add": true,
            "vga_console_enabled": true
          },
          "sensitive_attributes": [],
          "private": "eyJlMmJmYjczMC1lY2FhLTExZTYtOGY4OC0zNDM2M2JjN2M0YzAiOnsiY3JlYXRlIjozNjAwMDAwMDAwMDAwLCJkZWxldGUiOjM2MDAwMDAwMDAwMDAsInVwZGF0ZSI6MzYwMDAwMDAwMDAwMH0sInNjaGVtYV92ZXJzaW9uIjoiMSJ9",
          "dependencies": [
            "data.nutanix_clusters.clusters",
            "data.nutanix_subnet.Primary",
            "module.vms_in_security_policy.data.nutanix_category_key.AppTierKey",
            "module.vms_in_security_policy.data.nutanix_category_key.AppTypeKey",
            "module.vms_in_security_policy.nutanix_category_value.AMH_TF_AUTO_Secure_AppTier_Desktop",
            "module.vms_in_security_policy.nutanix_category_value.AMH_TF_AUTO_Secure_AppType_Desktop",
            "nutanix_image.AMH_TF_AUTO_CentOS7"
          ]
        },
        {
          "index_key": 5,
          "schema_version": 1,
          "attributes": {
            "api_version": "3.1",
            "availability_zone_reference": {},
            "boot_device_disk_address": {},
            "boot_device_mac_address": "",
            "boot_device_order_list": [],
            "boot_type": "",
            "categories": [
              {
                "name": "AppTier",
                "value": "AMH_TF_Secure_AppTier_Desktop"
              },
              {
                "name": "AppType",
                "value": "AMH_TF_Secure_AppType_Desktop"
              }
            ],
            "cloud_init_cdrom_uuid": "",
            "cluster_name": "PHX-SPOC008-4",
            "cluster_uuid": "0005e924-a651-4252-57df-ac1f6b6cf232",
            "description": "AMH_TF_Security Policy VM",
            "disk_list": [
              {
                "data_source_reference": {
                  "kind": "image",
                  "uuid": "5ee45bb9-a437-4721-8916-e33b6b0bc044"
                },
                "device_properties": [
                  {
                    "device_type": "DISK",
                    "disk_address": {
                      "adapter_type": "SCSI",
                      "device_index": "0"
                    }
                  }
                ],
                "disk_size_bytes": -2147483648,
                "disk_size_mib": 10240,
                "storage_config": [
                  {
                    "flash_mode": "",
                    "storage_container_reference": [
                      {
                        "kind": "storage_container",
                        "name": "SelfServiceContainer",
                        "url": "",
                        "uuid": "21e3e5a5-d639-404c-acfe-611e0e60aa8e"
                      }
                    ]
                  }
                ],
                "uuid": "0d6f25a8-9a8f-44e7-8e56-d42df7c0369d",
                "volume_group_reference": {}
              }
            ],
            "enable_cpu_passthrough": false,
            "enable_script_exec": false,
            "gpu_list": [],
            "guest_customization_cloud_init_custom_key_values": {},
            "guest_customization_cloud_init_meta_data": "",
            "guest_customization_cloud_init_user_data": "",
            "guest_customization_is_overridable": false,
            "guest_customization_sysprep": {},
            "guest_customization_sysprep_custom_key_values": {},
            "guest_os_id": "",
            "hardware_clock_timezone": "UTC",
            "host_reference": {
              "kind": "host",
              "name": "10.38.8.197",
              "uuid": "f178ad55-fdeb-40f2-a35c-ffbd624316c8"
            },
            "hypervisor_type": null,
            "id": "27033969-0614-491d-9f29-d2440c4e1511",
            "is_vcpu_hard_pinned": false,
            "machine_type": "PC",
            "memory_size_mib": 4096,
            "metadata": {
              "creation_time": "2022-09-21 19:49:58 +0000 UTC",
              "last_update_time": "2022-09-21 19:49:58 +0000 UTC",
              "name": "",
              "spec_hash": "",
              "spec_version": "0",
              "uuid": "27033969-0614-491d-9f29-d2440c4e1511"
            },
            "name": "AMH_TF_Security_Policy_vm_5",
            "ngt_credentials": {},
            "ngt_enabled_capability_list": [],
            "nic_list": [
              {
                "ip_endpoint_list": [],
                "is_connected": "true",
                "mac_address": "50:6b:8d:90:28:08",
                "model": "",
                "network_function_chain_reference": {},
                "network_function_nic_type": "",
                "nic_type": "NORMAL_NIC",
                "num_queues": 0,
                "subnet_name": "Primary",
                "subnet_uuid": "13a890a9-102f-4f12-9b4f-bb68fb02ec4a",
                "uuid": "d3f0792d-a250-484e-9e3f-01a8d803e5c8"
              }
            ],
            "nic_list_status": [
              {
                "floating_ip": "",
                "ip_endpoint_list": [
                  {
                    "ip": "10.38.8.226",
                    "type": "LEARNED"
                  }
                ],
                "is_connected": "true",
                "mac_address": "50:6b:8d:90:28:08",
                "model": "",
                "network_function_chain_reference": {},
                "network_function_nic_type": "",
                "nic_type": "NORMAL_NIC",
                "num_queues": 0,
                "subnet_name": "Primary",
                "subnet_uuid": "13a890a9-102f-4f12-9b4f-bb68fb02ec4a",
                "uuid": "d3f0792d-a250-484e-9e3f-01a8d803e5c8"
              }
            ],
            "num_sockets": 1,
            "num_vcpus_per_socket": 2,
            "num_vnuma_nodes": 0,
            "nutanix_guest_tools": {},
            "owner_reference": {
              "kind": "user",
              "name": "admin",
              "uuid": "00000000-0000-0000-0000-000000000000"
            },
            "parent_reference": {},
            "power_state": "ON",
            "power_state_mechanism": "HARD",
            "project_reference": {
              "kind": "project",
              "name": "_internal",
              "uuid": "09eae4e6-3c37-4ecf-a3a0-618c4be3e9f7"
            },
            "serial_port_list": [],
            "should_fail_on_script_failure": false,
            "state": "COMPLETE",
            "timeouts": null,
            "use_hot_add": true,
            "vga_console_enabled": true
          },
          "sensitive_attributes": [],
          "private": "eyJlMmJmYjczMC1lY2FhLTExZTYtOGY4OC0zNDM2M2JjN2M0YzAiOnsiY3JlYXRlIjozNjAwMDAwMDAwMDAwLCJkZWxldGUiOjM2MDAwMDAwMDAwMDAsInVwZGF0ZSI6MzYwMDAwMDAwMDAwMH0sInNjaGVtYV92ZXJzaW9uIjoiMSJ9",
          "dependencies": [
            "data.nutanix_clusters.clusters",
            "data.nutanix_subnet.Primary",
            "module.vms_in_security_policy.data.nutanix_category_key.AppTierKey",
            "module.vms_in_security_policy.data.nutanix_category_key.AppTypeKey",
            "module.vms_in_security_policy.nutanix_category_value.AMH_TF_AUTO_Secure_AppTier_Desktop",
            "module.vms_in_security_policy.nutanix_category_value.AMH_TF_AUTO_Secure_AppType_Desktop",
            "nutanix_image.AMH_TF_AUTO_CentOS7"
          ]
        },
        {
          "index_key": 6,
          "schema_version": 1,
          "attributes": {
            "api_version": "3.1",
            "availability_zone_reference": {},
            "boot_device_disk_address": {},
            "boot_device_mac_address": "",
            "boot_device_order_list": [],
            "boot_type": "",
            "categories": [
              {
                "name": "AppTier",
                "value": "AMH_TF_Secure_AppTier_Desktop"
              },
              {
                "name": "AppType",
                "value": "AMH_TF_Secure_AppType_Desktop"
              }
            ],
            "cloud_init_cdrom_uuid": "",
            "cluster_name": "PHX-SPOC008-4",
            "cluster_uuid": "0005e924-a651-4252-57df-ac1f6b6cf232",
            "description": "AMH_TF_Security Policy VM",
            "disk_list": [
              {
                "data_source_reference": {
                  "kind": "image",
                  "uuid": "5ee45bb9-a437-4721-8916-e33b6b0bc044"
                },
                "device_properties": [
                  {
                    "device_type": "DISK",
                    "disk_address": {
                      "adapter_type": "SCSI",
                      "device_index": "0"
                    }
                  }
                ],
                "disk_size_bytes": -2147483648,
                "disk_size_mib": 10240,
                "storage_config": [
                  {
                    "flash_mode": "",
                    "storage_container_reference": [
                      {
                        "kind": "storage_container",
                        "name": "SelfServiceContainer",
                        "url": "",
                        "uuid": "21e3e5a5-d639-404c-acfe-611e0e60aa8e"
                      }
                    ]
                  }
                ],
                "uuid": "b4c33814-968e-4262-8f8a-a2d0e1d1bfd1",
                "volume_group_reference": {}
              }
            ],
            "enable_cpu_passthrough": false,
            "enable_script_exec": false,
            "gpu_list": [],
            "guest_customization_cloud_init_custom_key_values": {},
            "guest_customization_cloud_init_meta_data": "",
            "guest_customization_cloud_init_user_data": "",
            "guest_customization_is_overridable": false,
            "guest_customization_sysprep": {},
            "guest_customization_sysprep_custom_key_values": {},
            "guest_os_id": "",
            "hardware_clock_timezone": "UTC",
            "host_reference": {
              "kind": "host",
              "name": "10.38.8.197",
              "uuid": "f178ad55-fdeb-40f2-a35c-ffbd624316c8"
            },
            "hypervisor_type": null,
            "id": "974d009a-687d-4c14-a1d5-a8c44e9761ca",
            "is_vcpu_hard_pinned": false,
            "machine_type": "PC",
            "memory_size_mib": 4096,
            "metadata": {
              "creation_time": "2022-09-21 19:50:01 +0000 UTC",
              "last_update_time": "2022-09-21 19:50:01 +0000 UTC",
              "name": "",
              "spec_hash": "",
              "spec_version": "0",
              "uuid": "974d009a-687d-4c14-a1d5-a8c44e9761ca"
            },
            "name": "AMH_TF_Security_Policy_vm_6",
            "ngt_credentials": {},
            "ngt_enabled_capability_list": [],
            "nic_list": [
              {
                "ip_endpoint_list": [],
                "is_connected": "true",
                "mac_address": "50:6b:8d:b4:f3:49",
                "model": "",
                "network_function_chain_reference": {},
                "network_function_nic_type": "",
                "nic_type": "NORMAL_NIC",
                "num_queues": 0,
                "subnet_name": "Primary",
                "subnet_uuid": "13a890a9-102f-4f12-9b4f-bb68fb02ec4a",
                "uuid": "22726c2c-e61d-4108-9f4b-6f975e7260f6"
              }
            ],
            "nic_list_status": [
              {
                "floating_ip": "",
                "ip_endpoint_list": [
                  {
                    "ip": "10.38.8.232",
                    "type": "LEARNED"
                  }
                ],
                "is_connected": "true",
                "mac_address": "50:6b:8d:b4:f3:49",
                "model": "",
                "network_function_chain_reference": {},
                "network_function_nic_type": "",
                "nic_type": "NORMAL_NIC",
                "num_queues": 0,
                "subnet_name": "Primary",
                "subnet_uuid": "13a890a9-102f-4f12-9b4f-bb68fb02ec4a",
                "uuid": "22726c2c-e61d-4108-9f4b-6f975e7260f6"
              }
            ],
            "num_sockets": 1,
            "num_vcpus_per_socket": 2,
            "num_vnuma_nodes": 0,
            "nutanix_guest_tools": {},
            "owner_reference": {
              "kind": "user",
              "name": "admin",
              "uuid": "00000000-0000-0000-0000-000000000000"
            },
            "parent_reference": {},
            "power_state": "ON",
            "power_state_mechanism": "HARD",
            "project_reference": {
              "kind": "project",
              "name": "_internal",
              "uuid": "09eae4e6-3c37-4ecf-a3a0-618c4be3e9f7"
            },
            "serial_port_list": [],
            "should_fail_on_script_failure": false,
            "state": "COMPLETE",
            "timeouts": null,
            "use_hot_add": true,
            "vga_console_enabled": true
          },
          "sensitive_attributes": [],
          "private": "eyJlMmJmYjczMC1lY2FhLTExZTYtOGY4OC0zNDM2M2JjN2M0YzAiOnsiY3JlYXRlIjozNjAwMDAwMDAwMDAwLCJkZWxldGUiOjM2MDAwMDAwMDAwMDAsInVwZGF0ZSI6MzYwMDAwMDAwMDAwMH0sInNjaGVtYV92ZXJzaW9uIjoiMSJ9",
          "dependencies": [
            "data.nutanix_clusters.clusters",
            "data.nutanix_subnet.Primary",
            "module.vms_in_security_policy.data.nutanix_category_key.AppTierKey",
            "module.vms_in_security_policy.data.nutanix_category_key.AppTypeKey",
            "module.vms_in_security_policy.nutanix_category_value.AMH_TF_AUTO_Secure_AppTier_Desktop",
            "module.vms_in_security_policy.nutanix_category_value.AMH_TF_AUTO_Secure_AppType_Desktop",
            "nutanix_image.AMH_TF_AUTO_CentOS7"
          ]
        },
        {
          "index_key": 7,
          "schema_version": 1,
          "attributes": {
            "api_version": "3.1",
            "availability_zone_reference": {},
            "boot_device_disk_address": {},
            "boot_device_mac_address": "",
            "boot_device_order_list": [],
            "boot_type": "",
            "categories": [
              {
                "name": "AppTier",
                "value": "AMH_TF_Secure_AppTier_Desktop"
              },
              {
                "name": "AppType",
                "value": "AMH_TF_Secure_AppType_Desktop"
              }
            ],
            "cloud_init_cdrom_uuid": "",
            "cluster_name": "PHX-SPOC008-4",
            "cluster_uuid": "0005e924-a651-4252-57df-ac1f6b6cf232",
            "description": "AMH_TF_Security Policy VM",
            "disk_list": [
              {
                "data_source_reference": {
                  "kind": "image",
                  "uuid": "5ee45bb9-a437-4721-8916-e33b6b0bc044"
                },
                "device_properties": [
                  {
                    "device_type": "DISK",
                    "disk_address": {
                      "adapter_type": "SCSI",
                      "device_index": "0"
                    }
                  }
                ],
                "disk_size_bytes": -2147483648,
                "disk_size_mib": 10240,
                "storage_config": [
                  {
                    "flash_mode": "",
                    "storage_container_reference": [
                      {
                        "kind": "storage_container",
                        "name": "SelfServiceContainer",
                        "url": "",
                        "uuid": "21e3e5a5-d639-404c-acfe-611e0e60aa8e"
                      }
                    ]
                  }
                ],
                "uuid": "7c609287-17a7-4310-aabb-034ab26e3d04",
                "volume_group_reference": {}
              }
            ],
            "enable_cpu_passthrough": false,
            "enable_script_exec": false,
            "gpu_list": [],
            "guest_customization_cloud_init_custom_key_values": {},
            "guest_customization_cloud_init_meta_data": "",
            "guest_customization_cloud_init_user_data": "",
            "guest_customization_is_overridable": false,
            "guest_customization_sysprep": {},
            "guest_customization_sysprep_custom_key_values": {},
            "guest_os_id": "",
            "hardware_clock_timezone": "UTC",
            "host_reference": {
              "kind": "host",
              "name": "10.38.8.197",
              "uuid": "f178ad55-fdeb-40f2-a35c-ffbd624316c8"
            },
            "hypervisor_type": null,
            "id": "df89c12c-e426-4cdb-a5d5-82fdf71c5c22",
            "is_vcpu_hard_pinned": false,
            "machine_type": "PC",
            "memory_size_mib": 4096,
            "metadata": {
              "creation_time": "2022-09-21 19:49:57 +0000 UTC",
              "last_update_time": "2022-09-21 19:49:57 +0000 UTC",
              "name": "",
              "spec_hash": "",
              "spec_version": "0",
              "uuid": "df89c12c-e426-4cdb-a5d5-82fdf71c5c22"
            },
            "name": "AMH_TF_Security_Policy_vm_7",
            "ngt_credentials": {},
            "ngt_enabled_capability_list": [],
            "nic_list": [
              {
                "ip_endpoint_list": [],
                "is_connected": "true",
                "mac_address": "50:6b:8d:b9:6f:e5",
                "model": "",
                "network_function_chain_reference": {},
                "network_function_nic_type": "",
                "nic_type": "NORMAL_NIC",
                "num_queues": 0,
                "subnet_name": "Primary",
                "subnet_uuid": "13a890a9-102f-4f12-9b4f-bb68fb02ec4a",
                "uuid": "edd614ff-00df-4363-b752-455f0b9ee9dd"
              }
            ],
            "nic_list_status": [
              {
                "floating_ip": "",
                "ip_endpoint_list": [
                  {
                    "ip": "10.38.8.225",
                    "type": "LEARNED"
                  }
                ],
                "is_connected": "true",
                "mac_address": "50:6b:8d:b9:6f:e5",
                "model": "",
                "network_function_chain_reference": {},
                "network_function_nic_type": "",
                "nic_type": "NORMAL_NIC",
                "num_queues": 0,
                "subnet_name": "Primary",
                "subnet_uuid": "13a890a9-102f-4f12-9b4f-bb68fb02ec4a",
                "uuid": "edd614ff-00df-4363-b752-455f0b9ee9dd"
              }
            ],
            "num_sockets": 1,
            "num_vcpus_per_socket": 2,
            "num_vnuma_nodes": 0,
            "nutanix_guest_tools": {},
            "owner_reference": {
              "kind": "user",
              "name": "admin",
              "uuid": "00000000-0000-0000-0000-000000000000"
            },
            "parent_reference": {},
            "power_state": "ON",
            "power_state_mechanism": "HARD",
            "project_reference": {
              "kind": "project",
              "name": "_internal",
              "uuid": "09eae4e6-3c37-4ecf-a3a0-618c4be3e9f7"
            },
            "serial_port_list": [],
            "should_fail_on_script_failure": false,
            "state": "COMPLETE",
            "timeouts": null,
            "use_hot_add": true,
            "vga_console_enabled": true
          },
          "sensitive_attributes": [],
          "private": "eyJlMmJmYjczMC1lY2FhLTExZTYtOGY4OC0zNDM2M2JjN2M0YzAiOnsiY3JlYXRlIjozNjAwMDAwMDAwMDAwLCJkZWxldGUiOjM2MDAwMDAwMDAwMDAsInVwZGF0ZSI6MzYwMDAwMDAwMDAwMH0sInNjaGVtYV92ZXJzaW9uIjoiMSJ9",
          "dependencies": [
            "data.nutanix_clusters.clusters",
            "data.nutanix_subnet.Primary",
            "module.vms_in_security_policy.data.nutanix_category_key.AppTierKey",
            "module.vms_in_security_policy.data.nutanix_category_key.AppTypeKey",
            "module.vms_in_security_policy.nutanix_category_value.AMH_TF_AUTO_Secure_AppTier_Desktop",
            "module.vms_in_security_policy.nutanix_category_value.AMH_TF_AUTO_Secure_AppType_Desktop",
            "nutanix_image.AMH_TF_AUTO_CentOS7"
          ]
        },
        {
          "index_key": 8,
          "schema_version": 1,
          "attributes": {
            "api_version": "3.1",
            "availability_zone_reference": {},
            "boot_device_disk_address": {},
            "boot_device_mac_address": "",
            "boot_device_order_list": [],
            "boot_type": "",
            "categories": [
              {
                "name": "AppTier",
                "value": "AMH_TF_Secure_AppTier_Desktop"
              },
              {
                "name": "AppType",
                "value": "AMH_TF_Secure_AppType_Desktop"
              }
            ],
            "cloud_init_cdrom_uuid": "",
            "cluster_name": "PHX-SPOC008-4",
            "cluster_uuid": "0005e924-a651-4252-57df-ac1f6b6cf232",
            "description": "AMH_TF_Security Policy VM",
            "disk_list": [
              {
                "data_source_reference": {
                  "kind": "image",
                  "uuid": "5ee45bb9-a437-4721-8916-e33b6b0bc044"
                },
                "device_properties": [
                  {
                    "device_type": "DISK",
                    "disk_address": {
                      "adapter_type": "SCSI",
                      "device_index": "0"
                    }
                  }
                ],
                "disk_size_bytes": -2147483648,
                "disk_size_mib": 10240,
                "storage_config": [
                  {
                    "flash_mode": "",
                    "storage_container_reference": [
                      {
                        "kind": "storage_container",
                        "name": "SelfServiceContainer",
                        "url": "",
                        "uuid": "21e3e5a5-d639-404c-acfe-611e0e60aa8e"
                      }
                    ]
                  }
                ],
                "uuid": "8f6bf4ac-c441-4eec-8863-6c8a125d4152",
                "volume_group_reference": {}
              }
            ],
            "enable_cpu_passthrough": false,
            "enable_script_exec": false,
            "gpu_list": [],
            "guest_customization_cloud_init_custom_key_values": {},
            "guest_customization_cloud_init_meta_data": "",
            "guest_customization_cloud_init_user_data": "",
            "guest_customization_is_overridable": false,
            "guest_customization_sysprep": {},
            "guest_customization_sysprep_custom_key_values": {},
            "guest_os_id": "",
            "hardware_clock_timezone": "UTC",
            "host_reference": {
              "kind": "host",
              "name": "10.38.8.197",
              "uuid": "f178ad55-fdeb-40f2-a35c-ffbd624316c8"
            },
            "hypervisor_type": null,
            "id": "e07af664-717a-4b10-83fb-9e3aca9d3544",
            "is_vcpu_hard_pinned": false,
            "machine_type": "PC",
            "memory_size_mib": 4096,
            "metadata": {
              "creation_time": "2022-09-21 19:50:31 +0000 UTC",
              "last_update_time": "2022-09-21 19:50:31 +0000 UTC",
              "name": "",
              "spec_hash": "",
              "spec_version": "0",
              "uuid": "e07af664-717a-4b10-83fb-9e3aca9d3544"
            },
            "name": "AMH_TF_Security_Policy_vm_8",
            "ngt_credentials": {},
            "ngt_enabled_capability_list": [],
            "nic_list": [
              {
                "ip_endpoint_list": [],
                "is_connected": "true",
                "mac_address": "50:6b:8d:95:3c:c4",
                "model": "",
                "network_function_chain_reference": {},
                "network_function_nic_type": "",
                "nic_type": "NORMAL_NIC",
                "num_queues": 0,
                "subnet_name": "Primary",
                "subnet_uuid": "13a890a9-102f-4f12-9b4f-bb68fb02ec4a",
                "uuid": "4ec6cac7-2bf4-4924-af64-15e843901bc2"
              }
            ],
            "nic_list_status": [
              {
                "floating_ip": "",
                "ip_endpoint_list": [
                  {
                    "ip": "10.38.8.237",
                    "type": "LEARNED"
                  }
                ],
                "is_connected": "true",
                "mac_address": "50:6b:8d:95:3c:c4",
                "model": "",
                "network_function_chain_reference": {},
                "network_function_nic_type": "",
                "nic_type": "NORMAL_NIC",
                "num_queues": 0,
                "subnet_name": "Primary",
                "subnet_uuid": "13a890a9-102f-4f12-9b4f-bb68fb02ec4a",
                "uuid": "4ec6cac7-2bf4-4924-af64-15e843901bc2"
              }
            ],
            "num_sockets": 1,
            "num_vcpus_per_socket": 2,
            "num_vnuma_nodes": 0,
            "nutanix_guest_tools": {},
            "owner_reference": {
              "kind": "user",
              "name": "admin",
              "uuid": "00000000-0000-0000-0000-000000000000"
            },
            "parent_reference": {},
            "power_state": "ON",
            "power_state_mechanism": "HARD",
            "project_reference": {
              "kind": "project",
              "name": "_internal",
              "uuid": "09eae4e6-3c37-4ecf-a3a0-618c4be3e9f7"
            },
            "serial_port_list": [],
            "should_fail_on_script_failure": false,
            "state": "COMPLETE",
            "timeouts": null,
            "use_hot_add": true,
            "vga_console_enabled": true
          },
          "sensitive_attributes": [],
          "private": "eyJlMmJmYjczMC1lY2FhLTExZTYtOGY4OC0zNDM2M2JjN2M0YzAiOnsiY3JlYXRlIjozNjAwMDAwMDAwMDAwLCJkZWxldGUiOjM2MDAwMDAwMDAwMDAsInVwZGF0ZSI6MzYwMDAwMDAwMDAwMH0sInNjaGVtYV92ZXJzaW9uIjoiMSJ9",
          "dependencies": [
            "data.nutanix_clusters.clusters",
            "data.nutanix_subnet.Primary",
            "module.vms_in_security_policy.data.nutanix_category_key.AppTierKey",
            "module.vms_in_security_policy.data.nutanix_category_key.AppTypeKey",
            "module.vms_in_security_policy.nutanix_category_value.AMH_TF_AUTO_Secure_AppTier_Desktop",
            "module.vms_in_security_policy.nutanix_category_value.AMH_TF_AUTO_Secure_AppType_Desktop",
            "nutanix_image.AMH_TF_AUTO_CentOS7"
          ]
        },
        {
          "index_key": 9,
          "schema_version": 1,
          "attributes": {
            "api_version": "3.1",
            "availability_zone_reference": {},
            "boot_device_disk_address": {},
            "boot_device_mac_address": "",
            "boot_device_order_list": [],
            "boot_type": "",
            "categories": [
              {
                "name": "AppTier",
                "value": "AMH_TF_Secure_AppTier_Desktop"
              },
              {
                "name": "AppType",
                "value": "AMH_TF_Secure_AppType_Desktop"
              }
            ],
            "cloud_init_cdrom_uuid": "",
            "cluster_name": "PHX-SPOC008-4",
            "cluster_uuid": "0005e924-a651-4252-57df-ac1f6b6cf232",
            "description": "AMH_TF_Security Policy VM",
            "disk_list": [
              {
                "data_source_reference": {
                  "kind": "image",
                  "uuid": "5ee45bb9-a437-4721-8916-e33b6b0bc044"
                },
                "device_properties": [
                  {
                    "device_type": "DISK",
                    "disk_address": {
                      "adapter_type": "SCSI",
                      "device_index": "0"
                    }
                  }
                ],
                "disk_size_bytes": -2147483648,
                "disk_size_mib": 10240,
                "storage_config": [
                  {
                    "flash_mode": "",
                    "storage_container_reference": [
                      {
                        "kind": "storage_container",
                        "name": "SelfServiceContainer",
                        "url": "",
                        "uuid": "21e3e5a5-d639-404c-acfe-611e0e60aa8e"
                      }
                    ]
                  }
                ],
                "uuid": "53d422e3-159f-4bcf-a9ca-d07f6b464c19",
                "volume_group_reference": {}
              }
            ],
            "enable_cpu_passthrough": false,
            "enable_script_exec": false,
            "gpu_list": [],
            "guest_customization_cloud_init_custom_key_values": {},
            "guest_customization_cloud_init_meta_data": "",
            "guest_customization_cloud_init_user_data": "",
            "guest_customization_is_overridable": false,
            "guest_customization_sysprep": {},
            "guest_customization_sysprep_custom_key_values": {},
            "guest_os_id": "",
            "hardware_clock_timezone": "UTC",
            "host_reference": {
              "kind": "host",
              "name": "10.38.8.197",
              "uuid": "f178ad55-fdeb-40f2-a35c-ffbd624316c8"
            },
            "hypervisor_type": null,
            "id": "5c83eb26-9944-4926-b057-c29dcfeb0e36",
            "is_vcpu_hard_pinned": false,
            "machine_type": "PC",
            "memory_size_mib": 4096,
            "metadata": {
              "creation_time": "2022-09-21 19:50:29 +0000 UTC",
              "last_update_time": "2022-09-21 19:50:29 +0000 UTC",
              "name": "",
              "spec_hash": "",
              "spec_version": "0",
              "uuid": "5c83eb26-9944-4926-b057-c29dcfeb0e36"
            },
            "name": "AMH_TF_Security_Policy_vm_9",
            "ngt_credentials": {},
            "ngt_enabled_capability_list": [],
            "nic_list": [
              {
                "ip_endpoint_list": [],
                "is_connected": "true",
                "mac_address": "50:6b:8d:90:01:6d",
                "model": "",
                "network_function_chain_reference": {},
                "network_function_nic_type": "",
                "nic_type": "NORMAL_NIC",
                "num_queues": 0,
                "subnet_name": "Primary",
                "subnet_uuid": "13a890a9-102f-4f12-9b4f-bb68fb02ec4a",
                "uuid": "b7202791-7dec-4aa5-adbb-7a8934bd9090"
              }
            ],
            "nic_list_status": [
              {
                "floating_ip": "",
                "ip_endpoint_list": [
                  {
                    "ip": "10.38.8.234",
                    "type": "LEARNED"
                  }
                ],
                "is_connected": "true",
                "mac_address": "50:6b:8d:90:01:6d",
                "model": "",
                "network_function_chain_reference": {},
                "network_function_nic_type": "",
                "nic_type": "NORMAL_NIC",
                "num_queues": 0,
                "subnet_name": "Primary",
                "subnet_uuid": "13a890a9-102f-4f12-9b4f-bb68fb02ec4a",
                "uuid": "b7202791-7dec-4aa5-adbb-7a8934bd9090"
              }
            ],
            "num_sockets": 1,
            "num_vcpus_per_socket": 2,
            "num_vnuma_nodes": 0,
            "nutanix_guest_tools": {},
            "owner_reference": {
              "kind": "user",
              "name": "admin",
              "uuid": "00000000-0000-0000-0000-000000000000"
            },
            "parent_reference": {},
            "power_state": "ON",
            "power_state_mechanism": "HARD",
            "project_reference": {
              "kind": "project",
              "name": "_internal",
              "uuid": "09eae4e6-3c37-4ecf-a3a0-618c4be3e9f7"
            },
            "serial_port_list": [],
            "should_fail_on_script_failure": false,
            "state": "COMPLETE",
            "timeouts": null,
            "use_hot_add": true,
            "vga_console_enabled": true
          },
          "sensitive_attributes": [],
          "private": "eyJlMmJmYjczMC1lY2FhLTExZTYtOGY4OC0zNDM2M2JjN2M0YzAiOnsiY3JlYXRlIjozNjAwMDAwMDAwMDAwLCJkZWxldGUiOjM2MDAwMDAwMDAwMDAsInVwZGF0ZSI6MzYwMDAwMDAwMDAwMH0sInNjaGVtYV92ZXJzaW9uIjoiMSJ9",
          "dependencies": [
            "data.nutanix_clusters.clusters",
            "data.nutanix_subnet.Primary",
            "module.vms_in_security_policy.data.nutanix_category_key.AppTierKey",
            "module.vms_in_security_policy.data.nutanix_category_key.AppTypeKey",
            "module.vms_in_security_policy.nutanix_category_value.AMH_TF_AUTO_Secure_AppTier_Desktop",
            "module.vms_in_security_policy.nutanix_category_value.AMH_TF_AUTO_Secure_AppType_Desktop",
            "nutanix_image.AMH_TF_AUTO_CentOS7"
          ]
        }
      ]
    }
  ]
}
