{
  "version": 4,
  "terraform_version": "1.2.6",
  "serial": 192,
  "lineage": "a6a2d4e7-94f4-6f79-9c5b-184ecd2acf7f",
  "outputs": {},
  "resources": [
    {
      "mode": "data",
      "type": "nutanix_clusters",
      "name": "clusters",
      "provider": "provider[\"registry.terraform.io/nutanix/nutanix\"]",
      "instances": [
        {
          "schema_version": 0,
          "attributes": {
            "api_version": "3.1",
            "entities": [
              {
                "analysis_vm_efficiency_map": {
                  "bully_vm_num": "0",
                  "constrained_vm_num": "0",
                  "dead_vm_num": "0",
                  "inefficient_vm_num": "0",
                  "overprovisioned_vm_num": "0"
                },
                "api_version": "",
                "authorized_public_key_list": [],
                "build": {
                  "build_type": "release",
                  "commit_date": "",
                  "commit_id": "c1cb24df40aaa4aa848f84003a27af28cc058e58",
                  "full_version": "el7.3-release-fraser-6.5-stable-c1cb24df40aaa4aa848f84003a27af28cc058e58",
                  "short_commit_id": "c1cb24",
                  "version": "6.5"
                },
                "ca_certificate_list": [],
                "categories": [],
                "certification_signing_info": {},
                "client_auth": {},
                "cluster_arch": "X86_64",
                "domain_server_credentials": {},
                "domain_server_name": "",
                "domain_server_nameserver": "",
                "enabled_feature_list": [
                  "PASSWORD_REMOTE_LOGIN_ENABLED",
                  "SHADOW_CLONES_ENABLED"
                ],
                "encryption_status": "NOT_SUPPORTED",
                "external_data_services_ip": "10.38.8.200",
                "external_ip": "10.38.8.199",
                "external_subnet": "10.38.8.192/255.255.255.192",
                "gpu_driver_version": "",
                "http_proxy_list": [],
                "http_proxy_whitelist": [],
                "internal_subnet": "192.168.5.0/255.255.255.128",
                "is_available": true,
                "management_server_list": [],
                "masquerading_ip": "",
                "masquerading_port": 0,
                "metadata": {
                  "creation_time": "2022-09-21 16:13:02 +0000 UTC",
                  "last_update_time": "2022-09-21 16:13:02 +0000 UTC",
                  "name": "",
                  "spec_hash": "00000000000000000000000000000000000000000000000000",
                  "spec_version": "0",
                  "uuid": "0005e924-a651-4252-57df-ac1f6b6cf232"
                },
                "name": "PHX-SPOC008-4",
                "name_server_ip_list": [
                  "10.42.194.10"
                ],
                "nfs_subnet_whitelist": [],
                "nodes": [
                  {
                    "ip": "10.38.8.197",
                    "type": "AHV",
                    "version": "el7.nutanix.20201105.30398"
                  },
                  {
                    "ip": "127.0.0.1",
                    "type": "AHV",
                    "version": ""
                  }
                ],
                "ntp_server_ip_list": [
                  "10.42.194.10"
                ],
                "operation_mode": "NORMAL",
                "owner_reference": {},
                "project_reference": {},
                "service_list": [
                  "AOS"
                ],
                "smtp_server_address": {
                  "fqdn": "smtp.sendgrid.net",
                  "ip": "",
                  "ipv6": "",
                  "port": "587"
                },
                "smtp_server_credentials": {
                  "password": "",
                  "username": "apikey"
                },
                "smtp_server_email_address": "noreply@nutanix.com",
                "smtp_server_proxy_type_list": [],
                "smtp_server_type": "STARTTLS",
                "software_map_ncc": {
                  "software_type": "NCC",
                  "status": "INSTALLED",
                  "version": "ncc-4.6.0"
                },
                "software_map_nos": {
                  "software_type": "NOS",
                  "status": "INSTALLED",
                  "version": "6.5"
                },
                "ssl_key_expire_datetime": "",
                "ssl_key_name": "",
                "ssl_key_signing_info": {},
                "ssl_key_type": "",
                "state": "COMPLETE",
                "supported_information_verbosity": "BASIC_PLUS_CORE_DUMP",
                "timezone": "UTC"
              },
              {
                "analysis_vm_efficiency_map": {},
                "api_version": "",
                "authorized_public_key_list": [],
                "build": {
                  "build_type": "release",
                  "commit_date": "2022-05-06T12:14:07Z",
                  "commit_id": "e7131217629fdf9648d499c716861c2d07640de9",
                  "full_version": "el7.3-release-fraser-6.1-stable-pc-2-e7131217629fdf9648d499c716861c2d07640de9",
                  "short_commit_id": "e71312",
                  "version": "pc"
                },
                "ca_certificate_list": [],
                "categories": [],
                "certification_signing_info": {},
                "client_auth": {},
                "cluster_arch": "X86_64",
                "domain_server_credentials": {},
                "domain_server_name": "",
                "domain_server_nameserver": "",
                "enabled_feature_list": [
                  "PASSWORD_REMOTE_LOGIN_ENABLED",
                  "SHADOW_CLONES_ENABLED"
                ],
                "encryption_status": "NOT_SUPPORTED",
                "external_data_services_ip": "",
                "external_ip": "",
                "external_subnet": "10.38.8.192/255.255.255.192",
                "gpu_driver_version": "",
                "http_proxy_list": [],
                "http_proxy_whitelist": [],
                "internal_subnet": "10.38.8.192/255.255.255.192",
                "is_available": true,
                "management_server_list": [],
                "masquerading_ip": "",
                "masquerading_port": 0,
                "metadata": {
                  "creation_time": "2022-09-21 16:04:12 +0000 UTC",
                  "last_update_time": "2022-09-21 16:04:12 +0000 UTC",
                  "name": "",
                  "spec_hash": "00000000000000000000000000000000000000000000000000",
                  "spec_version": "2",
                  "uuid": "54f6d60b-3a81-4bfa-91c6-c9480e7afb74"
                },
                "name": "Unnamed",
                "name_server_ip_list": [
                  "10.38.8.244",
                  "8.8.8.8"
                ],
                "nfs_subnet_whitelist": [],
                "nodes": [],
                "ntp_server_ip_list": [
                  "10.38.8.244",
                  "8.8.8.8"
                ],
                "operation_mode": "NORMAL",
                "owner_reference": {},
                "project_reference": {},
                "service_list": [
                  "PRISM_CENTRAL"
                ],
                "smtp_server_address": {},
                "smtp_server_credentials": {},
                "smtp_server_email_address": "",
                "smtp_server_proxy_type_list": [],
                "smtp_server_type": "",
                "software_map_ncc": {
                  "software_type": "NCC",
                  "status": "INSTALLED",
                  "version": "ncc-4.6.0"
                },
                "software_map_nos": {
                  "software_type": "NOS",
                  "status": "INSTALLED",
                  "version": "6.1"
                },
                "ssl_key_expire_datetime": "",
                "ssl_key_name": "",
                "ssl_key_signing_info": {},
                "ssl_key_type": "",
                "state": "COMPLETE",
                "supported_information_verbosity": "",
                "timezone": "America/Los_Angeles"
              }
            ],
            "id": "terraform-20220921170627882200000001"
          },
          "sensitive_attributes": []
        }
      ]
    },
    {
      "mode": "data",
      "type": "nutanix_subnet",
      "name": "Primary",
      "provider": "provider[\"registry.terraform.io/nutanix/nutanix\"]",
      "instances": [
        {
          "schema_version": 0,
          "attributes": {
            "additional_filter": null,
            "api_version": "",
            "availability_zone_reference": {},
            "categories": [],
            "cluster_name": "PHX-SPOC008-4",
            "cluster_uuid": "0005e924-a651-4252-57df-ac1f6b6cf232",
            "default_gateway_ip": "",
            "description": "Rx-Automation Generated Network",
            "dhcp_domain_name_server_list": [],
            "dhcp_domain_search_list": [],
            "dhcp_options": {},
            "dhcp_server_address": {},
            "dhcp_server_address_port": 0,
            "enable_nat": false,
            "id": "13a890a9-102f-4f12-9b4f-bb68fb02ec4a",
            "ip_config_pool_list_ranges": [],
            "is_external": false,
            "message_list": null,
            "metadata": {
              "creation_time": "2022-09-21 17:06:03 +0000 UTC",
              "last_update_time": "2022-09-21 17:06:03 +0000 UTC",
              "name": "",
              "spec_hash": "00000000000000000000000000000000000000000000000000",
              "spec_version": "0",
              "uuid": "13a890a9-102f-4f12-9b4f-bb68fb02ec4a"
            },
            "name": "Primary",
            "network_function_chain_reference": {},
            "owner_reference": {},
            "prefix_length": 0,
            "project_reference": {},
            "state": "COMPLETE",
            "subnet_id": null,
            "subnet_ip": "",
            "subnet_name": "Primary",
            "subnet_type": "VLAN",
            "vlan_id": 0,
            "vpc_reference": {},
            "vswitch_name": "br0"
          },
          "sensitive_attributes": []
        }
      ]
    },
    {
      "mode": "managed",
      "type": "nutanix_image",
      "name": "AMH_TF_AUTO_CentOS7",
      "provider": "provider[\"registry.terraform.io/nutanix/nutanix\"]",
      "instances": [
        {
          "schema_version": 1,
          "attributes": {
            "api_version": "3.1",
            "architecture": null,
            "availability_zone_reference": {},
            "categories": [],
            "checksum": {},
            "cluster_name": null,
            "cluster_references": [],
            "cluster_uuid": null,
            "current_cluster_reference_list": [
              {
                "kind": "cluster",
                "name": "",
                "uuid": "0005e924-a651-4252-57df-ac1f6b6cf232"
              }
            ],
            "description": "AMH_TF_CentOS7 qcow image",
            "id": "ff7e4e69-fab2-4d7b-b6a7-0f62451ab096",
            "image_type": "DISK_IMAGE",
            "metadata": {
              "creation_time": "2022-09-21 17:06:15 +0000 UTC",
              "last_update_time": "2022-09-21 17:07:25 +0000 UTC",
              "name": "",
              "spec_hash": "00000000000000000000000000000000000000000000000000",
              "spec_version": "1",
              "uuid": "ff7e4e69-fab2-4d7b-b6a7-0f62451ab096"
            },
            "name": "AMH_TF_CentOS7",
            "owner_reference": {
              "kind": "user",
              "name": "admin",
              "uuid": "00000000-0000-0000-0000-000000000000"
            },
            "project_reference": null,
            "retrieval_uri_list": [
              "https://127.0.0.1:9440/api/nutanix/v3/images/ff7e4e69-fab2-4d7b-b6a7-0f62451ab096/file"
            ],
            "size_bytes": -2147483648,
            "source_path": null,
            "source_uri": "http://10.42.194.11/workshop_staging/CentOS7.qcow2",
            "state": "COMPLETE",
            "timeouts": null,
            "version": {}
          },
          "sensitive_attributes": [],
          "private": "eyJlMmJmYjczMC1lY2FhLTExZTYtOGY4OC0zNDM2M2JjN2M0YzAiOnsiY3JlYXRlIjozNjAwMDAwMDAwMDAwLCJkZWxldGUiOjM2MDAwMDAwMDAwMDAsInVwZGF0ZSI6MzYwMDAwMDAwMDAwMH0sInNjaGVtYV92ZXJzaW9uIjoiMSJ9"
        }
      ]
    }
  ]
}
