{
  "version": 4,
  "terraform_version": "1.2.6",
  "serial": 72,
  "lineage": "a6a2d4e7-94f4-6f79-9c5b-184ecd2acf7f",
  "outputs": {},
  "resources": [
    {
      "mode": "data",
      "type": "nutanix_clusters",
      "name": "clusters",
      "provider": "provider[\"registry.terraform.io/nutanix/nutanix\"]",
      "instances": [
        {
          "schema_version": 0,
          "attributes": {
            "api_version": "3.1",
            "entities": [
              {
                "analysis_vm_efficiency_map": {
                  "bully_vm_num": "0",
                  "constrained_vm_num": "0",
                  "dead_vm_num": "0",
                  "inefficient_vm_num": "0",
                  "overprovisioned_vm_num": "0"
                },
                "api_version": "",
                "authorized_public_key_list": [],
                "build": {
                  "build_type": "release",
                  "commit_date": "",
                  "commit_id": "1b36e17dfc9b2542fb42bf59d8796e24249c5195",
                  "full_version": "el7.3-release-euphrates-5.20.3-stable-1b36e17dfc9b2542fb42bf59d8796e24249c5195",
                  "short_commit_id": "1b36e1",
                  "version": "5.20.3"
                },
                "ca_certificate_list": [],
                "categories": [],
                "certification_signing_info": {},
                "client_auth": {},
                "cluster_arch": "X86_64",
                "domain_server_credentials": {},
                "domain_server_name": "",
                "domain_server_nameserver": "",
                "enabled_feature_list": [
                  "PASSWORD_REMOTE_LOGIN_ENABLED",
                  "SHADOW_CLONES_ENABLED"
                ],
                "encryption_status": "NOT_SUPPORTED",
                "external_data_services_ip": "10.42.16.38",
                "external_ip": "10.42.16.37",
                "external_subnet": "10.42.16.0/255.255.255.128",
                "gpu_driver_version": "",
                "http_proxy_list": [],
                "http_proxy_whitelist": [],
                "internal_subnet": "192.168.5.0/255.255.255.128",
                "is_available": true,
                "management_server_list": [],
                "masquerading_ip": "",
                "masquerading_port": 0,
                "metadata": {
                  "creation_time": "2022-08-15 12:23:24 +0000 UTC",
                  "last_update_time": "2022-08-15 12:23:24 +0000 UTC",
                  "name": "",
                  "spec_hash": "",
                  "spec_version": "1",
                  "uuid": "0005e645-6227-0132-0000-00000000d1ac"
                },
                "name": "PHX-POC016",
                "name_server_ip_list": [
                  "10.42.16.41"
                ],
                "nfs_subnet_whitelist": [],
                "nodes": [
                  {
                    "ip": "10.42.16.25",
                    "type": "AHV",
                    "version": "el7.nutanix.20201105.2244"
                  },
                  {
                    "ip": "127.0.0.1",
                    "type": "AHV",
                    "version": ""
                  },
                  {
                    "ip": "10.42.16.28",
                    "type": "AHV",
                    "version": "el7.nutanix.20201105.2244"
                  },
                  {
                    "ip": "10.42.16.27",
                    "type": "AHV",
                    "version": "el7.nutanix.20201105.2244"
                  },
                  {
                    "ip": "10.42.16.26",
                    "type": "AHV",
                    "version": "el7.nutanix.20201105.2244"
                  }
                ],
                "ntp_server_ip_list": [
                  "10.42.16.41"
                ],
                "operation_mode": "NORMAL",
                "owner_reference": {},
                "project_reference": {},
                "service_list": [
                  "AOS"
                ],
                "smtp_server_address": {
                  "fqdn": "smtp.sendgrid.net",
                  "ip": "",
                  "ipv6": "",
                  "port": "587"
                },
                "smtp_server_credentials": {
                  "password": "",
                  "username": "apikey"
                },
                "smtp_server_email_address": "noreply@nutanix.com",
                "smtp_server_proxy_type_list": [],
                "smtp_server_type": "STARTTLS",
                "software_map_ncc": {
                  "software_type": "NCC",
                  "status": "INSTALLED",
                  "version": "ncc-4.6.0"
                },
                "software_map_nos": {
                  "software_type": "NOS",
                  "status": "INSTALLED",
                  "version": "5.20.3"
                },
                "ssl_key_expire_datetime": "",
                "ssl_key_name": "",
                "ssl_key_signing_info": {},
                "ssl_key_type": "",
                "state": "COMPLETE",
                "supported_information_verbosity": "BASIC_PLUS_CORE_DUMP",
                "timezone": "UTC"
              },
              {
                "analysis_vm_efficiency_map": {},
                "api_version": "",
                "authorized_public_key_list": [],
                "build": {
                  "build_type": "release",
                  "commit_date": "2021-12-20T05:12:26Z",
                  "commit_id": "cf556bdc215217bdfd89e6e9e5ea04919830af4e",
                  "full_version": "el7.3-release-fraser-6.0-stable-pc-3.4-cf556bdc215217bdfd89e6e9e5ea04919830af4e",
                  "short_commit_id": "cf556b",
                  "version": "pc"
                },
                "ca_certificate_list": [],
                "categories": [],
                "certification_signing_info": {},
                "client_auth": {},
                "cluster_arch": "X86_64",
                "domain_server_credentials": {},
                "domain_server_name": "",
                "domain_server_nameserver": "",
                "enabled_feature_list": [
                  "PASSWORD_REMOTE_LOGIN_ENABLED",
                  "SHADOW_CLONES_ENABLED"
                ],
                "encryption_status": "NOT_SUPPORTED",
                "external_data_services_ip": "",
                "external_ip": "",
                "external_subnet": "10.42.16.0/255.255.255.128",
                "gpu_driver_version": "",
                "http_proxy_list": [],
                "http_proxy_whitelist": [],
                "internal_subnet": "10.42.16.0/255.255.255.128",
                "is_available": true,
                "management_server_list": [],
                "masquerading_ip": "",
                "masquerading_port": 0,
                "metadata": {
                  "creation_time": "2022-08-15 12:13:24 +0000 UTC",
                  "last_update_time": "2022-08-15 12:13:24 +0000 UTC",
                  "name": "",
                  "spec_hash": "",
                  "spec_version": "3",
                  "uuid": "2fc5f390-c820-4c58-87d8-5804cf3e8127"
                },
                "name": "Unnamed",
                "name_server_ip_list": [
                  "10.42.16.41"
                ],
                "nfs_subnet_whitelist": [],
                "nodes": [],
                "ntp_server_ip_list": [
                  "10.42.16.41"
                ],
                "operation_mode": "NORMAL",
                "owner_reference": {},
                "project_reference": {},
                "service_list": [
                  "PRISM_CENTRAL"
                ],
                "smtp_server_address": {
                  "fqdn": "smtp.sendgrid.net",
                  "ip": "",
                  "ipv6": "",
                  "port": "587"
                },
                "smtp_server_credentials": {
                  "password": "",
                  "username": "apikey"
                },
                "smtp_server_email_address": "noreply@nutanix.com",
                "smtp_server_proxy_type_list": [],
                "smtp_server_type": "STARTTLS",
                "software_map_ncc": {
                  "software_type": "NCC",
                  "status": "INSTALLED",
                  "version": "ncc-4.3.0"
                },
                "software_map_nos": {
                  "software_type": "NOS",
                  "status": "INSTALLED",
                  "version": "6.0"
                },
                "ssl_key_expire_datetime": "",
                "ssl_key_name": "",
                "ssl_key_signing_info": {},
                "ssl_key_type": "",
                "state": "COMPLETE",
                "supported_information_verbosity": "",
                "timezone": "America/Los_Angeles"
              }
            ],
            "id": "terraform-20220816194620183900000001"
          },
          "sensitive_attributes": []
        }
      ]
    },
    {
      "mode": "data",
      "type": "nutanix_subnet",
      "name": "Primary",
      "provider": "provider[\"registry.terraform.io/nutanix/nutanix\"]",
      "instances": [
        {
          "schema_version": 0,
          "attributes": {
            "additional_filter": null,
            "api_version": "",
            "availability_zone_reference": {},
            "categories": [],
            "cluster_name": "PHX-POC016",
            "cluster_uuid": "0005e645-6227-0132-0000-00000000d1ac",
            "default_gateway_ip": "10.42.16.1",
            "description": "",
            "dhcp_domain_name_server_list": [
              "10.42.16.41"
            ],
            "dhcp_domain_search_list": [],
            "dhcp_options": {
              "boot_file_name": "",
              "domain_name": "",
              "tftp_server_name": ""
            },
            "dhcp_server_address": {
              "fqdn": "",
              "ip": "10.42.16.126",
              "ipv6": ""
            },
            "dhcp_server_address_port": 0,
            "enable_nat": false,
            "id": "0b4e9c1b-9441-47cf-a676-7fcee6a9bf20",
            "ip_config_pool_list_ranges": [
              "10.42.16.47 10.42.16.125"
            ],
            "is_external": false,
            "message_list": null,
            "metadata": {
              "creation_time": "2022-08-15 12:41:39 +0000 UTC",
              "last_update_time": "2022-08-15 12:41:39 +0000 UTC",
              "name": "",
              "spec_hash": "",
              "spec_version": "0",
              "uuid": "0b4e9c1b-9441-47cf-a676-7fcee6a9bf20"
            },
            "name": "Primary",
            "network_function_chain_reference": {},
            "owner_reference": {},
            "prefix_length": 25,
            "project_reference": {},
            "state": "COMPLETE",
            "subnet_id": null,
            "subnet_ip": "10.42.16.0",
            "subnet_name": "Primary",
            "subnet_type": "VLAN",
            "vlan_id": 0,
            "vpc_reference": {},
            "vswitch_name": "br0"
          },
          "sensitive_attributes": []
        }
      ]
    },
    {
      "mode": "managed",
      "type": "nutanix_image",
      "name": "TH_TF_CentOS7",
      "provider": "provider[\"registry.terraform.io/nutanix/nutanix\"]",
      "instances": [
        {
          "schema_version": 1,
          "attributes": {
            "api_version": "3.1",
            "architecture": null,
            "availability_zone_reference": {},
            "categories": [],
            "checksum": {},
            "cluster_name": null,
            "cluster_references": [],
            "cluster_uuid": null,
            "current_cluster_reference_list": [
              {
                "kind": "cluster",
                "name": "",
                "uuid": "0005e645-6227-0132-0000-00000000d1ac"
              }
            ],
            "description": "TH_TF_CentOS7 qcow image",
            "id": "9b19bdbe-c7f9-4b24-a562-954801890934",
            "image_type": "DISK_IMAGE",
            "metadata": {
              "creation_time": "2022-08-16 19:46:21 +0000 UTC",
              "last_update_time": "2022-08-16 19:48:05 +0000 UTC",
              "name": "",
              "spec_hash": "",
              "spec_version": "1",
              "uuid": "9b19bdbe-c7f9-4b24-a562-954801890934"
            },
            "name": "TH_TF_CentOS7",
            "owner_reference": {
              "kind": "user",
              "name": "admin",
              "uuid": "00000000-0000-0000-0000-000000000000"
            },
            "project_reference": null,
            "retrieval_uri_list": [
              "https://127.0.0.1:9440/api/nutanix/v3/images/9b19bdbe-c7f9-4b24-a562-954801890934/file"
            ],
            "size_bytes": -2147483648,
            "source_path": null,
            "source_uri": "http://10.42.194.11/workshop_staging/CentOS7.qcow2",
            "state": "COMPLETE",
            "timeouts": null,
            "version": {}
          },
          "sensitive_attributes": [],
          "private": "eyJlMmJmYjczMC1lY2FhLTExZTYtOGY4OC0zNDM2M2JjN2M0YzAiOnsiY3JlYXRlIjozNjAwMDAwMDAwMDAwLCJkZWxldGUiOjM2MDAwMDAwMDAwMDAsInVwZGF0ZSI6MzYwMDAwMDAwMDAwMH0sInNjaGVtYV92ZXJzaW9uIjoiMSJ9"
        }
      ]
    },
    {
      "module": "module.vms_in_security_policy",
      "mode": "data",
      "type": "nutanix_category_key",
      "name": "AppTierKey",
      "provider": "provider[\"registry.terraform.io/nutanix/nutanix\"]",
      "instances": [
        {
          "schema_version": 0,
          "attributes": {
            "api_version": "",
            "description": "Application tier.",
            "id": "AppTier",
            "name": "AppTier",
            "system_defined": true,
            "values": [
              "Default"
            ]
          },
          "sensitive_attributes": []
        }
      ]
    },
    {
      "module": "module.vms_in_security_policy",
      "mode": "data",
      "type": "nutanix_category_key",
      "name": "AppTypeKey",
      "provider": "provider[\"registry.terraform.io/nutanix/nutanix\"]",
      "instances": [
        {
          "schema_version": 0,
          "attributes": {
            "api_version": "",
            "description": "Application type.",
            "id": "AppType",
            "name": "AppType",
            "system_defined": true,
            "values": [
              "Default",
              "Hadoop",
              "Oracle_DB",
              "Microsoft_SQL",
              "Apache_Spark",
              "Exchange",
              "Kubernetes",
              "Git_Server",
              "Inventory",
              "Employee_Payroll"
            ]
          },
          "sensitive_attributes": []
        }
      ]
    },
    {
      "module": "module.vms_in_security_policy",
      "mode": "managed",
      "type": "nutanix_category_value",
      "name": "TH_TF_Secure_AppTier_Desktop",
      "provider": "provider[\"registry.terraform.io/nutanix/nutanix\"]",
      "instances": [
        {
          "schema_version": 0,
          "attributes": {
            "api_version": "",
            "description": "",
            "id": "TH_TF_Secure_AppTier_Desktop",
            "name": "AppTier",
            "system_defined": false,
            "value": "TH_TF_Secure_AppTier_Desktop"
          },
          "sensitive_attributes": [],
          "private": "bnVsbA==",
          "dependencies": [
            "module.vms_in_security_policy.data.nutanix_category_key.AppTierKey"
          ]
        }
      ]
    },
    {
      "module": "module.vms_in_security_policy",
      "mode": "managed",
      "type": "nutanix_category_value",
      "name": "TH_TF_Secure_AppType_Desktop",
      "provider": "provider[\"registry.terraform.io/nutanix/nutanix\"]",
      "instances": [
        {
          "schema_version": 0,
          "attributes": {
            "api_version": "",
            "description": "",
            "id": "TH_TF_Secure_AppType_Desktop",
            "name": "AppType",
            "system_defined": false,
            "value": "TH_TF_Secure_AppType_Desktop"
          },
          "sensitive_attributes": [],
          "private": "bnVsbA==",
          "dependencies": [
            "module.vms_in_security_policy.data.nutanix_category_key.AppTypeKey"
          ]
        }
      ]
    },
    {
      "module": "module.vms_in_security_policy",
      "mode": "managed",
      "type": "nutanix_virtual_machine",
      "name": "TH_TF_Security_Policy_vm",
      "provider": "provider[\"registry.terraform.io/nutanix/nutanix\"]",
      "instances": [
        {
          "index_key": 0,
          "schema_version": 1,
          "attributes": {
            "api_version": "3.1",
            "availability_zone_reference": {},
            "boot_device_disk_address": {},
            "boot_device_mac_address": "",
            "boot_device_order_list": [],
            "boot_type": "",
            "categories": [
              {
                "name": "AppTier",
                "value": "TH_TF_Secure_AppTier_Desktop"
              },
              {
                "name": "AppType",
                "value": "TH_TF_Secure_AppType_Desktop"
              }
            ],
            "cloud_init_cdrom_uuid": "",
            "cluster_name": "PHX-POC016",
            "cluster_uuid": "0005e645-6227-0132-0000-00000000d1ac",
            "description": "Tony Hughes Terraform Security Policy VM",
            "disk_list": [
              {
                "data_source_reference": {
                  "kind": "image",
                  "uuid": "9b19bdbe-c7f9-4b24-a562-954801890934"
                },
                "device_properties": [
                  {
                    "device_type": "DISK",
                    "disk_address": {
                      "adapter_type": "SCSI",
                      "device_index": "0"
                    }
                  }
                ],
                "disk_size_bytes": -2147483648,
                "disk_size_mib": 10240,
                "storage_config": [
                  {
                    "flash_mode": "",
                    "storage_container_reference": [
                      {
                        "kind": "storage_container",
                        "name": "SelfServiceContainer",
                        "url": "",
                        "uuid": "75630569-3c19-44e2-938c-3e801f58379a"
                      }
                    ]
                  }
                ],
                "uuid": "e08aa130-b3a7-4546-808e-3f1f28547903",
                "volume_group_reference": {}
              }
            ],
            "enable_cpu_passthrough": false,
            "enable_script_exec": false,
            "gpu_list": [],
            "guest_customization_cloud_init_custom_key_values": {},
            "guest_customization_cloud_init_meta_data": "",
            "guest_customization_cloud_init_user_data": "",
            "guest_customization_is_overridable": false,
            "guest_customization_sysprep": {},
            "guest_customization_sysprep_custom_key_values": {},
            "guest_os_id": "",
            "hardware_clock_timezone": "UTC",
            "host_reference": {
              "kind": "host",
              "name": "10.42.16.25",
              "uuid": "74e399f2-5e6b-4e3d-a27c-ee293550148c"
            },
            "hypervisor_type": null,
            "id": "56dff74d-9b6e-4935-9d4c-fc4019500091",
            "is_vcpu_hard_pinned": false,
            "machine_type": "PC",
            "memory_size_mib": 4096,
            "metadata": {
              "creation_time": "2022-08-16 19:48:08 +0000 UTC",
              "last_update_time": "2022-08-16 19:48:08 +0000 UTC",
              "name": "",
              "spec_hash": "",
              "spec_version": "0",
              "uuid": "56dff74d-9b6e-4935-9d4c-fc4019500091"
            },
            "name": "TH_TF_Security_Policy_vm_0",
            "ngt_credentials": {},
            "ngt_enabled_capability_list": [],
            "nic_list": [
              {
                "ip_endpoint_list": [
                  {
                    "ip": "10.42.16.52",
                    "type": "ASSIGNED"
                  }
                ],
                "is_connected": "true",
                "mac_address": "50:6b:8d:c1:f4:ca",
                "model": "",
                "network_function_chain_reference": {},
                "network_function_nic_type": "",
                "nic_type": "NORMAL_NIC",
                "num_queues": 0,
                "subnet_name": "Primary",
                "subnet_uuid": "0b4e9c1b-9441-47cf-a676-7fcee6a9bf20",
                "uuid": "e6cf143c-c39e-4b82-89ec-3c9719b8a0b0"
              }
            ],
            "nic_list_status": [
              {
                "floating_ip": "",
                "ip_endpoint_list": [
                  {
                    "ip": "10.42.16.52",
                    "type": "ASSIGNED"
                  }
                ],
                "is_connected": "true",
                "mac_address": "50:6b:8d:c1:f4:ca",
                "model": "",
                "network_function_chain_reference": {},
                "network_function_nic_type": "",
                "nic_type": "NORMAL_NIC",
                "num_queues": 0,
                "subnet_name": "Primary",
                "subnet_uuid": "0b4e9c1b-9441-47cf-a676-7fcee6a9bf20",
                "uuid": "e6cf143c-c39e-4b82-89ec-3c9719b8a0b0"
              }
            ],
            "num_sockets": 1,
            "num_vcpus_per_socket": 2,
            "num_vnuma_nodes": 0,
            "nutanix_guest_tools": {},
            "owner_reference": {
              "kind": "user",
              "name": "admin",
              "uuid": "00000000-0000-0000-0000-000000000000"
            },
            "parent_reference": {},
            "power_state": "ON",
            "power_state_mechanism": "HARD",
            "project_reference": {
              "kind": "project",
              "name": "default",
              "uuid": "77b796b7-2911-4601-b839-be87bd89d999"
            },
            "serial_port_list": [],
            "should_fail_on_script_failure": false,
            "state": "COMPLETE",
            "timeouts": null,
            "use_hot_add": true,
            "vga_console_enabled": true
          },
          "sensitive_attributes": [],
          "private": "eyJlMmJmYjczMC1lY2FhLTExZTYtOGY4OC0zNDM2M2JjN2M0YzAiOnsiY3JlYXRlIjozNjAwMDAwMDAwMDAwLCJkZWxldGUiOjM2MDAwMDAwMDAwMDAsInVwZGF0ZSI6MzYwMDAwMDAwMDAwMH0sInNjaGVtYV92ZXJzaW9uIjoiMSJ9",
          "dependencies": [
            "data.nutanix_clusters.clusters",
            "data.nutanix_subnet.Primary",
            "module.vms_in_security_policy.data.nutanix_category_key.AppTierKey",
            "module.vms_in_security_policy.data.nutanix_category_key.AppTypeKey",
            "module.vms_in_security_policy.nutanix_category_value.TH_TF_Secure_AppTier_Desktop",
            "module.vms_in_security_policy.nutanix_category_value.TH_TF_Secure_AppType_Desktop",
            "nutanix_image.TH_TF_CentOS7"
          ]
        },
        {
          "index_key": 1,
          "schema_version": 1,
          "attributes": {
            "api_version": "3.1",
            "availability_zone_reference": {},
            "boot_device_disk_address": {},
            "boot_device_mac_address": "",
            "boot_device_order_list": [],
            "boot_type": "",
            "categories": [
              {
                "name": "AppTier",
                "value": "TH_TF_Secure_AppTier_Desktop"
              },
              {
                "name": "AppType",
                "value": "TH_TF_Secure_AppType_Desktop"
              }
            ],
            "cloud_init_cdrom_uuid": "",
            "cluster_name": "PHX-POC016",
            "cluster_uuid": "0005e645-6227-0132-0000-00000000d1ac",
            "description": "Tony Hughes Terraform Security Policy VM",
            "disk_list": [
              {
                "data_source_reference": {
                  "kind": "image",
                  "uuid": "9b19bdbe-c7f9-4b24-a562-954801890934"
                },
                "device_properties": [
                  {
                    "device_type": "DISK",
                    "disk_address": {
                      "adapter_type": "SCSI",
                      "device_index": "0"
                    }
                  }
                ],
                "disk_size_bytes": -2147483648,
                "disk_size_mib": 10240,
                "storage_config": [
                  {
                    "flash_mode": "",
                    "storage_container_reference": [
                      {
                        "kind": "storage_container",
                        "name": "SelfServiceContainer",
                        "url": "",
                        "uuid": "75630569-3c19-44e2-938c-3e801f58379a"
                      }
                    ]
                  }
                ],
                "uuid": "98d0e095-369d-4754-bb3c-9ed1f93b269a",
                "volume_group_reference": {}
              }
            ],
            "enable_cpu_passthrough": false,
            "enable_script_exec": false,
            "gpu_list": [],
            "guest_customization_cloud_init_custom_key_values": {},
            "guest_customization_cloud_init_meta_data": "",
            "guest_customization_cloud_init_user_data": "",
            "guest_customization_is_overridable": false,
            "guest_customization_sysprep": {},
            "guest_customization_sysprep_custom_key_values": {},
            "guest_os_id": "",
            "hardware_clock_timezone": "UTC",
            "host_reference": {
              "kind": "host",
              "uuid": "74e399f2-5e6b-4e3d-a27c-ee293550148c"
            },
            "hypervisor_type": null,
            "id": "bcf45d4d-50c5-42a4-a89a-dacc84752b0f",
            "is_vcpu_hard_pinned": false,
            "machine_type": "PC",
            "memory_size_mib": 4096,
            "metadata": {
              "creation_time": "2022-08-16 19:48:10 +0000 UTC",
              "last_update_time": "2022-08-16 19:48:10 +0000 UTC",
              "name": "",
              "spec_hash": "",
              "spec_version": "0",
              "uuid": "bcf45d4d-50c5-42a4-a89a-dacc84752b0f"
            },
            "name": "TH_TF_Security_Policy_vm_1",
            "ngt_credentials": {},
            "ngt_enabled_capability_list": [],
            "nic_list": [
              {
                "ip_endpoint_list": [
                  {
                    "ip": "10.42.16.110",
                    "type": "ASSIGNED"
                  }
                ],
                "is_connected": "true",
                "mac_address": "50:6b:8d:ce:3a:55",
                "model": "",
                "network_function_chain_reference": {},
                "network_function_nic_type": "",
                "nic_type": "NORMAL_NIC",
                "num_queues": 0,
                "subnet_name": "Primary",
                "subnet_uuid": "0b4e9c1b-9441-47cf-a676-7fcee6a9bf20",
                "uuid": "ea31229b-59da-4236-8f08-c8cef905ba45"
              }
            ],
            "nic_list_status": [
              {
                "floating_ip": "",
                "ip_endpoint_list": [
                  {
                    "ip": "10.42.16.110",
                    "type": "ASSIGNED"
                  }
                ],
                "is_connected": "true",
                "mac_address": "50:6b:8d:ce:3a:55",
                "model": "",
                "network_function_chain_reference": {},
                "network_function_nic_type": "",
                "nic_type": "NORMAL_NIC",
                "num_queues": 0,
                "subnet_name": "Primary",
                "subnet_uuid": "0b4e9c1b-9441-47cf-a676-7fcee6a9bf20",
                "uuid": "ea31229b-59da-4236-8f08-c8cef905ba45"
              }
            ],
            "num_sockets": 1,
            "num_vcpus_per_socket": 2,
            "num_vnuma_nodes": 0,
            "nutanix_guest_tools": {},
            "owner_reference": {
              "kind": "user",
              "name": "admin",
              "uuid": "00000000-0000-0000-0000-000000000000"
            },
            "parent_reference": {},
            "power_state": "ON",
            "power_state_mechanism": "HARD",
            "project_reference": {
              "kind": "project",
              "name": "default",
              "uuid": "77b796b7-2911-4601-b839-be87bd89d999"
            },
            "serial_port_list": [],
            "should_fail_on_script_failure": false,
            "state": "COMPLETE",
            "timeouts": null,
            "use_hot_add": true,
            "vga_console_enabled": true
          },
          "sensitive_attributes": [],
          "private": "eyJlMmJmYjczMC1lY2FhLTExZTYtOGY4OC0zNDM2M2JjN2M0YzAiOnsiY3JlYXRlIjozNjAwMDAwMDAwMDAwLCJkZWxldGUiOjM2MDAwMDAwMDAwMDAsInVwZGF0ZSI6MzYwMDAwMDAwMDAwMH0sInNjaGVtYV92ZXJzaW9uIjoiMSJ9",
          "dependencies": [
            "data.nutanix_clusters.clusters",
            "data.nutanix_subnet.Primary",
            "module.vms_in_security_policy.data.nutanix_category_key.AppTierKey",
            "module.vms_in_security_policy.data.nutanix_category_key.AppTypeKey",
            "module.vms_in_security_policy.nutanix_category_value.TH_TF_Secure_AppTier_Desktop",
            "module.vms_in_security_policy.nutanix_category_value.TH_TF_Secure_AppType_Desktop",
            "nutanix_image.TH_TF_CentOS7"
          ]
        },
        {
          "index_key": 2,
          "schema_version": 1,
          "attributes": {
            "api_version": "3.1",
            "availability_zone_reference": {},
            "boot_device_disk_address": {},
            "boot_device_mac_address": "",
            "boot_device_order_list": [],
            "boot_type": "",
            "categories": [
              {
                "name": "AppTier",
                "value": "TH_TF_Secure_AppTier_Desktop"
              },
              {
                "name": "AppType",
                "value": "TH_TF_Secure_AppType_Desktop"
              }
            ],
            "cloud_init_cdrom_uuid": "",
            "cluster_name": "",
            "cluster_uuid": "0005e645-6227-0132-0000-00000000d1ac",
            "description": "Tony Hughes Terraform Security Policy VM",
            "disk_list": [
              {
                "data_source_reference": {
                  "kind": "image",
                  "uuid": "9b19bdbe-c7f9-4b24-a562-954801890934"
                },
                "device_properties": [
                  {
                    "device_type": "DISK",
                    "disk_address": {
                      "adapter_type": "SCSI",
                      "device_index": "0"
                    }
                  }
                ],
                "disk_size_bytes": -2147483648,
                "disk_size_mib": 10240,
                "storage_config": [
                  {
                    "flash_mode": "",
                    "storage_container_reference": [
                      {
                        "kind": "storage_container",
                        "name": "SelfServiceContainer",
                        "url": "",
                        "uuid": "75630569-3c19-44e2-938c-3e801f58379a"
                      }
                    ]
                  }
                ],
                "uuid": "cac26d13-1328-41dd-887d-507085a9cedf",
                "volume_group_reference": {}
              }
            ],
            "enable_cpu_passthrough": false,
            "enable_script_exec": false,
            "gpu_list": [],
            "guest_customization_cloud_init_custom_key_values": {},
            "guest_customization_cloud_init_meta_data": "",
            "guest_customization_cloud_init_user_data": "",
            "guest_customization_is_overridable": false,
            "guest_customization_sysprep": {},
            "guest_customization_sysprep_custom_key_values": {},
            "guest_os_id": "",
            "hardware_clock_timezone": "UTC",
            "host_reference": {
              "kind": "host",
              "uuid": "74e399f2-5e6b-4e3d-a27c-ee293550148c"
            },
            "hypervisor_type": null,
            "id": "46533644-76c3-4a55-9c5a-61215d9b4d5c",
            "is_vcpu_hard_pinned": false,
            "machine_type": "PC",
            "memory_size_mib": 4096,
            "metadata": {
              "creation_time": "2022-08-16 19:48:10 +0000 UTC",
              "last_update_time": "2022-08-16 19:48:10 +0000 UTC",
              "name": "",
              "spec_hash": "",
              "spec_version": "0",
              "uuid": "46533644-76c3-4a55-9c5a-61215d9b4d5c"
            },
            "name": "TH_TF_Security_Policy_vm_2",
            "ngt_credentials": {},
            "ngt_enabled_capability_list": [],
            "nic_list": [
              {
                "ip_endpoint_list": [
                  {
                    "ip": "10.42.16.118",
                    "type": "ASSIGNED"
                  }
                ],
                "is_connected": "true",
                "mac_address": "50:6b:8d:f4:60:47",
                "model": "",
                "network_function_chain_reference": {},
                "network_function_nic_type": "",
                "nic_type": "NORMAL_NIC",
                "num_queues": 0,
                "subnet_name": "Primary",
                "subnet_uuid": "0b4e9c1b-9441-47cf-a676-7fcee6a9bf20",
                "uuid": "984d09e4-0623-4a06-971c-bc29aaa2788f"
              }
            ],
            "nic_list_status": [
              {
                "floating_ip": "",
                "ip_endpoint_list": [
                  {
                    "ip": "10.42.16.118",
                    "type": "ASSIGNED"
                  }
                ],
                "is_connected": "true",
                "mac_address": "50:6b:8d:f4:60:47",
                "model": "",
                "network_function_chain_reference": {},
                "network_function_nic_type": "",
                "nic_type": "NORMAL_NIC",
                "num_queues": 0,
                "subnet_name": "Primary",
                "subnet_uuid": "0b4e9c1b-9441-47cf-a676-7fcee6a9bf20",
                "uuid": "984d09e4-0623-4a06-971c-bc29aaa2788f"
              }
            ],
            "num_sockets": 1,
            "num_vcpus_per_socket": 2,
            "num_vnuma_nodes": 0,
            "nutanix_guest_tools": {},
            "owner_reference": {
              "kind": "user",
              "name": "admin",
              "uuid": "00000000-0000-0000-0000-000000000000"
            },
            "parent_reference": {},
            "power_state": "ON",
            "power_state_mechanism": "HARD",
            "project_reference": {
              "kind": "project",
              "name": "default",
              "uuid": "77b796b7-2911-4601-b839-be87bd89d999"
            },
            "serial_port_list": [],
            "should_fail_on_script_failure": false,
            "state": "COMPLETE",
            "timeouts": null,
            "use_hot_add": true,
            "vga_console_enabled": true
          },
          "sensitive_attributes": [],
          "private": "eyJlMmJmYjczMC1lY2FhLTExZTYtOGY4OC0zNDM2M2JjN2M0YzAiOnsiY3JlYXRlIjozNjAwMDAwMDAwMDAwLCJkZWxldGUiOjM2MDAwMDAwMDAwMDAsInVwZGF0ZSI6MzYwMDAwMDAwMDAwMH0sInNjaGVtYV92ZXJzaW9uIjoiMSJ9",
          "dependencies": [
            "data.nutanix_clusters.clusters",
            "data.nutanix_subnet.Primary",
            "module.vms_in_security_policy.data.nutanix_category_key.AppTierKey",
            "module.vms_in_security_policy.data.nutanix_category_key.AppTypeKey",
            "module.vms_in_security_policy.nutanix_category_value.TH_TF_Secure_AppTier_Desktop",
            "module.vms_in_security_policy.nutanix_category_value.TH_TF_Secure_AppType_Desktop",
            "nutanix_image.TH_TF_CentOS7"
          ]
        },
        {
          "index_key": 3,
          "schema_version": 1,
          "attributes": {
            "api_version": "3.1",
            "availability_zone_reference": {},
            "boot_device_disk_address": {},
            "boot_device_mac_address": "",
            "boot_device_order_list": [],
            "boot_type": "",
            "categories": [
              {
                "name": "AppTier",
                "value": "TH_TF_Secure_AppTier_Desktop"
              },
              {
                "name": "AppType",
                "value": "TH_TF_Secure_AppType_Desktop"
              }
            ],
            "cloud_init_cdrom_uuid": "",
            "cluster_name": "PHX-POC016",
            "cluster_uuid": "0005e645-6227-0132-0000-00000000d1ac",
            "description": "Tony Hughes Terraform Security Policy VM",
            "disk_list": [
              {
                "data_source_reference": {
                  "kind": "image",
                  "uuid": "9b19bdbe-c7f9-4b24-a562-954801890934"
                },
                "device_properties": [
                  {
                    "device_type": "DISK",
                    "disk_address": {
                      "adapter_type": "SCSI",
                      "device_index": "0"
                    }
                  }
                ],
                "disk_size_bytes": -2147483648,
                "disk_size_mib": 10240,
                "storage_config": [
                  {
                    "flash_mode": "",
                    "storage_container_reference": [
                      {
                        "kind": "storage_container",
                        "name": "SelfServiceContainer",
                        "url": "",
                        "uuid": "75630569-3c19-44e2-938c-3e801f58379a"
                      }
                    ]
                  }
                ],
                "uuid": "5aea758f-552e-45a8-a5ef-989b5cc083b2",
                "volume_group_reference": {}
              }
            ],
            "enable_cpu_passthrough": false,
            "enable_script_exec": false,
            "gpu_list": [],
            "guest_customization_cloud_init_custom_key_values": {},
            "guest_customization_cloud_init_meta_data": "",
            "guest_customization_cloud_init_user_data": "",
            "guest_customization_is_overridable": false,
            "guest_customization_sysprep": {},
            "guest_customization_sysprep_custom_key_values": {},
            "guest_os_id": "",
            "hardware_clock_timezone": "UTC",
            "host_reference": {
              "kind": "host",
              "uuid": "b0f1eb28-5fbe-4903-b579-dbd8a79e6352"
            },
            "hypervisor_type": null,
            "id": "58d244c0-86c9-48d5-b42a-f5a2e534cda5",
            "is_vcpu_hard_pinned": false,
            "machine_type": "PC",
            "memory_size_mib": 4096,
            "metadata": {
              "creation_time": "2022-08-16 19:48:10 +0000 UTC",
              "last_update_time": "2022-08-16 19:48:10 +0000 UTC",
              "name": "",
              "spec_hash": "",
              "spec_version": "0",
              "uuid": "58d244c0-86c9-48d5-b42a-f5a2e534cda5"
            },
            "name": "TH_TF_Security_Policy_vm_3",
            "ngt_credentials": {},
            "ngt_enabled_capability_list": [],
            "nic_list": [
              {
                "ip_endpoint_list": [
                  {
                    "ip": "10.42.16.81",
                    "type": "ASSIGNED"
                  }
                ],
                "is_connected": "true",
                "mac_address": "50:6b:8d:8e:e8:29",
                "model": "",
                "network_function_chain_reference": {},
                "network_function_nic_type": "",
                "nic_type": "NORMAL_NIC",
                "num_queues": 0,
                "subnet_name": "Primary",
                "subnet_uuid": "0b4e9c1b-9441-47cf-a676-7fcee6a9bf20",
                "uuid": "bdc88b23-2371-48f1-88b7-90a150c798bd"
              }
            ],
            "nic_list_status": [
              {
                "floating_ip": "",
                "ip_endpoint_list": [
                  {
                    "ip": "10.42.16.81",
                    "type": "ASSIGNED"
                  }
                ],
                "is_connected": "true",
                "mac_address": "50:6b:8d:8e:e8:29",
                "model": "",
                "network_function_chain_reference": {},
                "network_function_nic_type": "",
                "nic_type": "NORMAL_NIC",
                "num_queues": 0,
                "subnet_name": "Primary",
                "subnet_uuid": "0b4e9c1b-9441-47cf-a676-7fcee6a9bf20",
                "uuid": "bdc88b23-2371-48f1-88b7-90a150c798bd"
              }
            ],
            "num_sockets": 1,
            "num_vcpus_per_socket": 2,
            "num_vnuma_nodes": 0,
            "nutanix_guest_tools": {},
            "owner_reference": {
              "kind": "user",
              "name": "admin",
              "uuid": "00000000-0000-0000-0000-000000000000"
            },
            "parent_reference": {},
            "power_state": "ON",
            "power_state_mechanism": "HARD",
            "project_reference": {
              "kind": "project",
              "name": "default",
              "uuid": "77b796b7-2911-4601-b839-be87bd89d999"
            },
            "serial_port_list": [],
            "should_fail_on_script_failure": false,
            "state": "COMPLETE",
            "timeouts": null,
            "use_hot_add": true,
            "vga_console_enabled": true
          },
          "sensitive_attributes": [],
          "private": "eyJlMmJmYjczMC1lY2FhLTExZTYtOGY4OC0zNDM2M2JjN2M0YzAiOnsiY3JlYXRlIjozNjAwMDAwMDAwMDAwLCJkZWxldGUiOjM2MDAwMDAwMDAwMDAsInVwZGF0ZSI6MzYwMDAwMDAwMDAwMH0sInNjaGVtYV92ZXJzaW9uIjoiMSJ9",
          "dependencies": [
            "data.nutanix_clusters.clusters",
            "data.nutanix_subnet.Primary",
            "module.vms_in_security_policy.data.nutanix_category_key.AppTierKey",
            "module.vms_in_security_policy.data.nutanix_category_key.AppTypeKey",
            "module.vms_in_security_policy.nutanix_category_value.TH_TF_Secure_AppTier_Desktop",
            "module.vms_in_security_policy.nutanix_category_value.TH_TF_Secure_AppType_Desktop",
            "nutanix_image.TH_TF_CentOS7"
          ]
        },
        {
          "index_key": 4,
          "schema_version": 1,
          "attributes": {
            "api_version": "3.1",
            "availability_zone_reference": {},
            "boot_device_disk_address": {},
            "boot_device_mac_address": "",
            "boot_device_order_list": [],
            "boot_type": "",
            "categories": [
              {
                "name": "AppTier",
                "value": "TH_TF_Secure_AppTier_Desktop"
              },
              {
                "name": "AppType",
                "value": "TH_TF_Secure_AppType_Desktop"
              }
            ],
            "cloud_init_cdrom_uuid": "",
            "cluster_name": "PHX-POC016",
            "cluster_uuid": "0005e645-6227-0132-0000-00000000d1ac",
            "description": "Tony Hughes Terraform Security Policy VM",
            "disk_list": [
              {
                "data_source_reference": {
                  "kind": "image",
                  "uuid": "9b19bdbe-c7f9-4b24-a562-954801890934"
                },
                "device_properties": [
                  {
                    "device_type": "DISK",
                    "disk_address": {
                      "adapter_type": "SCSI",
                      "device_index": "0"
                    }
                  }
                ],
                "disk_size_bytes": -2147483648,
                "disk_size_mib": 10240,
                "storage_config": [
                  {
                    "flash_mode": "",
                    "storage_container_reference": [
                      {
                        "kind": "storage_container",
                        "name": "SelfServiceContainer",
                        "url": "",
                        "uuid": "75630569-3c19-44e2-938c-3e801f58379a"
                      }
                    ]
                  }
                ],
                "uuid": "07b1348f-478d-40fd-bceb-3803734dd776",
                "volume_group_reference": {}
              }
            ],
            "enable_cpu_passthrough": false,
            "enable_script_exec": false,
            "gpu_list": [],
            "guest_customization_cloud_init_custom_key_values": {},
            "guest_customization_cloud_init_meta_data": "",
            "guest_customization_cloud_init_user_data": "",
            "guest_customization_is_overridable": false,
            "guest_customization_sysprep": {},
            "guest_customization_sysprep_custom_key_values": {},
            "guest_os_id": "",
            "hardware_clock_timezone": "UTC",
            "host_reference": {
              "kind": "host",
              "uuid": "74e399f2-5e6b-4e3d-a27c-ee293550148c"
            },
            "hypervisor_type": null,
            "id": "ee36c67e-3bed-4200-b2c7-92881df317b9",
            "is_vcpu_hard_pinned": false,
            "machine_type": "PC",
            "memory_size_mib": 4096,
            "metadata": {
              "creation_time": "2022-08-16 19:48:10 +0000 UTC",
              "last_update_time": "2022-08-16 19:48:10 +0000 UTC",
              "name": "",
              "spec_hash": "",
              "spec_version": "0",
              "uuid": "ee36c67e-3bed-4200-b2c7-92881df317b9"
            },
            "name": "TH_TF_Security_Policy_vm_4",
            "ngt_credentials": {},
            "ngt_enabled_capability_list": [],
            "nic_list": [
              {
                "ip_endpoint_list": [
                  {
                    "ip": "10.42.16.75",
                    "type": "ASSIGNED"
                  }
                ],
                "is_connected": "true",
                "mac_address": "50:6b:8d:8b:45:f0",
                "model": "",
                "network_function_chain_reference": {},
                "network_function_nic_type": "",
                "nic_type": "NORMAL_NIC",
                "num_queues": 0,
                "subnet_name": "Primary",
                "subnet_uuid": "0b4e9c1b-9441-47cf-a676-7fcee6a9bf20",
                "uuid": "487bea5f-db5a-4b34-bfee-ddc7248ff6ab"
              }
            ],
            "nic_list_status": [
              {
                "floating_ip": "",
                "ip_endpoint_list": [
                  {
                    "ip": "10.42.16.75",
                    "type": "ASSIGNED"
                  }
                ],
                "is_connected": "true",
                "mac_address": "50:6b:8d:8b:45:f0",
                "model": "",
                "network_function_chain_reference": {},
                "network_function_nic_type": "",
                "nic_type": "NORMAL_NIC",
                "num_queues": 0,
                "subnet_name": "Primary",
                "subnet_uuid": "0b4e9c1b-9441-47cf-a676-7fcee6a9bf20",
                "uuid": "487bea5f-db5a-4b34-bfee-ddc7248ff6ab"
              }
            ],
            "num_sockets": 1,
            "num_vcpus_per_socket": 2,
            "num_vnuma_nodes": 0,
            "nutanix_guest_tools": {},
            "owner_reference": {
              "kind": "user",
              "name": "admin",
              "uuid": "00000000-0000-0000-0000-000000000000"
            },
            "parent_reference": {},
            "power_state": "ON",
            "power_state_mechanism": "HARD",
            "project_reference": {
              "kind": "project",
              "name": "default",
              "uuid": "77b796b7-2911-4601-b839-be87bd89d999"
            },
            "serial_port_list": [],
            "should_fail_on_script_failure": false,
            "state": "COMPLETE",
            "timeouts": null,
            "use_hot_add": true,
            "vga_console_enabled": true
          },
          "sensitive_attributes": [],
          "private": "eyJlMmJmYjczMC1lY2FhLTExZTYtOGY4OC0zNDM2M2JjN2M0YzAiOnsiY3JlYXRlIjozNjAwMDAwMDAwMDAwLCJkZWxldGUiOjM2MDAwMDAwMDAwMDAsInVwZGF0ZSI6MzYwMDAwMDAwMDAwMH0sInNjaGVtYV92ZXJzaW9uIjoiMSJ9",
          "dependencies": [
            "data.nutanix_clusters.clusters",
            "data.nutanix_subnet.Primary",
            "module.vms_in_security_policy.data.nutanix_category_key.AppTierKey",
            "module.vms_in_security_policy.data.nutanix_category_key.AppTypeKey",
            "module.vms_in_security_policy.nutanix_category_value.TH_TF_Secure_AppTier_Desktop",
            "module.vms_in_security_policy.nutanix_category_value.TH_TF_Secure_AppType_Desktop",
            "nutanix_image.TH_TF_CentOS7"
          ]
        },
        {
          "index_key": 5,
          "schema_version": 1,
          "attributes": {
            "api_version": "3.1",
            "availability_zone_reference": {},
            "boot_device_disk_address": {},
            "boot_device_mac_address": "",
            "boot_device_order_list": [],
            "boot_type": "",
            "categories": [
              {
                "name": "AppTier",
                "value": "TH_TF_Secure_AppTier_Desktop"
              },
              {
                "name": "AppType",
                "value": "TH_TF_Secure_AppType_Desktop"
              }
            ],
            "cloud_init_cdrom_uuid": "",
            "cluster_name": "PHX-POC016",
            "cluster_uuid": "0005e645-6227-0132-0000-00000000d1ac",
            "description": "Tony Hughes Terraform Security Policy VM",
            "disk_list": [
              {
                "data_source_reference": {
                  "kind": "image",
                  "uuid": "9b19bdbe-c7f9-4b24-a562-954801890934"
                },
                "device_properties": [
                  {
                    "device_type": "DISK",
                    "disk_address": {
                      "adapter_type": "SCSI",
                      "device_index": "0"
                    }
                  }
                ],
                "disk_size_bytes": -2147483648,
                "disk_size_mib": 10240,
                "storage_config": [
                  {
                    "flash_mode": "",
                    "storage_container_reference": [
                      {
                        "kind": "storage_container",
                        "name": "SelfServiceContainer",
                        "url": "",
                        "uuid": "75630569-3c19-44e2-938c-3e801f58379a"
                      }
                    ]
                  }
                ],
                "uuid": "b98e45fc-8423-4e7d-a9e8-e1a79f1a0151",
                "volume_group_reference": {}
              }
            ],
            "enable_cpu_passthrough": false,
            "enable_script_exec": false,
            "gpu_list": [],
            "guest_customization_cloud_init_custom_key_values": {},
            "guest_customization_cloud_init_meta_data": "",
            "guest_customization_cloud_init_user_data": "",
            "guest_customization_is_overridable": false,
            "guest_customization_sysprep": {},
            "guest_customization_sysprep_custom_key_values": {},
            "guest_os_id": "",
            "hardware_clock_timezone": "UTC",
            "host_reference": {
              "kind": "host",
              "uuid": "51c2e1ba-b31c-408d-9774-8d74aeddeba9"
            },
            "hypervisor_type": null,
            "id": "829a1442-0836-41c5-813e-e8a714e4f12d",
            "is_vcpu_hard_pinned": false,
            "machine_type": "PC",
            "memory_size_mib": 4096,
            "metadata": {
              "creation_time": "2022-08-16 19:48:10 +0000 UTC",
              "last_update_time": "2022-08-16 19:48:10 +0000 UTC",
              "name": "",
              "spec_hash": "",
              "spec_version": "0",
              "uuid": "829a1442-0836-41c5-813e-e8a714e4f12d"
            },
            "name": "TH_TF_Security_Policy_vm_5",
            "ngt_credentials": {},
            "ngt_enabled_capability_list": [],
            "nic_list": [
              {
                "ip_endpoint_list": [
                  {
                    "ip": "10.42.16.67",
                    "type": "ASSIGNED"
                  }
                ],
                "is_connected": "true",
                "mac_address": "50:6b:8d:d2:c3:9e",
                "model": "",
                "network_function_chain_reference": {},
                "network_function_nic_type": "",
                "nic_type": "NORMAL_NIC",
                "num_queues": 0,
                "subnet_name": "Primary",
                "subnet_uuid": "0b4e9c1b-9441-47cf-a676-7fcee6a9bf20",
                "uuid": "96360355-4923-4bcc-877c-4663fa2e9545"
              }
            ],
            "nic_list_status": [
              {
                "floating_ip": "",
                "ip_endpoint_list": [
                  {
                    "ip": "10.42.16.67",
                    "type": "ASSIGNED"
                  }
                ],
                "is_connected": "true",
                "mac_address": "50:6b:8d:d2:c3:9e",
                "model": "",
                "network_function_chain_reference": {},
                "network_function_nic_type": "",
                "nic_type": "NORMAL_NIC",
                "num_queues": 0,
                "subnet_name": "Primary",
                "subnet_uuid": "0b4e9c1b-9441-47cf-a676-7fcee6a9bf20",
                "uuid": "96360355-4923-4bcc-877c-4663fa2e9545"
              }
            ],
            "num_sockets": 1,
            "num_vcpus_per_socket": 2,
            "num_vnuma_nodes": 0,
            "nutanix_guest_tools": {},
            "owner_reference": {
              "kind": "user",
              "name": "admin",
              "uuid": "00000000-0000-0000-0000-000000000000"
            },
            "parent_reference": {},
            "power_state": "ON",
            "power_state_mechanism": "HARD",
            "project_reference": {
              "kind": "project",
              "name": "default",
              "uuid": "77b796b7-2911-4601-b839-be87bd89d999"
            },
            "serial_port_list": [],
            "should_fail_on_script_failure": false,
            "state": "COMPLETE",
            "timeouts": null,
            "use_hot_add": true,
            "vga_console_enabled": true
          },
          "sensitive_attributes": [],
          "private": "eyJlMmJmYjczMC1lY2FhLTExZTYtOGY4OC0zNDM2M2JjN2M0YzAiOnsiY3JlYXRlIjozNjAwMDAwMDAwMDAwLCJkZWxldGUiOjM2MDAwMDAwMDAwMDAsInVwZGF0ZSI6MzYwMDAwMDAwMDAwMH0sInNjaGVtYV92ZXJzaW9uIjoiMSJ9",
          "dependencies": [
            "data.nutanix_clusters.clusters",
            "data.nutanix_subnet.Primary",
            "module.vms_in_security_policy.data.nutanix_category_key.AppTierKey",
            "module.vms_in_security_policy.data.nutanix_category_key.AppTypeKey",
            "module.vms_in_security_policy.nutanix_category_value.TH_TF_Secure_AppTier_Desktop",
            "module.vms_in_security_policy.nutanix_category_value.TH_TF_Secure_AppType_Desktop",
            "nutanix_image.TH_TF_CentOS7"
          ]
        },
        {
          "index_key": 6,
          "schema_version": 1,
          "attributes": {
            "api_version": "3.1",
            "availability_zone_reference": {},
            "boot_device_disk_address": {},
            "boot_device_mac_address": "",
            "boot_device_order_list": [],
            "boot_type": "",
            "categories": [
              {
                "name": "AppTier",
                "value": "TH_TF_Secure_AppTier_Desktop"
              },
              {
                "name": "AppType",
                "value": "TH_TF_Secure_AppType_Desktop"
              }
            ],
            "cloud_init_cdrom_uuid": "",
            "cluster_name": "PHX-POC016",
            "cluster_uuid": "0005e645-6227-0132-0000-00000000d1ac",
            "description": "Tony Hughes Terraform Security Policy VM",
            "disk_list": [
              {
                "data_source_reference": {
                  "kind": "image",
                  "uuid": "9b19bdbe-c7f9-4b24-a562-954801890934"
                },
                "device_properties": [
                  {
                    "device_type": "DISK",
                    "disk_address": {
                      "adapter_type": "SCSI",
                      "device_index": "0"
                    }
                  }
                ],
                "disk_size_bytes": -2147483648,
                "disk_size_mib": 10240,
                "storage_config": [
                  {
                    "flash_mode": "",
                    "storage_container_reference": [
                      {
                        "kind": "storage_container",
                        "name": "SelfServiceContainer",
                        "url": "",
                        "uuid": "75630569-3c19-44e2-938c-3e801f58379a"
                      }
                    ]
                  }
                ],
                "uuid": "1492ddbc-7019-4abe-8042-11d061c344fc",
                "volume_group_reference": {}
              }
            ],
            "enable_cpu_passthrough": false,
            "enable_script_exec": false,
            "gpu_list": [],
            "guest_customization_cloud_init_custom_key_values": {},
            "guest_customization_cloud_init_meta_data": "",
            "guest_customization_cloud_init_user_data": "",
            "guest_customization_is_overridable": false,
            "guest_customization_sysprep": {},
            "guest_customization_sysprep_custom_key_values": {},
            "guest_os_id": "",
            "hardware_clock_timezone": "UTC",
            "host_reference": {
              "kind": "host",
              "uuid": "b0f1eb28-5fbe-4903-b579-dbd8a79e6352"
            },
            "hypervisor_type": null,
            "id": "81f554de-ae2c-43dc-abf8-e2661182514e",
            "is_vcpu_hard_pinned": false,
            "machine_type": "PC",
            "memory_size_mib": 4096,
            "metadata": {
              "creation_time": "2022-08-16 19:48:10 +0000 UTC",
              "last_update_time": "2022-08-16 19:48:10 +0000 UTC",
              "name": "",
              "spec_hash": "",
              "spec_version": "0",
              "uuid": "81f554de-ae2c-43dc-abf8-e2661182514e"
            },
            "name": "TH_TF_Security_Policy_vm_6",
            "ngt_credentials": {},
            "ngt_enabled_capability_list": [],
            "nic_list": [
              {
                "ip_endpoint_list": [
                  {
                    "ip": "10.42.16.51",
                    "type": "ASSIGNED"
                  }
                ],
                "is_connected": "true",
                "mac_address": "50:6b:8d:95:4a:a7",
                "model": "",
                "network_function_chain_reference": {},
                "network_function_nic_type": "",
                "nic_type": "NORMAL_NIC",
                "num_queues": 0,
                "subnet_name": "Primary",
                "subnet_uuid": "0b4e9c1b-9441-47cf-a676-7fcee6a9bf20",
                "uuid": "aecb2fd9-8fc0-46c2-85e9-e84f8572aff0"
              }
            ],
            "nic_list_status": [
              {
                "floating_ip": "",
                "ip_endpoint_list": [
                  {
                    "ip": "10.42.16.51",
                    "type": "ASSIGNED"
                  }
                ],
                "is_connected": "true",
                "mac_address": "50:6b:8d:95:4a:a7",
                "model": "",
                "network_function_chain_reference": {},
                "network_function_nic_type": "",
                "nic_type": "NORMAL_NIC",
                "num_queues": 0,
                "subnet_name": "Primary",
                "subnet_uuid": "0b4e9c1b-9441-47cf-a676-7fcee6a9bf20",
                "uuid": "aecb2fd9-8fc0-46c2-85e9-e84f8572aff0"
              }
            ],
            "num_sockets": 1,
            "num_vcpus_per_socket": 2,
            "num_vnuma_nodes": 0,
            "nutanix_guest_tools": {},
            "owner_reference": {
              "kind": "user",
              "name": "admin",
              "uuid": "00000000-0000-0000-0000-000000000000"
            },
            "parent_reference": {},
            "power_state": "ON",
            "power_state_mechanism": "HARD",
            "project_reference": {
              "kind": "project",
              "name": "default",
              "uuid": "77b796b7-2911-4601-b839-be87bd89d999"
            },
            "serial_port_list": [],
            "should_fail_on_script_failure": false,
            "state": "COMPLETE",
            "timeouts": null,
            "use_hot_add": true,
            "vga_console_enabled": true
          },
          "sensitive_attributes": [],
          "private": "eyJlMmJmYjczMC1lY2FhLTExZTYtOGY4OC0zNDM2M2JjN2M0YzAiOnsiY3JlYXRlIjozNjAwMDAwMDAwMDAwLCJkZWxldGUiOjM2MDAwMDAwMDAwMDAsInVwZGF0ZSI6MzYwMDAwMDAwMDAwMH0sInNjaGVtYV92ZXJzaW9uIjoiMSJ9",
          "dependencies": [
            "data.nutanix_clusters.clusters",
            "data.nutanix_subnet.Primary",
            "module.vms_in_security_policy.data.nutanix_category_key.AppTierKey",
            "module.vms_in_security_policy.data.nutanix_category_key.AppTypeKey",
            "module.vms_in_security_policy.nutanix_category_value.TH_TF_Secure_AppTier_Desktop",
            "module.vms_in_security_policy.nutanix_category_value.TH_TF_Secure_AppType_Desktop",
            "nutanix_image.TH_TF_CentOS7"
          ]
        },
        {
          "index_key": 7,
          "schema_version": 1,
          "attributes": {
            "api_version": "3.1",
            "availability_zone_reference": {},
            "boot_device_disk_address": {},
            "boot_device_mac_address": "",
            "boot_device_order_list": [],
            "boot_type": "",
            "categories": [
              {
                "name": "AppTier",
                "value": "TH_TF_Secure_AppTier_Desktop"
              },
              {
                "name": "AppType",
                "value": "TH_TF_Secure_AppType_Desktop"
              }
            ],
            "cloud_init_cdrom_uuid": "",
            "cluster_name": "PHX-POC016",
            "cluster_uuid": "0005e645-6227-0132-0000-00000000d1ac",
            "description": "Tony Hughes Terraform Security Policy VM",
            "disk_list": [
              {
                "data_source_reference": {
                  "kind": "image",
                  "uuid": "9b19bdbe-c7f9-4b24-a562-954801890934"
                },
                "device_properties": [
                  {
                    "device_type": "DISK",
                    "disk_address": {
                      "adapter_type": "SCSI",
                      "device_index": "0"
                    }
                  }
                ],
                "disk_size_bytes": -2147483648,
                "disk_size_mib": 10240,
                "storage_config": [
                  {
                    "flash_mode": "",
                    "storage_container_reference": [
                      {
                        "kind": "storage_container",
                        "name": "SelfServiceContainer",
                        "url": "",
                        "uuid": "75630569-3c19-44e2-938c-3e801f58379a"
                      }
                    ]
                  }
                ],
                "uuid": "222d15fb-13ed-4c3a-99b4-4b339bc2d01e",
                "volume_group_reference": {}
              }
            ],
            "enable_cpu_passthrough": false,
            "enable_script_exec": false,
            "gpu_list": [],
            "guest_customization_cloud_init_custom_key_values": {},
            "guest_customization_cloud_init_meta_data": "",
            "guest_customization_cloud_init_user_data": "",
            "guest_customization_is_overridable": false,
            "guest_customization_sysprep": {},
            "guest_customization_sysprep_custom_key_values": {},
            "guest_os_id": "",
            "hardware_clock_timezone": "UTC",
            "host_reference": {
              "kind": "host",
              "uuid": "74e399f2-5e6b-4e3d-a27c-ee293550148c"
            },
            "hypervisor_type": null,
            "id": "d7fc6975-88a6-4c3b-bc21-e82a3d6701e7",
            "is_vcpu_hard_pinned": false,
            "machine_type": "PC",
            "memory_size_mib": 4096,
            "metadata": {
              "creation_time": "2022-08-16 19:48:10 +0000 UTC",
              "last_update_time": "2022-08-16 19:48:10 +0000 UTC",
              "name": "",
              "spec_hash": "",
              "spec_version": "0",
              "uuid": "d7fc6975-88a6-4c3b-bc21-e82a3d6701e7"
            },
            "name": "TH_TF_Security_Policy_vm_7",
            "ngt_credentials": {},
            "ngt_enabled_capability_list": [],
            "nic_list": [
              {
                "ip_endpoint_list": [
                  {
                    "ip": "10.42.16.79",
                    "type": "ASSIGNED"
                  }
                ],
                "is_connected": "true",
                "mac_address": "50:6b:8d:9e:94:02",
                "model": "",
                "network_function_chain_reference": {},
                "network_function_nic_type": "",
                "nic_type": "NORMAL_NIC",
                "num_queues": 0,
                "subnet_name": "Primary",
                "subnet_uuid": "0b4e9c1b-9441-47cf-a676-7fcee6a9bf20",
                "uuid": "18d4b137-33ae-4285-8b9a-faf4ac847c72"
              }
            ],
            "nic_list_status": [
              {
                "floating_ip": "",
                "ip_endpoint_list": [
                  {
                    "ip": "10.42.16.79",
                    "type": "ASSIGNED"
                  }
                ],
                "is_connected": "true",
                "mac_address": "50:6b:8d:9e:94:02",
                "model": "",
                "network_function_chain_reference": {},
                "network_function_nic_type": "",
                "nic_type": "NORMAL_NIC",
                "num_queues": 0,
                "subnet_name": "Primary",
                "subnet_uuid": "0b4e9c1b-9441-47cf-a676-7fcee6a9bf20",
                "uuid": "18d4b137-33ae-4285-8b9a-faf4ac847c72"
              }
            ],
            "num_sockets": 1,
            "num_vcpus_per_socket": 2,
            "num_vnuma_nodes": 0,
            "nutanix_guest_tools": {},
            "owner_reference": {
              "kind": "user",
              "name": "admin",
              "uuid": "00000000-0000-0000-0000-000000000000"
            },
            "parent_reference": {},
            "power_state": "ON",
            "power_state_mechanism": "HARD",
            "project_reference": {
              "kind": "project",
              "name": "default",
              "uuid": "77b796b7-2911-4601-b839-be87bd89d999"
            },
            "serial_port_list": [],
            "should_fail_on_script_failure": false,
            "state": "COMPLETE",
            "timeouts": null,
            "use_hot_add": true,
            "vga_console_enabled": true
          },
          "sensitive_attributes": [],
          "private": "eyJlMmJmYjczMC1lY2FhLTExZTYtOGY4OC0zNDM2M2JjN2M0YzAiOnsiY3JlYXRlIjozNjAwMDAwMDAwMDAwLCJkZWxldGUiOjM2MDAwMDAwMDAwMDAsInVwZGF0ZSI6MzYwMDAwMDAwMDAwMH0sInNjaGVtYV92ZXJzaW9uIjoiMSJ9",
          "dependencies": [
            "data.nutanix_clusters.clusters",
            "data.nutanix_subnet.Primary",
            "module.vms_in_security_policy.data.nutanix_category_key.AppTierKey",
            "module.vms_in_security_policy.data.nutanix_category_key.AppTypeKey",
            "module.vms_in_security_policy.nutanix_category_value.TH_TF_Secure_AppTier_Desktop",
            "module.vms_in_security_policy.nutanix_category_value.TH_TF_Secure_AppType_Desktop",
            "nutanix_image.TH_TF_CentOS7"
          ]
        },
        {
          "index_key": 8,
          "schema_version": 1,
          "attributes": {
            "api_version": "3.1",
            "availability_zone_reference": {},
            "boot_device_disk_address": {},
            "boot_device_mac_address": "",
            "boot_device_order_list": [],
            "boot_type": "",
            "categories": [
              {
                "name": "AppTier",
                "value": "TH_TF_Secure_AppTier_Desktop"
              },
              {
                "name": "AppType",
                "value": "TH_TF_Secure_AppType_Desktop"
              }
            ],
            "cloud_init_cdrom_uuid": "",
            "cluster_name": "PHX-POC016",
            "cluster_uuid": "0005e645-6227-0132-0000-00000000d1ac",
            "description": "Tony Hughes Terraform Security Policy VM",
            "disk_list": [
              {
                "data_source_reference": {
                  "kind": "image",
                  "uuid": "9b19bdbe-c7f9-4b24-a562-954801890934"
                },
                "device_properties": [
                  {
                    "device_type": "DISK",
                    "disk_address": {
                      "adapter_type": "SCSI",
                      "device_index": "0"
                    }
                  }
                ],
                "disk_size_bytes": -2147483648,
                "disk_size_mib": 10240,
                "storage_config": [
                  {
                    "flash_mode": "",
                    "storage_container_reference": [
                      {
                        "kind": "storage_container",
                        "name": "SelfServiceContainer",
                        "url": "",
                        "uuid": "75630569-3c19-44e2-938c-3e801f58379a"
                      }
                    ]
                  }
                ],
                "uuid": "83f1e0f2-e9d2-40b4-84d1-29fc873300bc",
                "volume_group_reference": {}
              }
            ],
            "enable_cpu_passthrough": false,
            "enable_script_exec": false,
            "gpu_list": [],
            "guest_customization_cloud_init_custom_key_values": {},
            "guest_customization_cloud_init_meta_data": "",
            "guest_customization_cloud_init_user_data": "",
            "guest_customization_is_overridable": false,
            "guest_customization_sysprep": {},
            "guest_customization_sysprep_custom_key_values": {},
            "guest_os_id": "",
            "hardware_clock_timezone": "UTC",
            "host_reference": {
              "kind": "host",
              "uuid": "74e399f2-5e6b-4e3d-a27c-ee293550148c"
            },
            "hypervisor_type": null,
            "id": "9f4c3a06-b611-45b1-aa67-c9c24799c1af",
            "is_vcpu_hard_pinned": false,
            "machine_type": "PC",
            "memory_size_mib": 4096,
            "metadata": {
              "creation_time": "2022-08-16 19:48:09 +0000 UTC",
              "last_update_time": "2022-08-16 19:48:09 +0000 UTC",
              "name": "",
              "spec_hash": "",
              "spec_version": "0",
              "uuid": "9f4c3a06-b611-45b1-aa67-c9c24799c1af"
            },
            "name": "TH_TF_Security_Policy_vm_8",
            "ngt_credentials": {},
            "ngt_enabled_capability_list": [],
            "nic_list": [
              {
                "ip_endpoint_list": [
                  {
                    "ip": "10.42.16.100",
                    "type": "ASSIGNED"
                  }
                ],
                "is_connected": "true",
                "mac_address": "50:6b:8d:c3:f8:43",
                "model": "",
                "network_function_chain_reference": {},
                "network_function_nic_type": "",
                "nic_type": "NORMAL_NIC",
                "num_queues": 0,
                "subnet_name": "Primary",
                "subnet_uuid": "0b4e9c1b-9441-47cf-a676-7fcee6a9bf20",
                "uuid": "3ddb4683-8e3c-455b-b47a-50008f3f1fd6"
              }
            ],
            "nic_list_status": [
              {
                "floating_ip": "",
                "ip_endpoint_list": [
                  {
                    "ip": "10.42.16.100",
                    "type": "ASSIGNED"
                  }
                ],
                "is_connected": "true",
                "mac_address": "50:6b:8d:c3:f8:43",
                "model": "",
                "network_function_chain_reference": {},
                "network_function_nic_type": "",
                "nic_type": "NORMAL_NIC",
                "num_queues": 0,
                "subnet_name": "Primary",
                "subnet_uuid": "0b4e9c1b-9441-47cf-a676-7fcee6a9bf20",
                "uuid": "3ddb4683-8e3c-455b-b47a-50008f3f1fd6"
              }
            ],
            "num_sockets": 1,
            "num_vcpus_per_socket": 2,
            "num_vnuma_nodes": 0,
            "nutanix_guest_tools": {},
            "owner_reference": {
              "kind": "user",
              "name": "admin",
              "uuid": "00000000-0000-0000-0000-000000000000"
            },
            "parent_reference": {},
            "power_state": "ON",
            "power_state_mechanism": "HARD",
            "project_reference": {
              "kind": "project",
              "name": "default",
              "uuid": "77b796b7-2911-4601-b839-be87bd89d999"
            },
            "serial_port_list": [],
            "should_fail_on_script_failure": false,
            "state": "COMPLETE",
            "timeouts": null,
            "use_hot_add": true,
            "vga_console_enabled": true
          },
          "sensitive_attributes": [],
          "private": "eyJlMmJmYjczMC1lY2FhLTExZTYtOGY4OC0zNDM2M2JjN2M0YzAiOnsiY3JlYXRlIjozNjAwMDAwMDAwMDAwLCJkZWxldGUiOjM2MDAwMDAwMDAwMDAsInVwZGF0ZSI6MzYwMDAwMDAwMDAwMH0sInNjaGVtYV92ZXJzaW9uIjoiMSJ9",
          "dependencies": [
            "data.nutanix_clusters.clusters",
            "data.nutanix_subnet.Primary",
            "module.vms_in_security_policy.data.nutanix_category_key.AppTierKey",
            "module.vms_in_security_policy.data.nutanix_category_key.AppTypeKey",
            "module.vms_in_security_policy.nutanix_category_value.TH_TF_Secure_AppTier_Desktop",
            "module.vms_in_security_policy.nutanix_category_value.TH_TF_Secure_AppType_Desktop",
            "nutanix_image.TH_TF_CentOS7"
          ]
        },
        {
          "index_key": 9,
          "schema_version": 1,
          "attributes": {
            "api_version": "3.1",
            "availability_zone_reference": {},
            "boot_device_disk_address": {},
            "boot_device_mac_address": "",
            "boot_device_order_list": [],
            "boot_type": "",
            "categories": [
              {
                "name": "AppTier",
                "value": "TH_TF_Secure_AppTier_Desktop"
              },
              {
                "name": "AppType",
                "value": "TH_TF_Secure_AppType_Desktop"
              }
            ],
            "cloud_init_cdrom_uuid": "",
            "cluster_name": "PHX-POC016",
            "cluster_uuid": "0005e645-6227-0132-0000-00000000d1ac",
            "description": "Tony Hughes Terraform Security Policy VM",
            "disk_list": [
              {
                "data_source_reference": {
                  "kind": "image",
                  "uuid": "9b19bdbe-c7f9-4b24-a562-954801890934"
                },
                "device_properties": [
                  {
                    "device_type": "DISK",
                    "disk_address": {
                      "adapter_type": "SCSI",
                      "device_index": "0"
                    }
                  }
                ],
                "disk_size_bytes": -2147483648,
                "disk_size_mib": 10240,
                "storage_config": [
                  {
                    "flash_mode": "",
                    "storage_container_reference": [
                      {
                        "kind": "storage_container",
                        "name": "SelfServiceContainer",
                        "url": "",
                        "uuid": "75630569-3c19-44e2-938c-3e801f58379a"
                      }
                    ]
                  }
                ],
                "uuid": "e3252b03-7827-4d8a-92ff-48860ecad86f",
                "volume_group_reference": {}
              }
            ],
            "enable_cpu_passthrough": false,
            "enable_script_exec": false,
            "gpu_list": [],
            "guest_customization_cloud_init_custom_key_values": {},
            "guest_customization_cloud_init_meta_data": "",
            "guest_customization_cloud_init_user_data": "",
            "guest_customization_is_overridable": false,
            "guest_customization_sysprep": {},
            "guest_customization_sysprep_custom_key_values": {},
            "guest_os_id": "",
            "hardware_clock_timezone": "UTC",
            "host_reference": {
              "kind": "host",
              "uuid": "74e399f2-5e6b-4e3d-a27c-ee293550148c"
            },
            "hypervisor_type": null,
            "id": "0cd6ded1-4d25-4e0a-a480-067b6912ee3f",
            "is_vcpu_hard_pinned": false,
            "machine_type": "PC",
            "memory_size_mib": 4096,
            "metadata": {
              "creation_time": "2022-08-16 19:48:09 +0000 UTC",
              "last_update_time": "2022-08-16 19:48:09 +0000 UTC",
              "name": "",
              "spec_hash": "",
              "spec_version": "0",
              "uuid": "0cd6ded1-4d25-4e0a-a480-067b6912ee3f"
            },
            "name": "TH_TF_Security_Policy_vm_9",
            "ngt_credentials": {},
            "ngt_enabled_capability_list": [],
            "nic_list": [
              {
                "ip_endpoint_list": [
                  {
                    "ip": "10.42.16.105",
                    "type": "ASSIGNED"
                  }
                ],
                "is_connected": "true",
                "mac_address": "50:6b:8d:ec:19:e6",
                "model": "",
                "network_function_chain_reference": {},
                "network_function_nic_type": "",
                "nic_type": "NORMAL_NIC",
                "num_queues": 0,
                "subnet_name": "Primary",
                "subnet_uuid": "0b4e9c1b-9441-47cf-a676-7fcee6a9bf20",
                "uuid": "2cea3994-45a2-4265-9afe-c4aa26ca03d5"
              }
            ],
            "nic_list_status": [
              {
                "floating_ip": "",
                "ip_endpoint_list": [
                  {
                    "ip": "10.42.16.105",
                    "type": "ASSIGNED"
                  }
                ],
                "is_connected": "true",
                "mac_address": "50:6b:8d:ec:19:e6",
                "model": "",
                "network_function_chain_reference": {},
                "network_function_nic_type": "",
                "nic_type": "NORMAL_NIC",
                "num_queues": 0,
                "subnet_name": "Primary",
                "subnet_uuid": "0b4e9c1b-9441-47cf-a676-7fcee6a9bf20",
                "uuid": "2cea3994-45a2-4265-9afe-c4aa26ca03d5"
              }
            ],
            "num_sockets": 1,
            "num_vcpus_per_socket": 2,
            "num_vnuma_nodes": 0,
            "nutanix_guest_tools": {},
            "owner_reference": {
              "kind": "user",
              "name": "admin",
              "uuid": "00000000-0000-0000-0000-000000000000"
            },
            "parent_reference": {},
            "power_state": "ON",
            "power_state_mechanism": "HARD",
            "project_reference": {
              "kind": "project",
              "name": "default",
              "uuid": "77b796b7-2911-4601-b839-be87bd89d999"
            },
            "serial_port_list": [],
            "should_fail_on_script_failure": false,
            "state": "COMPLETE",
            "timeouts": null,
            "use_hot_add": true,
            "vga_console_enabled": true
          },
          "sensitive_attributes": [],
          "private": "eyJlMmJmYjczMC1lY2FhLTExZTYtOGY4OC0zNDM2M2JjN2M0YzAiOnsiY3JlYXRlIjozNjAwMDAwMDAwMDAwLCJkZWxldGUiOjM2MDAwMDAwMDAwMDAsInVwZGF0ZSI6MzYwMDAwMDAwMDAwMH0sInNjaGVtYV92ZXJzaW9uIjoiMSJ9",
          "dependencies": [
            "data.nutanix_clusters.clusters",
            "data.nutanix_subnet.Primary",
            "module.vms_in_security_policy.data.nutanix_category_key.AppTierKey",
            "module.vms_in_security_policy.data.nutanix_category_key.AppTypeKey",
            "module.vms_in_security_policy.nutanix_category_value.TH_TF_Secure_AppTier_Desktop",
            "module.vms_in_security_policy.nutanix_category_value.TH_TF_Secure_AppType_Desktop",
            "nutanix_image.TH_TF_CentOS7"
          ]
        }
      ]
    }
  ]
}
